// !$*UTF8*$!
{
	archiveVersion = 1;
	classes = {
	};
	objectVersion = 50;
	objects = {

/* Begin PBXBuildFile section */
		11B35009C92E53C838938CF9 /* DifficultyCalculator.swift in Sources */ = {isa = PBXBuildFile; fileRef = 11B356093307CEB26201988D /* DifficultyCalculator.swift */; };
		11B35037E0E47C5D6575A0E0 /* SyncManager.swift in Sources */ = {isa = PBXBuildFile; fileRef = 11B357DA74E95D8479860855 /* SyncManager.swift */; };
		11B350E0BC835C79DEDFF2C7 /* TestNet.swift in Sources */ = {isa = PBXBuildFile; fileRef = 11B35E92D4F8CF1524F98F7A /* TestNet.swift */; };
		11B350F90299CD198569645E /* MerkleBlockValidator.swift in Sources */ = {isa = PBXBuildFile; fileRef = 11B358CC64C9E70F44570325 /* MerkleBlockValidator.swift */; };
		11B350F9690143187D6D438B /* BlockSaverTests.swift in Sources */ = {isa = PBXBuildFile; fileRef = 11B351B12C441F6AFA1D550D /* BlockSaverTests.swift */; };
		11B3511B6F41679F062F356C /* Crypto.swift in Sources */ = {isa = PBXBuildFile; fileRef = 11B35EBE4F0C6D40981BF52B /* Crypto.swift */; };
		11B35178BC28AE1B995DE8E3 /* VarInt.swift in Sources */ = {isa = PBXBuildFile; fileRef = 11B355C0072CA13ADBAC1351 /* VarInt.swift */; };
		11B351B9459725FD481444A5 /* TestNetBlockValidator.swift in Sources */ = {isa = PBXBuildFile; fileRef = 11B35677D69EC754EC7C82DF /* TestNetBlockValidator.swift */; };
		11B351BDAF0174ADDE4F4E1F /* BlockFactory.swift in Sources */ = {isa = PBXBuildFile; fileRef = 11B354D4C85120E13987D845 /* BlockFactory.swift */; };
		11B351DE5E5B0A9AA3D1B063 /* BlockSaver.swift in Sources */ = {isa = PBXBuildFile; fileRef = 11B3554FBB1C030DF70F35B8 /* BlockSaver.swift */; };
		11B352951D5B8B5EF40C31BD /* P2PKExtractor.swift in Sources */ = {isa = PBXBuildFile; fileRef = 11B35102A1246D20E8354340 /* P2PKExtractor.swift */; };
		11B352D3CFB8A10D6640E93D /* BlockValidator.swift in Sources */ = {isa = PBXBuildFile; fileRef = 11B359EA1AA39E70C270812B /* BlockValidator.swift */; };
		11B352D61054A1CD7AD03A43 /* P2SHExtractorTests.swift in Sources */ = {isa = PBXBuildFile; fileRef = 11B3569A9FFF012BEE407446 /* P2SHExtractorTests.swift */; };
		11B3530A091F134194187BFD /* BlockFactoryTests.swift in Sources */ = {isa = PBXBuildFile; fileRef = 11B352E55922839F93D5455D /* BlockFactoryTests.swift */; };
		11B35323910ECEA616F6432F /* TransactionOutputFactory.swift in Sources */ = {isa = PBXBuildFile; fileRef = 11B354A493E8B8396D37013D /* TransactionOutputFactory.swift */; };
		11B353B925855EC82CE0CFF1 /* ConfigurationManager.swift in Sources */ = {isa = PBXBuildFile; fileRef = 11B35B1F6106D91EEFEF62DC /* ConfigurationManager.swift */; };
		11B3543B9CDA61125C2B7D78 /* ApiManager.swift in Sources */ = {isa = PBXBuildFile; fileRef = 11B3597DE3169FD250A982D5 /* ApiManager.swift */; };
		11B35464997EBBD3B20BDEBB /* TransactionInput.swift in Sources */ = {isa = PBXBuildFile; fileRef = 11B35352F3DA4C26A552C62B /* TransactionInput.swift */; };
		11B35471C1382D665EBC9B77 /* PFromSHExtractorTests.swift in Sources */ = {isa = PBXBuildFile; fileRef = 11B35C4D04E14399067D5E8C /* PFromSHExtractorTests.swift */; };
		11B354C7D3039D767739BCB2 /* DifficultyEncoder.swift in Sources */ = {isa = PBXBuildFile; fileRef = 11B354EF0F404DF96E765CA1 /* DifficultyEncoder.swift */; };
		11B354CD41E2CC368BC05CDB /* VarString.swift in Sources */ = {isa = PBXBuildFile; fileRef = 11B35C47D552B7AC5EA8C463 /* VarString.swift */; };
		11B3551EA82115C81077080C /* P2PKExtractorTests.swift in Sources */ = {isa = PBXBuildFile; fileRef = 11B35996E6FEE15BB533D965 /* P2PKExtractorTests.swift */; };
		11B3554339A5E16A9CE950E7 /* TransactionHandler.swift in Sources */ = {isa = PBXBuildFile; fileRef = 11B356EF3A4749163293CCA3 /* TransactionHandler.swift */; };
		11B3556FE407F45944A769A2 /* DifficultyCalculatorTests.swift in Sources */ = {isa = PBXBuildFile; fileRef = 11B35053479E4B3B3C2B2031 /* DifficultyCalculatorTests.swift */; };
		11B355C5EB65D21F38D2CFCB /* HeaderHandler.swift in Sources */ = {isa = PBXBuildFile; fileRef = 11B350F2CF9C3EBC2F72CAEF /* HeaderHandler.swift */; };
		11B355D39CB0D30F69C89F8B /* BlockHeader.swift in Sources */ = {isa = PBXBuildFile; fileRef = 11B359BE3932E0E1F2AA9E76 /* BlockHeader.swift */; };
		11B3561A75D7D7A6DE799675 /* OpCode.swift in Sources */ = {isa = PBXBuildFile; fileRef = 11B354DDB46C9DE37375424D /* OpCode.swift */; };
		11B356509EA05BCD114603E0 /* Block.swift in Sources */ = {isa = PBXBuildFile; fileRef = 11B350357DF0C843FDC0C2DE /* Block.swift */; };
		11B3566B98586B6548A0E0DB /* TestNetBlockValidatorTests.swift in Sources */ = {isa = PBXBuildFile; fileRef = 11B35D36A82748DB1C7C7191 /* TestNetBlockValidatorTests.swift */; };
		11B3567D267718668A0FF9A7 /* ServiceFlags.swift in Sources */ = {isa = PBXBuildFile; fileRef = 11B356D308DCF4BB33D9F488 /* ServiceFlags.swift */; };
		11B3569B6059A0F31D7C4866 /* Address.swift in Sources */ = {isa = PBXBuildFile; fileRef = 11B35E7E6BB3227429A41B13 /* Address.swift */; };
		11B356AD3CF7152F828201B9 /* HeaderSyncer.swift in Sources */ = {isa = PBXBuildFile; fileRef = 11B35CBB5B17DD80FD6A0661 /* HeaderSyncer.swift */; };
		11B356B9BCF2C8253C871F44 /* TransactionHandlerTests.swift in Sources */ = {isa = PBXBuildFile; fileRef = 11B35F6DD74F45320C5521FC /* TransactionHandlerTests.swift */; };
		11B3575E152A018865047D4D /* HeadersMessage.swift in Sources */ = {isa = PBXBuildFile; fileRef = 11B353B145524AAE2A1B76A6 /* HeadersMessage.swift */; };
		11B3577DC09E75C39C5F7D2A /* String.swift in Sources */ = {isa = PBXBuildFile; fileRef = 11B3510658CE89D9DB6772E5 /* String.swift */; };
		11B35785C5E654AB52A81E8A /* BloomFilter.swift in Sources */ = {isa = PBXBuildFile; fileRef = 11B350F93CE46013514830A3 /* BloomFilter.swift */; };
		11B357E73256EFE543201474 /* TransactionSaverTests.swift in Sources */ = {isa = PBXBuildFile; fileRef = 11B35C3F194E79CE12B94EAE /* TransactionSaverTests.swift */; };
		11B357EE50A55009995DD664 /* WalletKitManager.swift in Sources */ = {isa = PBXBuildFile; fileRef = 11B356D42A43C012DF8EC186 /* WalletKitManager.swift */; };
		11B358014EADE399017A1ED3 /* BlockValidatorTests.swift in Sources */ = {isa = PBXBuildFile; fileRef = 11B35F9042249BFFC7A751AA /* BlockValidatorTests.swift */; };
		11B3584D53DC8BABAF4858C4 /* MerkleBlockHandlerTests.swift in Sources */ = {isa = PBXBuildFile; fileRef = 11B35AD5583FA34AE5BA27FF /* MerkleBlockHandlerTests.swift */; };
		11B358A4D0D687298E84A6C8 /* RealmFactory.swift in Sources */ = {isa = PBXBuildFile; fileRef = 11B35DE14DB8DA22E71A1E35 /* RealmFactory.swift */; };
		11B358B90F025DAA99D015CC /* P2PKHExtractor.swift in Sources */ = {isa = PBXBuildFile; fileRef = 11B350E70F0721BE279DC91A /* P2PKHExtractor.swift */; };
		11B358D67E8A468F10CC4493 /* TransactionSaver.swift in Sources */ = {isa = PBXBuildFile; fileRef = 11B35D3F4B1A3B73B5CD004A /* TransactionSaver.swift */; };
		11B3590D672828B1B40434EC /* TransactionFactory.swift in Sources */ = {isa = PBXBuildFile; fileRef = 11B35B10B1D5D1B7C72686A1 /* TransactionFactory.swift */; };
		11B359142169EC6D44E21F59 /* ByteStream.swift in Sources */ = {isa = PBXBuildFile; fileRef = 11B35AEA9C74CB8AFFFE9D8E /* ByteStream.swift */; };
		11B35935E1D1B614A254BFD5 /* PFromSHExtractor.swift in Sources */ = {isa = PBXBuildFile; fileRef = 11B35668E26F88DC1FFAE6F1 /* PFromSHExtractor.swift */; };
		11B3598874F8268BE87173B3 /* TransactionOutput.swift in Sources */ = {isa = PBXBuildFile; fileRef = 11B3559B75AD75C20287ECC7 /* TransactionOutput.swift */; };
		11B359DB9F6FFA8EE7C8EA6E /* P2PKHExtractorTests.swift in Sources */ = {isa = PBXBuildFile; fileRef = 11B35B089F5CA8D468EDA813 /* P2PKHExtractorTests.swift */; };
		11B35A0F40D42FCAA4633D8A /* DifficultyEncoderTests.swift in Sources */ = {isa = PBXBuildFile; fileRef = 11B35D0FBCC5A6A00640AA4E /* DifficultyEncoderTests.swift */; };
		11B35A8D13837B97E97B23FF /* TransactionLinker.swift in Sources */ = {isa = PBXBuildFile; fileRef = 11B3526235310556644773A2 /* TransactionLinker.swift */; };
		11B35AAF835FCBAA1EE44128 /* BlockSyncer.swift in Sources */ = {isa = PBXBuildFile; fileRef = 11B35C42651693CE86B75FE2 /* BlockSyncer.swift */; };
		11B35ACFFB6D4F9EA1E7CDE7 /* TransactionExtractor.swift in Sources */ = {isa = PBXBuildFile; fileRef = 11B3556BD9C3E52C992D1E92 /* TransactionExtractor.swift */; };
		11B35AF8400A6622AED5BFAF /* MerkleBlockHandler.swift in Sources */ = {isa = PBXBuildFile; fileRef = 11B35421A3D3ECB76C71619D /* MerkleBlockHandler.swift */; };
		11B35AFB6F7733F41FE3EA49 /* GetHeadersMessage.swift in Sources */ = {isa = PBXBuildFile; fileRef = 11B35FF2F94006C73B7773BC /* GetHeadersMessage.swift */; };
		11B35B0318E92B0DCF798431 /* P2SHExtractor.swift in Sources */ = {isa = PBXBuildFile; fileRef = 11B359294D97AEDB1835AB4C /* P2SHExtractor.swift */; };
		11B35C8F2A29CA171165BF7A /* Observable.swift in Sources */ = {isa = PBXBuildFile; fileRef = 11B35F3FD9CCB938B62D07EA /* Observable.swift */; };
		11B35CDFF90E2447AB536BDB /* MerkleBlockValidatorTests.swift in Sources */ = {isa = PBXBuildFile; fileRef = 11B3549DFD32AC3E74C3AE66 /* MerkleBlockValidatorTests.swift */; };
		11B35CEAD9ADE1922CD7912A /* TransactionLinkerTests.swift in Sources */ = {isa = PBXBuildFile; fileRef = 11B35DB7140D86176157F8CA /* TransactionLinkerTests.swift */; };
		11B35D0A90AD484F62B69A1B /* WalletKitPrivate.m in Sources */ = {isa = PBXBuildFile; fileRef = 11B35C3A9EC92678307977F7 /* WalletKitPrivate.m */; };
		11B35D21CC4F7BE641851E83 /* TransactionExtractorTests.swift in Sources */ = {isa = PBXBuildFile; fileRef = 11B357AFD2F27913B7451ACA /* TransactionExtractorTests.swift */; };
		11B35D23B451CFB803F69CA0 /* TestData.swift in Sources */ = {isa = PBXBuildFile; fileRef = 11B358F56F6298016B1A8AFD /* TestData.swift */; };
		11B35D3891BAB7EF67AC3B7E /* WalletKitProvider.swift in Sources */ = {isa = PBXBuildFile; fileRef = 11B3581276269B77C8E9173D /* WalletKitProvider.swift */; };
		11B35DD55E37F22AE1797501 /* Transaction.swift in Sources */ = {isa = PBXBuildFile; fileRef = 11B35C67DB63EF992C380513 /* Transaction.swift */; };
		11B35ED7B20674AFE2497FCD /* TransactionInputFactory.swift in Sources */ = {isa = PBXBuildFile; fileRef = 11B3551D6204D0CD66D4F4D3 /* TransactionInputFactory.swift */; };
		11B35EE64EEEE37EB90C5D14 /* PeerGroup.swift in Sources */ = {isa = PBXBuildFile; fileRef = 11B359E44D75610DF2841327 /* PeerGroup.swift */; };
		11B35F8A1F85697DC88C7777 /* WalletKitPrivate.h in Headers */ = {isa = PBXBuildFile; fileRef = 11B35EDCF37AAE69A74FB0F5 /* WalletKitPrivate.h */; settings = {ATTRIBUTES = (Private, ); }; };
		11B35F93D7F1778A0A0BDC81 /* HeaderSyncerTests.swift in Sources */ = {isa = PBXBuildFile; fileRef = 11B35D5481EB03B08C1E8C30 /* HeaderSyncerTests.swift */; };
		11B35F982C45FEE664160AD4 /* HeaderHandlerTests.swift in Sources */ = {isa = PBXBuildFile; fileRef = 11B355ED5A1298D065D6A633 /* HeaderHandlerTests.swift */; };
		11B35FC6819CD5A9B94A85BF /* MainNet.swift in Sources */ = {isa = PBXBuildFile; fileRef = 11B35D44C0F5847D5B6EDEBC /* MainNet.swift */; };
		11B35FF6B8D6417447158826 /* BlockSyncerTests.swift in Sources */ = {isa = PBXBuildFile; fileRef = 11B352782DC699D1FAAD6168 /* BlockSyncerTests.swift */; };
		2FA5D39FBC802B5EF03AD53A /* TransactionBuilder.swift in Sources */ = {isa = PBXBuildFile; fileRef = 2FA5D11405173CD80A6B9904 /* TransactionBuilder.swift */; };
		2FA5D67384D58067F71CD6B2 /* InputSigner.swift in Sources */ = {isa = PBXBuildFile; fileRef = 2FA5DF9995FA7DD7556893F7 /* InputSigner.swift */; };
		2FA5DC1C403D74796F4131EC /* InputSignerTests.swift in Sources */ = {isa = PBXBuildFile; fileRef = 2FA5DA9D7F78A26107F7209C /* InputSignerTests.swift */; };
		2FA5DCA14A91CAB48F61F2A0 /* TransactionBuilderTests.swift in Sources */ = {isa = PBXBuildFile; fileRef = 2FA5DDAE64200E386070668C /* TransactionBuilderTests.swift */; };
		58AAA1702C9422A8EBA464D7 /* UnspentOutputsManager.swift in Sources */ = {isa = PBXBuildFile; fileRef = 58AAA983B426801C46003567 /* UnspentOutputsManager.swift */; };
		58AAA22DB30DB6FF8373C6D6 /* UnspentOutputsManagerTests.swift in Sources */ = {isa = PBXBuildFile; fileRef = 58AAA33E4E02571B077022F7 /* UnspentOutputsManagerTests.swift */; };
		58AAA3492A592C937473454F /* ScriptBuilder.swift in Sources */ = {isa = PBXBuildFile; fileRef = 58AAAF2482982ED7215EEBF9 /* ScriptBuilder.swift */; };
		58AAA649DF284C668B495AB2 /* ScriptBuilderTests.swift in Sources */ = {isa = PBXBuildFile; fileRef = 58AAA422686CE355CACA11DF /* ScriptBuilderTests.swift */; };
		6480F0E2B4AA1D481624F935 /* Pods_WalletKitTests.framework in Frameworks */ = {isa = PBXBuildFile; fileRef = 95D20030A63CC8101E6A72E8 /* Pods_WalletKitTests.framework */; };
		D31711EA20F7192400AEF61B /* Peer.swift in Sources */ = {isa = PBXBuildFile; fileRef = D31711E920F7192300AEF61B /* Peer.swift */; };
		D31711FF20F7193000AEF61B /* PingMessage.swift in Sources */ = {isa = PBXBuildFile; fileRef = D31711EB20F7192F00AEF61B /* PingMessage.swift */; };
		D317120020F7193000AEF61B /* AddressMessage.swift in Sources */ = {isa = PBXBuildFile; fileRef = D31711EC20F7192F00AEF61B /* AddressMessage.swift */; };
		D317120120F7193000AEF61B /* NetworkAddress.swift in Sources */ = {isa = PBXBuildFile; fileRef = D31711ED20F7192F00AEF61B /* NetworkAddress.swift */; };
		D317120320F7193000AEF61B /* Message.swift in Sources */ = {isa = PBXBuildFile; fileRef = D31711EF20F7192F00AEF61B /* Message.swift */; };
		D317120520F7193000AEF61B /* VersionMessage.swift in Sources */ = {isa = PBXBuildFile; fileRef = D31711F120F7192F00AEF61B /* VersionMessage.swift */; };
		D317120620F7193000AEF61B /* GetBlocksMessage.swift in Sources */ = {isa = PBXBuildFile; fileRef = D31711F220F7193000AEF61B /* GetBlocksMessage.swift */; };
		D317120720F7193000AEF61B /* RejectMessage.swift in Sources */ = {isa = PBXBuildFile; fileRef = D31711F320F7193000AEF61B /* RejectMessage.swift */; };
		D317120820F7193000AEF61B /* InventoryItem.swift in Sources */ = {isa = PBXBuildFile; fileRef = D31711F420F7193000AEF61B /* InventoryItem.swift */; };
		D317120A20F7193000AEF61B /* GetDataMessage.swift in Sources */ = {isa = PBXBuildFile; fileRef = D31711F620F7193000AEF61B /* GetDataMessage.swift */; };
		D317120B20F7193000AEF61B /* InventoryMessage.swift in Sources */ = {isa = PBXBuildFile; fileRef = D31711F720F7193000AEF61B /* InventoryMessage.swift */; };
		D317120C20F7193000AEF61B /* BlockMessage.swift in Sources */ = {isa = PBXBuildFile; fileRef = D31711F820F7193000AEF61B /* BlockMessage.swift */; };
		D317120E20F7193000AEF61B /* FilterLoadMessage.swift in Sources */ = {isa = PBXBuildFile; fileRef = D31711FA20F7193000AEF61B /* FilterLoadMessage.swift */; };
		D317120F20F7193000AEF61B /* MerkleBlockMessage.swift in Sources */ = {isa = PBXBuildFile; fileRef = D31711FB20F7193000AEF61B /* MerkleBlockMessage.swift */; };
		D317121020F7193000AEF61B /* VerackMessage.swift in Sources */ = {isa = PBXBuildFile; fileRef = D31711FC20F7193000AEF61B /* VerackMessage.swift */; };
		D317121120F7193000AEF61B /* PongMessage.swift in Sources */ = {isa = PBXBuildFile; fileRef = D31711FD20F7193000AEF61B /* PongMessage.swift */; };
		D317121820F719A900AEF61B /* MurmurHash.swift in Sources */ = {isa = PBXBuildFile; fileRef = D317121720F719A900AEF61B /* MurmurHash.swift */; };
		D33FD6B520F382DC00EC10DB /* libcrypto.a in Frameworks */ = {isa = PBXBuildFile; fileRef = D33FD6B320F3782600EC10DB /* libcrypto.a */; };
		D33FD6BC20F385D700EC10DB /* HDPublicKey.swift in Sources */ = {isa = PBXBuildFile; fileRef = D33FD6B820F385D700EC10DB /* HDPublicKey.swift */; };
		D33FD6BD20F385D700EC10DB /* HDWallet.swift in Sources */ = {isa = PBXBuildFile; fileRef = D33FD6B920F385D700EC10DB /* HDWallet.swift */; };
		D33FD6BE20F385D700EC10DB /* HDPrivateKey.swift in Sources */ = {isa = PBXBuildFile; fileRef = D33FD6BA20F385D700EC10DB /* HDPrivateKey.swift */; };
		D33FD6BF20F385D700EC10DB /* HDKeychain.swift in Sources */ = {isa = PBXBuildFile; fileRef = D33FD6BB20F385D700EC10DB /* HDKeychain.swift */; };
		D33FD6C120F3863D00EC10DB /* NetworkProtocol.swift in Sources */ = {isa = PBXBuildFile; fileRef = D33FD6C020F3863D00EC10DB /* NetworkProtocol.swift */; };
		D33FD6C920F3876800EC10DB /* Serialization.swift in Sources */ = {isa = PBXBuildFile; fileRef = D33FD6C820F3876800EC10DB /* Serialization.swift */; };
		D33FD6CF20F3882900EC10DB /* Encoding.swift in Sources */ = {isa = PBXBuildFile; fileRef = D33FD6CE20F3882900EC10DB /* Encoding.swift */; };
		D33FD6D120F3885400EC10DB /* Helpers.swift in Sources */ = {isa = PBXBuildFile; fileRef = D33FD6D020F3885400EC10DB /* Helpers.swift */; };
		D33FD6D420F3890700EC10DB /* Mnemonic.swift in Sources */ = {isa = PBXBuildFile; fileRef = D33FD6D220F3890700EC10DB /* Mnemonic.swift */; };
		D33FD6D520F3890700EC10DB /* WordList.swift in Sources */ = {isa = PBXBuildFile; fileRef = D33FD6D320F3890700EC10DB /* WordList.swift */; };
		D380FD6020FCC04400276993 /* WalletKit.framework in Frameworks */ = {isa = PBXBuildFile; fileRef = D3FD450520F354EF00F472B9 /* WalletKit.framework */; };
		D380FD6820FCC22800276993 /* GeneratedMocks.swift in Sources */ = {isa = PBXBuildFile; fileRef = D380FD6720FCC22800276993 /* GeneratedMocks.swift */; };
		D3FD450A20F354EF00F472B9 /* WalletKit.h in Headers */ = {isa = PBXBuildFile; fileRef = D3FD450820F354EF00F472B9 /* WalletKit.h */; settings = {ATTRIBUTES = (Public, ); }; };
		D86C75828B655BBA47496DA8 /* Pods_WalletKit.framework in Frameworks */ = {isa = PBXBuildFile; fileRef = 62EEC3758B9F3CFB076FF881 /* Pods_WalletKit.framework */; };
/* End PBXBuildFile section */

/* Begin PBXContainerItemProxy section */
		D380FD6120FCC04400276993 /* PBXContainerItemProxy */ = {
			isa = PBXContainerItemProxy;
			containerPortal = D3FD44FC20F354EF00F472B9 /* Project object */;
			proxyType = 1;
			remoteGlobalIDString = D3FD450420F354EF00F472B9;
			remoteInfo = WalletKit;
		};
/* End PBXContainerItemProxy section */

/* Begin PBXFileReference section */
		0DCE6AF072E80FCF78CC97A3 /* Pods-WalletKit.debug.xcconfig */ = {isa = PBXFileReference; includeInIndex = 1; lastKnownFileType = text.xcconfig; name = "Pods-WalletKit.debug.xcconfig"; path = "../Pods/Target Support Files/Pods-WalletKit/Pods-WalletKit.debug.xcconfig"; sourceTree = "<group>"; };
		11B350357DF0C843FDC0C2DE /* Block.swift */ = {isa = PBXFileReference; fileEncoding = 4; lastKnownFileType = sourcecode.swift; path = Block.swift; sourceTree = "<group>"; };
		11B35053479E4B3B3C2B2031 /* DifficultyCalculatorTests.swift */ = {isa = PBXFileReference; fileEncoding = 4; lastKnownFileType = sourcecode.swift; path = DifficultyCalculatorTests.swift; sourceTree = "<group>"; };
		11B350E70F0721BE279DC91A /* P2PKHExtractor.swift */ = {isa = PBXFileReference; fileEncoding = 4; lastKnownFileType = sourcecode.swift; path = P2PKHExtractor.swift; sourceTree = "<group>"; };
		11B350F2CF9C3EBC2F72CAEF /* HeaderHandler.swift */ = {isa = PBXFileReference; fileEncoding = 4; lastKnownFileType = sourcecode.swift; path = HeaderHandler.swift; sourceTree = "<group>"; };
		11B350F93CE46013514830A3 /* BloomFilter.swift */ = {isa = PBXFileReference; fileEncoding = 4; lastKnownFileType = sourcecode.swift; path = BloomFilter.swift; sourceTree = "<group>"; };
		11B35102A1246D20E8354340 /* P2PKExtractor.swift */ = {isa = PBXFileReference; fileEncoding = 4; lastKnownFileType = sourcecode.swift; path = P2PKExtractor.swift; sourceTree = "<group>"; };
		11B3510658CE89D9DB6772E5 /* String.swift */ = {isa = PBXFileReference; fileEncoding = 4; lastKnownFileType = sourcecode.swift; path = String.swift; sourceTree = "<group>"; };
		11B351B12C441F6AFA1D550D /* BlockSaverTests.swift */ = {isa = PBXFileReference; fileEncoding = 4; lastKnownFileType = sourcecode.swift; path = BlockSaverTests.swift; sourceTree = "<group>"; };
		11B3526235310556644773A2 /* TransactionLinker.swift */ = {isa = PBXFileReference; fileEncoding = 4; lastKnownFileType = sourcecode.swift; path = TransactionLinker.swift; sourceTree = "<group>"; };
		11B352782DC699D1FAAD6168 /* BlockSyncerTests.swift */ = {isa = PBXFileReference; fileEncoding = 4; lastKnownFileType = sourcecode.swift; path = BlockSyncerTests.swift; sourceTree = "<group>"; };
		11B352E55922839F93D5455D /* BlockFactoryTests.swift */ = {isa = PBXFileReference; fileEncoding = 4; lastKnownFileType = sourcecode.swift; path = BlockFactoryTests.swift; sourceTree = "<group>"; };
		11B35352F3DA4C26A552C62B /* TransactionInput.swift */ = {isa = PBXFileReference; fileEncoding = 4; lastKnownFileType = sourcecode.swift; path = TransactionInput.swift; sourceTree = "<group>"; };
		11B353B145524AAE2A1B76A6 /* HeadersMessage.swift */ = {isa = PBXFileReference; fileEncoding = 4; lastKnownFileType = sourcecode.swift; path = HeadersMessage.swift; sourceTree = "<group>"; };
		11B35421A3D3ECB76C71619D /* MerkleBlockHandler.swift */ = {isa = PBXFileReference; fileEncoding = 4; lastKnownFileType = sourcecode.swift; path = MerkleBlockHandler.swift; sourceTree = "<group>"; };
		11B3549DFD32AC3E74C3AE66 /* MerkleBlockValidatorTests.swift */ = {isa = PBXFileReference; fileEncoding = 4; lastKnownFileType = sourcecode.swift; path = MerkleBlockValidatorTests.swift; sourceTree = "<group>"; };
		11B354A493E8B8396D37013D /* TransactionOutputFactory.swift */ = {isa = PBXFileReference; fileEncoding = 4; lastKnownFileType = sourcecode.swift; path = TransactionOutputFactory.swift; sourceTree = "<group>"; };
		11B354D4C85120E13987D845 /* BlockFactory.swift */ = {isa = PBXFileReference; fileEncoding = 4; lastKnownFileType = sourcecode.swift; path = BlockFactory.swift; sourceTree = "<group>"; };
		11B354DDB46C9DE37375424D /* OpCode.swift */ = {isa = PBXFileReference; fileEncoding = 4; lastKnownFileType = sourcecode.swift; path = OpCode.swift; sourceTree = "<group>"; };
		11B354EF0F404DF96E765CA1 /* DifficultyEncoder.swift */ = {isa = PBXFileReference; fileEncoding = 4; lastKnownFileType = sourcecode.swift; path = DifficultyEncoder.swift; sourceTree = "<group>"; };
		11B3551D6204D0CD66D4F4D3 /* TransactionInputFactory.swift */ = {isa = PBXFileReference; fileEncoding = 4; lastKnownFileType = sourcecode.swift; path = TransactionInputFactory.swift; sourceTree = "<group>"; };
		11B3554FBB1C030DF70F35B8 /* BlockSaver.swift */ = {isa = PBXFileReference; fileEncoding = 4; lastKnownFileType = sourcecode.swift; path = BlockSaver.swift; sourceTree = "<group>"; };
		11B3556BD9C3E52C992D1E92 /* TransactionExtractor.swift */ = {isa = PBXFileReference; fileEncoding = 4; lastKnownFileType = sourcecode.swift; path = TransactionExtractor.swift; sourceTree = "<group>"; };
		11B3559B75AD75C20287ECC7 /* TransactionOutput.swift */ = {isa = PBXFileReference; fileEncoding = 4; lastKnownFileType = sourcecode.swift; path = TransactionOutput.swift; sourceTree = "<group>"; };
		11B355C0072CA13ADBAC1351 /* VarInt.swift */ = {isa = PBXFileReference; fileEncoding = 4; lastKnownFileType = sourcecode.swift; path = VarInt.swift; sourceTree = "<group>"; };
		11B355ED5A1298D065D6A633 /* HeaderHandlerTests.swift */ = {isa = PBXFileReference; fileEncoding = 4; lastKnownFileType = sourcecode.swift; path = HeaderHandlerTests.swift; sourceTree = "<group>"; };
		11B356093307CEB26201988D /* DifficultyCalculator.swift */ = {isa = PBXFileReference; fileEncoding = 4; lastKnownFileType = sourcecode.swift; path = DifficultyCalculator.swift; sourceTree = "<group>"; };
		11B35668E26F88DC1FFAE6F1 /* PFromSHExtractor.swift */ = {isa = PBXFileReference; fileEncoding = 4; lastKnownFileType = sourcecode.swift; path = PFromSHExtractor.swift; sourceTree = "<group>"; };
		11B35677D69EC754EC7C82DF /* TestNetBlockValidator.swift */ = {isa = PBXFileReference; fileEncoding = 4; lastKnownFileType = sourcecode.swift; path = TestNetBlockValidator.swift; sourceTree = "<group>"; };
		11B3569A9FFF012BEE407446 /* P2SHExtractorTests.swift */ = {isa = PBXFileReference; fileEncoding = 4; lastKnownFileType = sourcecode.swift; path = P2SHExtractorTests.swift; sourceTree = "<group>"; };
		11B356D308DCF4BB33D9F488 /* ServiceFlags.swift */ = {isa = PBXFileReference; fileEncoding = 4; lastKnownFileType = sourcecode.swift; path = ServiceFlags.swift; sourceTree = "<group>"; };
		11B356D42A43C012DF8EC186 /* WalletKitManager.swift */ = {isa = PBXFileReference; fileEncoding = 4; lastKnownFileType = sourcecode.swift; path = WalletKitManager.swift; sourceTree = "<group>"; };
		11B356EF3A4749163293CCA3 /* TransactionHandler.swift */ = {isa = PBXFileReference; fileEncoding = 4; lastKnownFileType = sourcecode.swift; path = TransactionHandler.swift; sourceTree = "<group>"; };
		11B357AFD2F27913B7451ACA /* TransactionExtractorTests.swift */ = {isa = PBXFileReference; fileEncoding = 4; lastKnownFileType = sourcecode.swift; path = TransactionExtractorTests.swift; sourceTree = "<group>"; };
		11B357DA74E95D8479860855 /* SyncManager.swift */ = {isa = PBXFileReference; fileEncoding = 4; lastKnownFileType = sourcecode.swift; path = SyncManager.swift; sourceTree = "<group>"; };
		11B3581276269B77C8E9173D /* WalletKitProvider.swift */ = {isa = PBXFileReference; fileEncoding = 4; lastKnownFileType = sourcecode.swift; path = WalletKitProvider.swift; sourceTree = "<group>"; };
		11B358CC64C9E70F44570325 /* MerkleBlockValidator.swift */ = {isa = PBXFileReference; fileEncoding = 4; lastKnownFileType = sourcecode.swift; path = MerkleBlockValidator.swift; sourceTree = "<group>"; };
		11B358F56F6298016B1A8AFD /* TestData.swift */ = {isa = PBXFileReference; fileEncoding = 4; lastKnownFileType = sourcecode.swift; path = TestData.swift; sourceTree = "<group>"; };
		11B359294D97AEDB1835AB4C /* P2SHExtractor.swift */ = {isa = PBXFileReference; fileEncoding = 4; lastKnownFileType = sourcecode.swift; path = P2SHExtractor.swift; sourceTree = "<group>"; };
		11B3597DE3169FD250A982D5 /* ApiManager.swift */ = {isa = PBXFileReference; fileEncoding = 4; lastKnownFileType = sourcecode.swift; path = ApiManager.swift; sourceTree = "<group>"; };
		11B35996E6FEE15BB533D965 /* P2PKExtractorTests.swift */ = {isa = PBXFileReference; fileEncoding = 4; lastKnownFileType = sourcecode.swift; path = P2PKExtractorTests.swift; sourceTree = "<group>"; };
		11B359BE3932E0E1F2AA9E76 /* BlockHeader.swift */ = {isa = PBXFileReference; fileEncoding = 4; lastKnownFileType = sourcecode.swift; path = BlockHeader.swift; sourceTree = "<group>"; };
		11B359E44D75610DF2841327 /* PeerGroup.swift */ = {isa = PBXFileReference; fileEncoding = 4; lastKnownFileType = sourcecode.swift; path = PeerGroup.swift; sourceTree = "<group>"; };
		11B359EA1AA39E70C270812B /* BlockValidator.swift */ = {isa = PBXFileReference; fileEncoding = 4; lastKnownFileType = sourcecode.swift; path = BlockValidator.swift; sourceTree = "<group>"; };
		11B35AD5583FA34AE5BA27FF /* MerkleBlockHandlerTests.swift */ = {isa = PBXFileReference; fileEncoding = 4; lastKnownFileType = sourcecode.swift; path = MerkleBlockHandlerTests.swift; sourceTree = "<group>"; };
		11B35AEA9C74CB8AFFFE9D8E /* ByteStream.swift */ = {isa = PBXFileReference; fileEncoding = 4; lastKnownFileType = sourcecode.swift; path = ByteStream.swift; sourceTree = "<group>"; };
		11B35B089F5CA8D468EDA813 /* P2PKHExtractorTests.swift */ = {isa = PBXFileReference; fileEncoding = 4; lastKnownFileType = sourcecode.swift; path = P2PKHExtractorTests.swift; sourceTree = "<group>"; };
		11B35B10B1D5D1B7C72686A1 /* TransactionFactory.swift */ = {isa = PBXFileReference; fileEncoding = 4; lastKnownFileType = sourcecode.swift; path = TransactionFactory.swift; sourceTree = "<group>"; };
		11B35B1F6106D91EEFEF62DC /* ConfigurationManager.swift */ = {isa = PBXFileReference; fileEncoding = 4; lastKnownFileType = sourcecode.swift; path = ConfigurationManager.swift; sourceTree = "<group>"; };
		11B35C3A9EC92678307977F7 /* WalletKitPrivate.m */ = {isa = PBXFileReference; fileEncoding = 4; lastKnownFileType = sourcecode.c.objc; path = WalletKitPrivate.m; sourceTree = "<group>"; };
		11B35C3F194E79CE12B94EAE /* TransactionSaverTests.swift */ = {isa = PBXFileReference; fileEncoding = 4; lastKnownFileType = sourcecode.swift; path = TransactionSaverTests.swift; sourceTree = "<group>"; };
		11B35C42651693CE86B75FE2 /* BlockSyncer.swift */ = {isa = PBXFileReference; fileEncoding = 4; lastKnownFileType = sourcecode.swift; path = BlockSyncer.swift; sourceTree = "<group>"; };
		11B35C47D552B7AC5EA8C463 /* VarString.swift */ = {isa = PBXFileReference; fileEncoding = 4; lastKnownFileType = sourcecode.swift; path = VarString.swift; sourceTree = "<group>"; };
		11B35C4D04E14399067D5E8C /* PFromSHExtractorTests.swift */ = {isa = PBXFileReference; fileEncoding = 4; lastKnownFileType = sourcecode.swift; path = PFromSHExtractorTests.swift; sourceTree = "<group>"; };
		11B35C67DB63EF992C380513 /* Transaction.swift */ = {isa = PBXFileReference; fileEncoding = 4; lastKnownFileType = sourcecode.swift; path = Transaction.swift; sourceTree = "<group>"; };
		11B35CBB5B17DD80FD6A0661 /* HeaderSyncer.swift */ = {isa = PBXFileReference; fileEncoding = 4; lastKnownFileType = sourcecode.swift; path = HeaderSyncer.swift; sourceTree = "<group>"; };
		11B35D0FBCC5A6A00640AA4E /* DifficultyEncoderTests.swift */ = {isa = PBXFileReference; fileEncoding = 4; lastKnownFileType = sourcecode.swift; path = DifficultyEncoderTests.swift; sourceTree = "<group>"; };
		11B35D36A82748DB1C7C7191 /* TestNetBlockValidatorTests.swift */ = {isa = PBXFileReference; fileEncoding = 4; lastKnownFileType = sourcecode.swift; path = TestNetBlockValidatorTests.swift; sourceTree = "<group>"; };
		11B35D3F4B1A3B73B5CD004A /* TransactionSaver.swift */ = {isa = PBXFileReference; fileEncoding = 4; lastKnownFileType = sourcecode.swift; path = TransactionSaver.swift; sourceTree = "<group>"; };
		11B35D44C0F5847D5B6EDEBC /* MainNet.swift */ = {isa = PBXFileReference; fileEncoding = 4; lastKnownFileType = sourcecode.swift; path = MainNet.swift; sourceTree = "<group>"; };
		11B35D5481EB03B08C1E8C30 /* HeaderSyncerTests.swift */ = {isa = PBXFileReference; fileEncoding = 4; lastKnownFileType = sourcecode.swift; path = HeaderSyncerTests.swift; sourceTree = "<group>"; };
		11B35DB7140D86176157F8CA /* TransactionLinkerTests.swift */ = {isa = PBXFileReference; fileEncoding = 4; lastKnownFileType = sourcecode.swift; path = TransactionLinkerTests.swift; sourceTree = "<group>"; };
		11B35DE14DB8DA22E71A1E35 /* RealmFactory.swift */ = {isa = PBXFileReference; fileEncoding = 4; lastKnownFileType = sourcecode.swift; path = RealmFactory.swift; sourceTree = "<group>"; };
		11B35E7E6BB3227429A41B13 /* Address.swift */ = {isa = PBXFileReference; fileEncoding = 4; lastKnownFileType = sourcecode.swift; path = Address.swift; sourceTree = "<group>"; };
		11B35E92D4F8CF1524F98F7A /* TestNet.swift */ = {isa = PBXFileReference; fileEncoding = 4; lastKnownFileType = sourcecode.swift; path = TestNet.swift; sourceTree = "<group>"; };
		11B35EBE4F0C6D40981BF52B /* Crypto.swift */ = {isa = PBXFileReference; fileEncoding = 4; lastKnownFileType = sourcecode.swift; path = Crypto.swift; sourceTree = "<group>"; };
		11B35EDCF37AAE69A74FB0F5 /* WalletKitPrivate.h */ = {isa = PBXFileReference; fileEncoding = 4; lastKnownFileType = sourcecode.c.h; path = WalletKitPrivate.h; sourceTree = "<group>"; };
		11B35F3FD9CCB938B62D07EA /* Observable.swift */ = {isa = PBXFileReference; fileEncoding = 4; lastKnownFileType = sourcecode.swift; path = Observable.swift; sourceTree = "<group>"; };
		11B35F6DD74F45320C5521FC /* TransactionHandlerTests.swift */ = {isa = PBXFileReference; fileEncoding = 4; lastKnownFileType = sourcecode.swift; path = TransactionHandlerTests.swift; sourceTree = "<group>"; };
		11B35F9042249BFFC7A751AA /* BlockValidatorTests.swift */ = {isa = PBXFileReference; fileEncoding = 4; lastKnownFileType = sourcecode.swift; path = BlockValidatorTests.swift; sourceTree = "<group>"; };
		11B35FF2F94006C73B7773BC /* GetHeadersMessage.swift */ = {isa = PBXFileReference; fileEncoding = 4; lastKnownFileType = sourcecode.swift; path = GetHeadersMessage.swift; sourceTree = "<group>"; };
		2FA5D11405173CD80A6B9904 /* TransactionBuilder.swift */ = {isa = PBXFileReference; fileEncoding = 4; lastKnownFileType = sourcecode.swift; path = TransactionBuilder.swift; sourceTree = "<group>"; };
		2FA5DA9D7F78A26107F7209C /* InputSignerTests.swift */ = {isa = PBXFileReference; fileEncoding = 4; lastKnownFileType = sourcecode.swift; path = InputSignerTests.swift; sourceTree = "<group>"; };
		2FA5DDAE64200E386070668C /* TransactionBuilderTests.swift */ = {isa = PBXFileReference; fileEncoding = 4; lastKnownFileType = sourcecode.swift; path = TransactionBuilderTests.swift; sourceTree = "<group>"; };
		2FA5DF9995FA7DD7556893F7 /* InputSigner.swift */ = {isa = PBXFileReference; fileEncoding = 4; lastKnownFileType = sourcecode.swift; path = InputSigner.swift; sourceTree = "<group>"; };
		58AAA33E4E02571B077022F7 /* UnspentOutputsManagerTests.swift */ = {isa = PBXFileReference; fileEncoding = 4; lastKnownFileType = sourcecode.swift; path = UnspentOutputsManagerTests.swift; sourceTree = "<group>"; };
		58AAA422686CE355CACA11DF /* ScriptBuilderTests.swift */ = {isa = PBXFileReference; fileEncoding = 4; lastKnownFileType = sourcecode.swift; path = ScriptBuilderTests.swift; sourceTree = "<group>"; };
		58AAA983B426801C46003567 /* UnspentOutputsManager.swift */ = {isa = PBXFileReference; fileEncoding = 4; lastKnownFileType = sourcecode.swift; path = UnspentOutputsManager.swift; sourceTree = "<group>"; };
		58AAAF2482982ED7215EEBF9 /* ScriptBuilder.swift */ = {isa = PBXFileReference; fileEncoding = 4; lastKnownFileType = sourcecode.swift; path = ScriptBuilder.swift; sourceTree = "<group>"; };
		62EEC3758B9F3CFB076FF881 /* Pods_WalletKit.framework */ = {isa = PBXFileReference; explicitFileType = wrapper.framework; includeInIndex = 0; path = Pods_WalletKit.framework; sourceTree = BUILT_PRODUCTS_DIR; };
		6B851FED93B7529C1E1B34B6 /* Pods-WalletKitTests.debug.xcconfig */ = {isa = PBXFileReference; includeInIndex = 1; lastKnownFileType = text.xcconfig; name = "Pods-WalletKitTests.debug.xcconfig"; path = "../Pods/Target Support Files/Pods-WalletKitTests/Pods-WalletKitTests.debug.xcconfig"; sourceTree = "<group>"; };
		7AC7B1938125A8B9E14B8BE0 /* Pods-WalletKitTests.release.xcconfig */ = {isa = PBXFileReference; includeInIndex = 1; lastKnownFileType = text.xcconfig; name = "Pods-WalletKitTests.release.xcconfig"; path = "../Pods/Target Support Files/Pods-WalletKitTests/Pods-WalletKitTests.release.xcconfig"; sourceTree = "<group>"; };
		95D20030A63CC8101E6A72E8 /* Pods_WalletKitTests.framework */ = {isa = PBXFileReference; explicitFileType = wrapper.framework; includeInIndex = 0; path = Pods_WalletKitTests.framework; sourceTree = BUILT_PRODUCTS_DIR; };
		A55FEE3EC60BF5F4516B2A22 /* Pods-WalletKit.release.xcconfig */ = {isa = PBXFileReference; includeInIndex = 1; lastKnownFileType = text.xcconfig; name = "Pods-WalletKit.release.xcconfig"; path = "../Pods/Target Support Files/Pods-WalletKit/Pods-WalletKit.release.xcconfig"; sourceTree = "<group>"; };
		D31711E920F7192300AEF61B /* Peer.swift */ = {isa = PBXFileReference; fileEncoding = 4; lastKnownFileType = sourcecode.swift; path = Peer.swift; sourceTree = "<group>"; };
		D31711EB20F7192F00AEF61B /* PingMessage.swift */ = {isa = PBXFileReference; fileEncoding = 4; lastKnownFileType = sourcecode.swift; path = PingMessage.swift; sourceTree = "<group>"; };
		D31711EC20F7192F00AEF61B /* AddressMessage.swift */ = {isa = PBXFileReference; fileEncoding = 4; lastKnownFileType = sourcecode.swift; path = AddressMessage.swift; sourceTree = "<group>"; };
		D31711ED20F7192F00AEF61B /* NetworkAddress.swift */ = {isa = PBXFileReference; fileEncoding = 4; lastKnownFileType = sourcecode.swift; path = NetworkAddress.swift; sourceTree = "<group>"; };
		D31711EF20F7192F00AEF61B /* Message.swift */ = {isa = PBXFileReference; fileEncoding = 4; lastKnownFileType = sourcecode.swift; path = Message.swift; sourceTree = "<group>"; };
		D31711F120F7192F00AEF61B /* VersionMessage.swift */ = {isa = PBXFileReference; fileEncoding = 4; lastKnownFileType = sourcecode.swift; path = VersionMessage.swift; sourceTree = "<group>"; };
		D31711F220F7193000AEF61B /* GetBlocksMessage.swift */ = {isa = PBXFileReference; fileEncoding = 4; lastKnownFileType = sourcecode.swift; path = GetBlocksMessage.swift; sourceTree = "<group>"; };
		D31711F320F7193000AEF61B /* RejectMessage.swift */ = {isa = PBXFileReference; fileEncoding = 4; lastKnownFileType = sourcecode.swift; path = RejectMessage.swift; sourceTree = "<group>"; };
		D31711F420F7193000AEF61B /* InventoryItem.swift */ = {isa = PBXFileReference; fileEncoding = 4; lastKnownFileType = sourcecode.swift; path = InventoryItem.swift; sourceTree = "<group>"; };
		D31711F620F7193000AEF61B /* GetDataMessage.swift */ = {isa = PBXFileReference; fileEncoding = 4; lastKnownFileType = sourcecode.swift; path = GetDataMessage.swift; sourceTree = "<group>"; };
		D31711F720F7193000AEF61B /* InventoryMessage.swift */ = {isa = PBXFileReference; fileEncoding = 4; lastKnownFileType = sourcecode.swift; path = InventoryMessage.swift; sourceTree = "<group>"; };
		D31711F820F7193000AEF61B /* BlockMessage.swift */ = {isa = PBXFileReference; fileEncoding = 4; lastKnownFileType = sourcecode.swift; path = BlockMessage.swift; sourceTree = "<group>"; };
		D31711FA20F7193000AEF61B /* FilterLoadMessage.swift */ = {isa = PBXFileReference; fileEncoding = 4; lastKnownFileType = sourcecode.swift; path = FilterLoadMessage.swift; sourceTree = "<group>"; };
		D31711FB20F7193000AEF61B /* MerkleBlockMessage.swift */ = {isa = PBXFileReference; fileEncoding = 4; lastKnownFileType = sourcecode.swift; path = MerkleBlockMessage.swift; sourceTree = "<group>"; };
		D31711FC20F7193000AEF61B /* VerackMessage.swift */ = {isa = PBXFileReference; fileEncoding = 4; lastKnownFileType = sourcecode.swift; path = VerackMessage.swift; sourceTree = "<group>"; };
		D31711FD20F7193000AEF61B /* PongMessage.swift */ = {isa = PBXFileReference; fileEncoding = 4; lastKnownFileType = sourcecode.swift; path = PongMessage.swift; sourceTree = "<group>"; };
		D317121720F719A900AEF61B /* MurmurHash.swift */ = {isa = PBXFileReference; fileEncoding = 4; lastKnownFileType = sourcecode.swift; path = MurmurHash.swift; sourceTree = "<group>"; };
		D33FD6B320F3782600EC10DB /* libcrypto.a */ = {isa = PBXFileReference; lastKnownFileType = archive.ar; name = libcrypto.a; path = Libraries/openssl/lib/libcrypto.a; sourceTree = "<group>"; };
		D33FD6B820F385D700EC10DB /* HDPublicKey.swift */ = {isa = PBXFileReference; fileEncoding = 4; lastKnownFileType = sourcecode.swift; path = HDPublicKey.swift; sourceTree = "<group>"; };
		D33FD6B920F385D700EC10DB /* HDWallet.swift */ = {isa = PBXFileReference; fileEncoding = 4; lastKnownFileType = sourcecode.swift; path = HDWallet.swift; sourceTree = "<group>"; };
		D33FD6BA20F385D700EC10DB /* HDPrivateKey.swift */ = {isa = PBXFileReference; fileEncoding = 4; lastKnownFileType = sourcecode.swift; path = HDPrivateKey.swift; sourceTree = "<group>"; };
		D33FD6BB20F385D700EC10DB /* HDKeychain.swift */ = {isa = PBXFileReference; fileEncoding = 4; lastKnownFileType = sourcecode.swift; path = HDKeychain.swift; sourceTree = "<group>"; };
		D33FD6C020F3863D00EC10DB /* NetworkProtocol.swift */ = {isa = PBXFileReference; fileEncoding = 4; lastKnownFileType = sourcecode.swift; path = NetworkProtocol.swift; sourceTree = "<group>"; };
		D33FD6C820F3876800EC10DB /* Serialization.swift */ = {isa = PBXFileReference; fileEncoding = 4; lastKnownFileType = sourcecode.swift; path = Serialization.swift; sourceTree = "<group>"; };
		D33FD6CE20F3882900EC10DB /* Encoding.swift */ = {isa = PBXFileReference; fileEncoding = 4; lastKnownFileType = sourcecode.swift; path = Encoding.swift; sourceTree = "<group>"; };
		D33FD6D020F3885400EC10DB /* Helpers.swift */ = {isa = PBXFileReference; fileEncoding = 4; lastKnownFileType = sourcecode.swift; path = Helpers.swift; sourceTree = "<group>"; };
		D33FD6D220F3890700EC10DB /* Mnemonic.swift */ = {isa = PBXFileReference; fileEncoding = 4; lastKnownFileType = sourcecode.swift; path = Mnemonic.swift; sourceTree = "<group>"; };
		D33FD6D320F3890700EC10DB /* WordList.swift */ = {isa = PBXFileReference; fileEncoding = 4; lastKnownFileType = sourcecode.swift; path = WordList.swift; sourceTree = "<group>"; };
		D380FD5B20FCC04400276993 /* WalletKitTests.xctest */ = {isa = PBXFileReference; explicitFileType = wrapper.cfbundle; includeInIndex = 0; path = WalletKitTests.xctest; sourceTree = BUILT_PRODUCTS_DIR; };
		D380FD5F20FCC04400276993 /* Info.plist */ = {isa = PBXFileReference; lastKnownFileType = text.plist.xml; path = Info.plist; sourceTree = "<group>"; };
		D380FD6720FCC22800276993 /* GeneratedMocks.swift */ = {isa = PBXFileReference; fileEncoding = 4; lastKnownFileType = sourcecode.swift; path = GeneratedMocks.swift; sourceTree = "<group>"; };
		D3FD450520F354EF00F472B9 /* WalletKit.framework */ = {isa = PBXFileReference; explicitFileType = wrapper.framework; includeInIndex = 0; path = WalletKit.framework; sourceTree = BUILT_PRODUCTS_DIR; };
		D3FD450820F354EF00F472B9 /* WalletKit.h */ = {isa = PBXFileReference; lastKnownFileType = sourcecode.c.h; path = WalletKit.h; sourceTree = "<group>"; };
		D3FD450920F354EF00F472B9 /* Info.plist */ = {isa = PBXFileReference; lastKnownFileType = text.plist.xml; path = Info.plist; sourceTree = "<group>"; };
		D3FD451620F364DF00F472B9 /* WalletKit.modulemap */ = {isa = PBXFileReference; fileEncoding = 4; lastKnownFileType = "sourcecode.module-map"; name = WalletKit.modulemap; path = WalletKit/WalletKit.modulemap; sourceTree = SOURCE_ROOT; };
/* End PBXFileReference section */

/* Begin PBXFrameworksBuildPhase section */
		D380FD5820FCC04400276993 /* Frameworks */ = {
			isa = PBXFrameworksBuildPhase;
			buildActionMask = 2147483647;
			files = (
				D380FD6020FCC04400276993 /* WalletKit.framework in Frameworks */,
				6480F0E2B4AA1D481624F935 /* Pods_WalletKitTests.framework in Frameworks */,
			);
			runOnlyForDeploymentPostprocessing = 0;
		};
		D3FD450120F354EF00F472B9 /* Frameworks */ = {
			isa = PBXFrameworksBuildPhase;
			buildActionMask = 2147483647;
			files = (
				D33FD6B520F382DC00EC10DB /* libcrypto.a in Frameworks */,
				D86C75828B655BBA47496DA8 /* Pods_WalletKit.framework in Frameworks */,
			);
			runOnlyForDeploymentPostprocessing = 0;
		};
/* End PBXFrameworksBuildPhase section */

/* Begin PBXGroup section */
		11B3505456C3C7F73F2722AB /* Extractors */ = {
			isa = PBXGroup;
			children = (
				11B35B089F5CA8D468EDA813 /* P2PKHExtractorTests.swift */,
				11B3569A9FFF012BEE407446 /* P2SHExtractorTests.swift */,
				11B35996E6FEE15BB533D965 /* P2PKExtractorTests.swift */,
				11B35C4D04E14399067D5E8C /* PFromSHExtractorTests.swift */,
			);
			path = Extractors;
			sourceTree = "<group>";
		};
		11B3507A75FAF11E3C461160 /* BlockHeaders */ = {
			isa = PBXGroup;
			children = (
				11B35F9042249BFFC7A751AA /* BlockValidatorTests.swift */,
				11B35053479E4B3B3C2B2031 /* DifficultyCalculatorTests.swift */,
				11B35D0FBCC5A6A00640AA4E /* DifficultyEncoderTests.swift */,
				11B355ED5A1298D065D6A633 /* HeaderHandlerTests.swift */,
				11B35D5481EB03B08C1E8C30 /* HeaderSyncerTests.swift */,
				11B35D36A82748DB1C7C7191 /* TestNetBlockValidatorTests.swift */,
			);
			path = BlockHeaders;
			sourceTree = "<group>";
		};
		11B351538CFB04CF238EA131 /* HDWallet */ = {
			isa = PBXGroup;
			children = (
				D33FD6D220F3890700EC10DB /* Mnemonic.swift */,
				D33FD6D320F3890700EC10DB /* WordList.swift */,
				D33FD6BB20F385D700EC10DB /* HDKeychain.swift */,
				D33FD6BA20F385D700EC10DB /* HDPrivateKey.swift */,
				D33FD6B820F385D700EC10DB /* HDPublicKey.swift */,
				D33FD6B920F385D700EC10DB /* HDWallet.swift */,
			);
			path = HDWallet;
			sourceTree = "<group>";
		};
		11B35156C3ADDCCD4A60CCD4 /* Core */ = {
			isa = PBXGroup;
			children = (
				11B35DE14DB8DA22E71A1E35 /* RealmFactory.swift */,
				11B3581276269B77C8E9173D /* WalletKitProvider.swift */,
			);
			path = Core;
			sourceTree = "<group>";
		};
		11B353E22D0A82C3AC8ABDE9 /* Blocks */ = {
			isa = PBXGroup;
			children = (
				11B354D4C85120E13987D845 /* BlockFactory.swift */,
				11B3554FBB1C030DF70F35B8 /* BlockSaver.swift */,
				11B35C42651693CE86B75FE2 /* BlockSyncer.swift */,
				11B35421A3D3ECB76C71619D /* MerkleBlockHandler.swift */,
				11B358CC64C9E70F44570325 /* MerkleBlockValidator.swift */,
			);
			path = Blocks;
			sourceTree = "<group>";
		};
		11B355C61361B7F77322E618 /* Extensions */ = {
			isa = PBXGroup;
			children = (
				11B35F3FD9CCB938B62D07EA /* Observable.swift */,
				11B3510658CE89D9DB6772E5 /* String.swift */,
			);
			path = Extensions;
			sourceTree = "<group>";
		};
		11B35649863DB92E43F8D567 /* Helpers */ = {
			isa = PBXGroup;
			children = (
				D33FD6CE20F3882900EC10DB /* Encoding.swift */,
				D33FD6D020F3885400EC10DB /* Helpers.swift */,
				D33FD6C820F3876800EC10DB /* Serialization.swift */,
			);
			path = Helpers;
			sourceTree = "<group>";
		};
		11B357B9FF089EC58748DA4C /* PeerNetwork */ = {
			isa = PBXGroup;
			children = (
				11B359E44D75610DF2841327 /* PeerGroup.swift */,
				D31711E920F7192300AEF61B /* Peer.swift */,
				D33FD6C020F3863D00EC10DB /* NetworkProtocol.swift */,
				11B35D44C0F5847D5B6EDEBC /* MainNet.swift */,
				11B35E92D4F8CF1524F98F7A /* TestNet.swift */,
				11B35AEA9C74CB8AFFFE9D8E /* ByteStream.swift */,
				11B356D308DCF4BB33D9F488 /* ServiceFlags.swift */,
				11B355C0072CA13ADBAC1351 /* VarInt.swift */,
				11B35C47D552B7AC5EA8C463 /* VarString.swift */,
			);
			path = PeerNetwork;
			sourceTree = "<group>";
		};
		11B3582B0517A9873E63381B /* Transactions */ = {
			isa = PBXGroup;
			children = (
				58AAAB58B5883EDAE754E34F /* Builder */,
				11B3505456C3C7F73F2722AB /* Extractors */,
				11B35F6DD74F45320C5521FC /* TransactionHandlerTests.swift */,
				11B357AFD2F27913B7451ACA /* TransactionExtractorTests.swift */,
				11B35DB7140D86176157F8CA /* TransactionLinkerTests.swift */,
				11B35C3F194E79CE12B94EAE /* TransactionSaverTests.swift */,
			);
			path = Transactions;
			sourceTree = "<group>";
		};
		11B358F2406C382875DA91A2 /* Messages */ = {
			isa = PBXGroup;
			children = (
				D31711EC20F7192F00AEF61B /* AddressMessage.swift */,
				D31711F820F7193000AEF61B /* BlockMessage.swift */,
				D31711FA20F7193000AEF61B /* FilterLoadMessage.swift */,
				D31711F220F7193000AEF61B /* GetBlocksMessage.swift */,
				D31711F620F7193000AEF61B /* GetDataMessage.swift */,
				11B35FF2F94006C73B7773BC /* GetHeadersMessage.swift */,
				11B353B145524AAE2A1B76A6 /* HeadersMessage.swift */,
				D31711F420F7193000AEF61B /* InventoryItem.swift */,
				D31711F720F7193000AEF61B /* InventoryMessage.swift */,
				D31711FB20F7193000AEF61B /* MerkleBlockMessage.swift */,
				D31711EF20F7192F00AEF61B /* Message.swift */,
				D31711ED20F7192F00AEF61B /* NetworkAddress.swift */,
				D31711EB20F7192F00AEF61B /* PingMessage.swift */,
				D31711FD20F7193000AEF61B /* PongMessage.swift */,
				D31711F320F7193000AEF61B /* RejectMessage.swift */,
				D31711FC20F7193000AEF61B /* VerackMessage.swift */,
				D31711F120F7192F00AEF61B /* VersionMessage.swift */,
			);
			path = Messages;
			sourceTree = "<group>";
		};
		11B35ABE009449CF02027197 /* Extractors */ = {
			isa = PBXGroup;
			children = (
				11B354DDB46C9DE37375424D /* OpCode.swift */,
				11B350E70F0721BE279DC91A /* P2PKHExtractor.swift */,
				11B359294D97AEDB1835AB4C /* P2SHExtractor.swift */,
				11B35102A1246D20E8354340 /* P2PKExtractor.swift */,
				11B35668E26F88DC1FFAE6F1 /* PFromSHExtractor.swift */,
			);
			path = Extractors;
			sourceTree = "<group>";
		};
		11B35B5B2F111C31B1D972EB /* Models */ = {
			isa = PBXGroup;
			children = (
				11B35E7E6BB3227429A41B13 /* Address.swift */,
				11B350357DF0C843FDC0C2DE /* Block.swift */,
				11B359BE3932E0E1F2AA9E76 /* BlockHeader.swift */,
				11B35C67DB63EF992C380513 /* Transaction.swift */,
				11B35352F3DA4C26A552C62B /* TransactionInput.swift */,
				11B3559B75AD75C20287ECC7 /* TransactionOutput.swift */,
			);
			path = Models;
			sourceTree = "<group>";
		};
		11B35BC0CDFD3512DD636A78 /* Transactions */ = {
			isa = PBXGroup;
			children = (
				58AAA98E5C50F2723D500F9F /* Builder */,
				11B35ABE009449CF02027197 /* Extractors */,
				11B35B10B1D5D1B7C72686A1 /* TransactionFactory.swift */,
				11B356EF3A4749163293CCA3 /* TransactionHandler.swift */,
				11B3551D6204D0CD66D4F4D3 /* TransactionInputFactory.swift */,
				11B354A493E8B8396D37013D /* TransactionOutputFactory.swift */,
				11B3556BD9C3E52C992D1E92 /* TransactionExtractor.swift */,
				11B3526235310556644773A2 /* TransactionLinker.swift */,
				11B35D3F4B1A3B73B5CD004A /* TransactionSaver.swift */,
			);
			path = Transactions;
			sourceTree = "<group>";
		};
		11B35D2E54A01E9DCA96242C /* BlockHeaders */ = {
			isa = PBXGroup;
			children = (
				11B359EA1AA39E70C270812B /* BlockValidator.swift */,
				11B356093307CEB26201988D /* DifficultyCalculator.swift */,
				11B354EF0F404DF96E765CA1 /* DifficultyEncoder.swift */,
				11B350F2CF9C3EBC2F72CAEF /* HeaderHandler.swift */,
				11B35CBB5B17DD80FD6A0661 /* HeaderSyncer.swift */,
				11B35677D69EC754EC7C82DF /* TestNetBlockValidator.swift */,
			);
			path = BlockHeaders;
			sourceTree = "<group>";
		};
		11B35DDF6BAA7B4337BA1725 /* Crypto */ = {
			isa = PBXGroup;
			children = (
				11B350F93CE46013514830A3 /* BloomFilter.swift */,
				11B35EBE4F0C6D40981BF52B /* Crypto.swift */,
				D317121720F719A900AEF61B /* MurmurHash.swift */,
				11B35C3A9EC92678307977F7 /* WalletKitPrivate.m */,
				11B35EDCF37AAE69A74FB0F5 /* WalletKitPrivate.h */,
			);
			path = Crypto;
			sourceTree = "<group>";
		};
		11B35F875BE86EBC5D97DECC /* Blocks */ = {
			isa = PBXGroup;
			children = (
				11B352E55922839F93D5455D /* BlockFactoryTests.swift */,
				11B351B12C441F6AFA1D550D /* BlockSaverTests.swift */,
				11B352782DC699D1FAAD6168 /* BlockSyncerTests.swift */,
				11B35AD5583FA34AE5BA27FF /* MerkleBlockHandlerTests.swift */,
				11B3549DFD32AC3E74C3AE66 /* MerkleBlockValidatorTests.swift */,
			);
			path = Blocks;
			sourceTree = "<group>";
		};
		11B35F900746A8190305C20E /* Managers */ = {
			isa = PBXGroup;
			children = (
				11B3597DE3169FD250A982D5 /* ApiManager.swift */,
				11B35B1F6106D91EEFEF62DC /* ConfigurationManager.swift */,
				11B357DA74E95D8479860855 /* SyncManager.swift */,
				58AAA983B426801C46003567 /* UnspentOutputsManager.swift */,
				11B356D42A43C012DF8EC186 /* WalletKitManager.swift */,
			);
			path = Managers;
			sourceTree = "<group>";
		};
		30CA605E62E9DCCE7548ED22 /* Pods */ = {
			isa = PBXGroup;
			children = (
				0DCE6AF072E80FCF78CC97A3 /* Pods-WalletKit.debug.xcconfig */,
				A55FEE3EC60BF5F4516B2A22 /* Pods-WalletKit.release.xcconfig */,
				6B851FED93B7529C1E1B34B6 /* Pods-WalletKitTests.debug.xcconfig */,
				7AC7B1938125A8B9E14B8BE0 /* Pods-WalletKitTests.release.xcconfig */,
			);
			name = Pods;
			sourceTree = "<group>";
		};
		58AAA98E5C50F2723D500F9F /* Builder */ = {
			isa = PBXGroup;
			children = (
				58AAAF2482982ED7215EEBF9 /* ScriptBuilder.swift */,
				2FA5D11405173CD80A6B9904 /* TransactionBuilder.swift */,
				2FA5DF9995FA7DD7556893F7 /* InputSigner.swift */,
			);
			path = Builder;
			sourceTree = "<group>";
		};
		58AAAB58B5883EDAE754E34F /* Builder */ = {
			isa = PBXGroup;
			children = (
				2FA5DDAE64200E386070668C /* TransactionBuilderTests.swift */,
				58AAA422686CE355CACA11DF /* ScriptBuilderTests.swift */,
				2FA5DA9D7F78A26107F7209C /* InputSignerTests.swift */,
			);
			path = Builder;
			sourceTree = "<group>";
		};
		58AAAF33A7F3B3BEA2CB658D /* Managers */ = {
			isa = PBXGroup;
			children = (
				58AAA33E4E02571B077022F7 /* UnspentOutputsManagerTests.swift */,
			);
			path = Managers;
			sourceTree = "<group>";
		};
		D33FD6B220F3782600EC10DB /* Frameworks */ = {
			isa = PBXGroup;
			children = (
				D33FD6B320F3782600EC10DB /* libcrypto.a */,
				62EEC3758B9F3CFB076FF881 /* Pods_WalletKit.framework */,
				95D20030A63CC8101E6A72E8 /* Pods_WalletKitTests.framework */,
			);
			name = Frameworks;
			sourceTree = "<group>";
		};
		D380FD5C20FCC04400276993 /* WalletKitTests */ = {
			isa = PBXGroup;
			children = (
				11B35F875BE86EBC5D97DECC /* Blocks */,
				11B3507A75FAF11E3C461160 /* BlockHeaders */,
				58AAAF33A7F3B3BEA2CB658D /* Managers */,
				11B3582B0517A9873E63381B /* Transactions */,
				D380FD6720FCC22800276993 /* GeneratedMocks.swift */,
				11B358F56F6298016B1A8AFD /* TestData.swift */,
				D380FD5F20FCC04400276993 /* Info.plist */,
			);
			path = WalletKitTests;
			sourceTree = "<group>";
		};
		D3FD44FB20F354EF00F472B9 = {
			isa = PBXGroup;
			children = (
				D3FD450720F354EF00F472B9 /* WalletKit */,
				D380FD5C20FCC04400276993 /* WalletKitTests */,
				D3FD450620F354EF00F472B9 /* Products */,
				D33FD6B220F3782600EC10DB /* Frameworks */,
				30CA605E62E9DCCE7548ED22 /* Pods */,
			);
			sourceTree = "<group>";
		};
		D3FD450620F354EF00F472B9 /* Products */ = {
			isa = PBXGroup;
			children = (
				D3FD450520F354EF00F472B9 /* WalletKit.framework */,
				D380FD5B20FCC04400276993 /* WalletKitTests.xctest */,
			);
			name = Products;
			sourceTree = "<group>";
		};
		D3FD450720F354EF00F472B9 /* WalletKit */ = {
			isa = PBXGroup;
			children = (
				11B353E22D0A82C3AC8ABDE9 /* Blocks */,
				11B35D2E54A01E9DCA96242C /* BlockHeaders */,
				11B35156C3ADDCCD4A60CCD4 /* Core */,
				11B35DDF6BAA7B4337BA1725 /* Crypto */,
				11B355C61361B7F77322E618 /* Extensions */,
				11B351538CFB04CF238EA131 /* HDWallet */,
				11B35649863DB92E43F8D567 /* Helpers */,
				11B35F900746A8190305C20E /* Managers */,
				11B358F2406C382875DA91A2 /* Messages */,
				11B35B5B2F111C31B1D972EB /* Models */,
				11B357B9FF089EC58748DA4C /* PeerNetwork */,
				11B35BC0CDFD3512DD636A78 /* Transactions */,
				D3FD451620F364DF00F472B9 /* WalletKit.modulemap */,
				D3FD450820F354EF00F472B9 /* WalletKit.h */,
				D3FD450920F354EF00F472B9 /* Info.plist */,
			);
			path = WalletKit;
			sourceTree = "<group>";
		};
/* End PBXGroup section */

/* Begin PBXHeadersBuildPhase section */
		D3FD450220F354EF00F472B9 /* Headers */ = {
			isa = PBXHeadersBuildPhase;
			buildActionMask = 2147483647;
			files = (
				D3FD450A20F354EF00F472B9 /* WalletKit.h in Headers */,
				11B35F8A1F85697DC88C7777 /* WalletKitPrivate.h in Headers */,
			);
			runOnlyForDeploymentPostprocessing = 0;
		};
/* End PBXHeadersBuildPhase section */

/* Begin PBXNativeTarget section */
		D380FD5A20FCC04400276993 /* WalletKitTests */ = {
			isa = PBXNativeTarget;
			buildConfigurationList = D380FD6520FCC04400276993 /* Build configuration list for PBXNativeTarget "WalletKitTests" */;
			buildPhases = (
				3788084FED446D95E6641E40 /* [CP] Check Pods Manifest.lock */,
				D380FD6620FCC1C800276993 /* Cuckoo */,
				D380FD5720FCC04400276993 /* Sources */,
				D380FD5820FCC04400276993 /* Frameworks */,
				D380FD5920FCC04400276993 /* Resources */,
				2DFC1CE9A16F2F9B63D807C1 /* [CP] Embed Pods Frameworks */,
			);
			buildRules = (
			);
			dependencies = (
				D380FD6220FCC04400276993 /* PBXTargetDependency */,
			);
			name = WalletKitTests;
			productName = WalletKitTests;
			productReference = D380FD5B20FCC04400276993 /* WalletKitTests.xctest */;
			productType = "com.apple.product-type.bundle.unit-test";
		};
		D3FD450420F354EF00F472B9 /* WalletKit */ = {
			isa = PBXNativeTarget;
			buildConfigurationList = D3FD450D20F354EF00F472B9 /* Build configuration list for PBXNativeTarget "WalletKit" */;
			buildPhases = (
				AE2B83A35D02F22B00F7E062 /* [CP] Check Pods Manifest.lock */,
				D3FD450020F354EF00F472B9 /* Sources */,
				D3FD450120F354EF00F472B9 /* Frameworks */,
				D3FD450220F354EF00F472B9 /* Headers */,
				D3FD450320F354EF00F472B9 /* Resources */,
			);
			buildRules = (
			);
			dependencies = (
			);
			name = WalletKit;
			productName = WalletKit;
			productReference = D3FD450520F354EF00F472B9 /* WalletKit.framework */;
			productType = "com.apple.product-type.framework";
		};
/* End PBXNativeTarget section */

/* Begin PBXProject section */
		D3FD44FC20F354EF00F472B9 /* Project object */ = {
			isa = PBXProject;
			attributes = {
				LastSwiftUpdateCheck = 0940;
				LastUpgradeCheck = 0940;
				ORGANIZATIONNAME = Grouvi;
				TargetAttributes = {
					D380FD5A20FCC04400276993 = {
						CreatedOnToolsVersion = 9.4.1;
					};
					D3FD450420F354EF00F472B9 = {
						CreatedOnToolsVersion = 9.4.1;
						LastSwiftMigration = 0940;
					};
				};
			};
			buildConfigurationList = D3FD44FF20F354EF00F472B9 /* Build configuration list for PBXProject "WalletKit" */;
			compatibilityVersion = "Xcode 9.3";
			developmentRegion = en;
			hasScannedForEncodings = 0;
			knownRegions = (
				en,
			);
			mainGroup = D3FD44FB20F354EF00F472B9;
			productRefGroup = D3FD450620F354EF00F472B9 /* Products */;
			projectDirPath = "";
			projectRoot = "";
			targets = (
				D3FD450420F354EF00F472B9 /* WalletKit */,
				D380FD5A20FCC04400276993 /* WalletKitTests */,
			);
		};
/* End PBXProject section */

/* Begin PBXResourcesBuildPhase section */
		D380FD5920FCC04400276993 /* Resources */ = {
			isa = PBXResourcesBuildPhase;
			buildActionMask = 2147483647;
			files = (
			);
			runOnlyForDeploymentPostprocessing = 0;
		};
		D3FD450320F354EF00F472B9 /* Resources */ = {
			isa = PBXResourcesBuildPhase;
			buildActionMask = 2147483647;
			files = (
			);
			runOnlyForDeploymentPostprocessing = 0;
		};
/* End PBXResourcesBuildPhase section */

/* Begin PBXShellScriptBuildPhase section */
		2DFC1CE9A16F2F9B63D807C1 /* [CP] Embed Pods Frameworks */ = {
			isa = PBXShellScriptBuildPhase;
			buildActionMask = 2147483647;
			files = (
			);
			inputPaths = (
				"${SRCROOT}/../Pods/Target Support Files/Pods-WalletKitTests/Pods-WalletKitTests-frameworks.sh",
				"${BUILT_PRODUCTS_DIR}/Cuckoo/Cuckoo.framework",
				"${BUILT_PRODUCTS_DIR}/Alamofire/Alamofire.framework",
				"${BUILT_PRODUCTS_DIR}/BigInt/BigInt.framework",
				"${BUILT_PRODUCTS_DIR}/ObjectMapper/ObjectMapper.framework",
				"${BUILT_PRODUCTS_DIR}/Realm/Realm.framework",
				"${BUILT_PRODUCTS_DIR}/RealmSwift/RealmSwift.framework",
				"${BUILT_PRODUCTS_DIR}/RxRealm/RxRealm.framework",
				"${BUILT_PRODUCTS_DIR}/RxSwift/RxSwift.framework",
				"${BUILT_PRODUCTS_DIR}/SipHash/SipHash.framework",
			);
			name = "[CP] Embed Pods Frameworks";
			outputPaths = (
				"${TARGET_BUILD_DIR}/${FRAMEWORKS_FOLDER_PATH}/Cuckoo.framework",
				"${TARGET_BUILD_DIR}/${FRAMEWORKS_FOLDER_PATH}/Alamofire.framework",
				"${TARGET_BUILD_DIR}/${FRAMEWORKS_FOLDER_PATH}/BigInt.framework",
				"${TARGET_BUILD_DIR}/${FRAMEWORKS_FOLDER_PATH}/ObjectMapper.framework",
				"${TARGET_BUILD_DIR}/${FRAMEWORKS_FOLDER_PATH}/Realm.framework",
				"${TARGET_BUILD_DIR}/${FRAMEWORKS_FOLDER_PATH}/RealmSwift.framework",
				"${TARGET_BUILD_DIR}/${FRAMEWORKS_FOLDER_PATH}/RxRealm.framework",
				"${TARGET_BUILD_DIR}/${FRAMEWORKS_FOLDER_PATH}/RxSwift.framework",
				"${TARGET_BUILD_DIR}/${FRAMEWORKS_FOLDER_PATH}/SipHash.framework",
			);
			runOnlyForDeploymentPostprocessing = 0;
			shellPath = /bin/sh;
			shellScript = "\"${SRCROOT}/../Pods/Target Support Files/Pods-WalletKitTests/Pods-WalletKitTests-frameworks.sh\"\n";
			showEnvVarsInLog = 0;
		};
		3788084FED446D95E6641E40 /* [CP] Check Pods Manifest.lock */ = {
			isa = PBXShellScriptBuildPhase;
			buildActionMask = 2147483647;
			files = (
			);
			inputPaths = (
				"${PODS_PODFILE_DIR_PATH}/Podfile.lock",
				"${PODS_ROOT}/Manifest.lock",
			);
			name = "[CP] Check Pods Manifest.lock";
			outputPaths = (
				"$(DERIVED_FILE_DIR)/Pods-WalletKitTests-checkManifestLockResult.txt",
			);
			runOnlyForDeploymentPostprocessing = 0;
			shellPath = /bin/sh;
			shellScript = "diff \"${PODS_PODFILE_DIR_PATH}/Podfile.lock\" \"${PODS_ROOT}/Manifest.lock\" > /dev/null\nif [ $? != 0 ] ; then\n    # print error to STDERR\n    echo \"error: The sandbox is not in sync with the Podfile.lock. Run 'pod install' or update your CocoaPods installation.\" >&2\n    exit 1\nfi\n# This output is used by Xcode 'outputs' to avoid re-running this script phase.\necho \"SUCCESS\" > \"${SCRIPT_OUTPUT_FILE_0}\"\n";
			showEnvVarsInLog = 0;
		};
		AE2B83A35D02F22B00F7E062 /* [CP] Check Pods Manifest.lock */ = {
			isa = PBXShellScriptBuildPhase;
			buildActionMask = 2147483647;
			files = (
			);
			inputPaths = (
				"${PODS_PODFILE_DIR_PATH}/Podfile.lock",
				"${PODS_ROOT}/Manifest.lock",
			);
			name = "[CP] Check Pods Manifest.lock";
			outputPaths = (
				"$(DERIVED_FILE_DIR)/Pods-WalletKit-checkManifestLockResult.txt",
			);
			runOnlyForDeploymentPostprocessing = 0;
			shellPath = /bin/sh;
			shellScript = "diff \"${PODS_PODFILE_DIR_PATH}/Podfile.lock\" \"${PODS_ROOT}/Manifest.lock\" > /dev/null\nif [ $? != 0 ] ; then\n    # print error to STDERR\n    echo \"error: The sandbox is not in sync with the Podfile.lock. Run 'pod install' or update your CocoaPods installation.\" >&2\n    exit 1\nfi\n# This output is used by Xcode 'outputs' to avoid re-running this script phase.\necho \"SUCCESS\" > \"${SCRIPT_OUTPUT_FILE_0}\"\n";
			showEnvVarsInLog = 0;
		};
		D380FD6620FCC1C800276993 /* Cuckoo */ = {
			isa = PBXShellScriptBuildPhase;
			buildActionMask = 2147483647;
			files = (
			);
			inputPaths = (
				"$(SRCROOT)/WalletKit/PeerNetwork/PeerGroup.swift",
				"$(SRCROOT)/WalletKit/Core/RealmFactory.swift",
				"$(SRCROOT)/WalletKit/PeerNetwork/NetworkProtocol.swift",
				"$(SRCROOT)/WalletKit/Blocks/BlockSaver.swift",
				"$(SRCROOT)/WalletKit/BlockHeaders/BlockValidator.swift",
				"$(SRCROOT)/WalletKit/Blocks/MerkleBlockValidator.swift",
				"$(SRCROOT)/WalletKit/BlockHeaders/DifficultyEncoder.swift",
				"$(SRCROOT)/WalletKit/Blocks/BlockFactory.swift",
				"$(SRCROOT)/WalletKit/Transactions/TransactionSaver.swift",
				"$(SRCROOT)/WalletKit/Transactions/TransactionLinker.swift",
				"$(SRCROOT)/WalletKit/Transactions/TransactionExtractor.swift",
				"$(SRCROOT)/WalletKit/Transactions/Extractors/P2PKExtractor.swift",
				"$(SRCROOT)/WalletKit/Transactions/Extractors/P2PKHExtractor.swift",
				"$(SRCROOT)/WalletKit/Transactions/Extractors/P2SHExtractor.swift",
				"$(SRCROOT)/WalletKit/Transactions/Extractors/PFromSHExtractor.swift",
				"$(SRCROOT)/WalletKit/BlockHeaders/HeaderSyncer.swift",
				"$(SRCROOT)/WalletKit/Managers/ConfigurationManager.swift",
				"$(SRCROOT)/WalletKit/Managers/WalletKitManager.swift",
				"$(SRCROOT)/WalletKit/HDWallet/HDWallet.swift",
				"$(SRCROOT)/WalletKit/Transactions/Builder/InputSigner.swift",
				"$(SRCROOT)/WalletKit/Transactions/TransactionFactory.swift",
				"$(SRCROOT)/WalletKit/Transactions/TransactionInputFactory.swift",
				"$(SRCROOT)/WalletKit/Transactions/TransactionOutputFactory.swift",
				"$(SRCROOT)/WalletKit/Managers/UnspentOutputsManager.swift",
			);
			name = Cuckoo;
			outputPaths = (
			);
			runOnlyForDeploymentPostprocessing = 0;
			shellPath = /bin/sh;
			shellScript = "# Define output file. Change \"$PROJECT_DIR/${PROJECT_NAME}Tests\" to your test's root source folder, if it's not the default name.\nOUTPUT_FILE=\"$PROJECT_DIR/${PROJECT_NAME}Tests/GeneratedMocks.swift\"\necho \"Generated Mocks File = $OUTPUT_FILE\"\n\n# Define input directory. Change \"${PROJECT_DIR}/${PROJECT_NAME}\" to your project's root source folder, if it's not the default name.\nINPUT_DIR=\"${PROJECT_DIR}/${PROJECT_NAME}\"\necho \"Mocks Input Directory = $INPUT_DIR\"\n\n# Generate mock files, include as many input files as you'd like to create mocks for.\n\"${PODS_ROOT}/Cuckoo/run\" generate --testable \"$PROJECT_NAME\" \\\n--output \"${OUTPUT_FILE}\"";
		};
/* End PBXShellScriptBuildPhase section */

/* Begin PBXSourcesBuildPhase section */
		D380FD5720FCC04400276993 /* Sources */ = {
			isa = PBXSourcesBuildPhase;
			buildActionMask = 2147483647;
			files = (
				D380FD6820FCC22800276993 /* GeneratedMocks.swift in Sources */,
				11B35D23B451CFB803F69CA0 /* TestData.swift in Sources */,
				11B35F93D7F1778A0A0BDC81 /* HeaderSyncerTests.swift in Sources */,
				11B35F982C45FEE664160AD4 /* HeaderHandlerTests.swift in Sources */,
				11B358014EADE399017A1ED3 /* BlockValidatorTests.swift in Sources */,
				11B3566B98586B6548A0E0DB /* TestNetBlockValidatorTests.swift in Sources */,
				11B350F9690143187D6D438B /* BlockSaverTests.swift in Sources */,
				11B3584D53DC8BABAF4858C4 /* MerkleBlockHandlerTests.swift in Sources */,
				11B35FF6B8D6417447158826 /* BlockSyncerTests.swift in Sources */,
				11B35A0F40D42FCAA4633D8A /* DifficultyEncoderTests.swift in Sources */,
				11B3556FE407F45944A769A2 /* DifficultyCalculatorTests.swift in Sources */,
				11B35CDFF90E2447AB536BDB /* MerkleBlockValidatorTests.swift in Sources */,
				11B356B9BCF2C8253C871F44 /* TransactionHandlerTests.swift in Sources */,
				11B3530A091F134194187BFD /* BlockFactoryTests.swift in Sources */,
				11B35D21CC4F7BE641851E83 /* TransactionExtractorTests.swift in Sources */,
				11B35CEAD9ADE1922CD7912A /* TransactionLinkerTests.swift in Sources */,
				11B357E73256EFE543201474 /* TransactionSaverTests.swift in Sources */,
				11B359DB9F6FFA8EE7C8EA6E /* P2PKHExtractorTests.swift in Sources */,
				11B352D61054A1CD7AD03A43 /* P2SHExtractorTests.swift in Sources */,
				11B3551EA82115C81077080C /* P2PKExtractorTests.swift in Sources */,
				11B35471C1382D665EBC9B77 /* PFromSHExtractorTests.swift in Sources */,
				58AAA22DB30DB6FF8373C6D6 /* UnspentOutputsManagerTests.swift in Sources */,
				2FA5DCA14A91CAB48F61F2A0 /* TransactionBuilderTests.swift in Sources */,
				58AAA649DF284C668B495AB2 /* ScriptBuilderTests.swift in Sources */,
				2FA5DC1C403D74796F4131EC /* InputSignerTests.swift in Sources */,
			);
			runOnlyForDeploymentPostprocessing = 0;
		};
		D3FD450020F354EF00F472B9 /* Sources */ = {
			isa = PBXSourcesBuildPhase;
			buildActionMask = 2147483647;
			files = (
				D33FD6BE20F385D700EC10DB /* HDPrivateKey.swift in Sources */,
				D33FD6CF20F3882900EC10DB /* Encoding.swift in Sources */,
				D317120120F7193000AEF61B /* NetworkAddress.swift in Sources */,
				D317120B20F7193000AEF61B /* InventoryMessage.swift in Sources */,
				D31711FF20F7193000AEF61B /* PingMessage.swift in Sources */,
				D317120A20F7193000AEF61B /* GetDataMessage.swift in Sources */,
				D33FD6BC20F385D700EC10DB /* HDPublicKey.swift in Sources */,
				D317121120F7193000AEF61B /* PongMessage.swift in Sources */,
				D33FD6BD20F385D700EC10DB /* HDWallet.swift in Sources */,
				11B35D0A90AD484F62B69A1B /* WalletKitPrivate.m in Sources */,
				D33FD6C120F3863D00EC10DB /* NetworkProtocol.swift in Sources */,
				D33FD6D520F3890700EC10DB /* WordList.swift in Sources */,
				D33FD6BF20F385D700EC10DB /* HDKeychain.swift in Sources */,
				D33FD6C920F3876800EC10DB /* Serialization.swift in Sources */,
				D317120520F7193000AEF61B /* VersionMessage.swift in Sources */,
				11B3511B6F41679F062F356C /* Crypto.swift in Sources */,
				D33FD6D120F3885400EC10DB /* Helpers.swift in Sources */,
				D317121820F719A900AEF61B /* MurmurHash.swift in Sources */,
				D317120F20F7193000AEF61B /* MerkleBlockMessage.swift in Sources */,
				D317120620F7193000AEF61B /* GetBlocksMessage.swift in Sources */,
				D33FD6D420F3890700EC10DB /* Mnemonic.swift in Sources */,
				D317120C20F7193000AEF61B /* BlockMessage.swift in Sources */,
				D317120820F7193000AEF61B /* InventoryItem.swift in Sources */,
				D317120020F7193000AEF61B /* AddressMessage.swift in Sources */,
				11B35C8F2A29CA171165BF7A /* Observable.swift in Sources */,
				D317120E20F7193000AEF61B /* FilterLoadMessage.swift in Sources */,
				D317121020F7193000AEF61B /* VerackMessage.swift in Sources */,
				D317120720F7193000AEF61B /* RejectMessage.swift in Sources */,
				D317120320F7193000AEF61B /* Message.swift in Sources */,
				D31711EA20F7192400AEF61B /* Peer.swift in Sources */,
				11B35785C5E654AB52A81E8A /* BloomFilter.swift in Sources */,
				11B356509EA05BCD114603E0 /* Block.swift in Sources */,
				11B35AFB6F7733F41FE3EA49 /* GetHeadersMessage.swift in Sources */,
				11B3575E152A018865047D4D /* HeadersMessage.swift in Sources */,
				11B359142169EC6D44E21F59 /* ByteStream.swift in Sources */,
				11B3567D267718668A0FF9A7 /* ServiceFlags.swift in Sources */,
				11B35178BC28AE1B995DE8E3 /* VarInt.swift in Sources */,
				11B354CD41E2CC368BC05CDB /* VarString.swift in Sources */,
				11B35DD55E37F22AE1797501 /* Transaction.swift in Sources */,
				11B35464997EBBD3B20BDEBB /* TransactionInput.swift in Sources */,
				11B3598874F8268BE87173B3 /* TransactionOutput.swift in Sources */,
				11B35FC6819CD5A9B94A85BF /* MainNet.swift in Sources */,
				11B350E0BC835C79DEDFF2C7 /* TestNet.swift in Sources */,
				11B3577DC09E75C39C5F7D2A /* String.swift in Sources */,
				11B3569B6059A0F31D7C4866 /* Address.swift in Sources */,
				11B355D39CB0D30F69C89F8B /* BlockHeader.swift in Sources */,
				11B35D3891BAB7EF67AC3B7E /* WalletKitProvider.swift in Sources */,
				11B35EE64EEEE37EB90C5D14 /* PeerGroup.swift in Sources */,
				11B351BDAF0174ADDE4F4E1F /* BlockFactory.swift in Sources */,
				11B3590D672828B1B40434EC /* TransactionFactory.swift in Sources */,
				11B35323910ECEA616F6432F /* TransactionOutputFactory.swift in Sources */,
				11B35ED7B20674AFE2497FCD /* TransactionInputFactory.swift in Sources */,
				11B3554339A5E16A9CE950E7 /* TransactionHandler.swift in Sources */,
				11B35AF8400A6622AED5BFAF /* MerkleBlockHandler.swift in Sources */,
				11B355C5EB65D21F38D2CFCB /* HeaderHandler.swift in Sources */,
				11B358A4D0D687298E84A6C8 /* RealmFactory.swift in Sources */,
				11B356AD3CF7152F828201B9 /* HeaderSyncer.swift in Sources */,
				11B35AAF835FCBAA1EE44128 /* BlockSyncer.swift in Sources */,
				11B35A8D13837B97E97B23FF /* TransactionLinker.swift in Sources */,
				11B35ACFFB6D4F9EA1E7CDE7 /* TransactionExtractor.swift in Sources */,
				11B358D67E8A468F10CC4493 /* TransactionSaver.swift in Sources */,
				11B3561A75D7D7A6DE799675 /* OpCode.swift in Sources */,
				11B358B90F025DAA99D015CC /* P2PKHExtractor.swift in Sources */,
				11B35B0318E92B0DCF798431 /* P2SHExtractor.swift in Sources */,
				11B352951D5B8B5EF40C31BD /* P2PKExtractor.swift in Sources */,
				11B35935E1D1B614A254BFD5 /* PFromSHExtractor.swift in Sources */,
				11B350F90299CD198569645E /* MerkleBlockValidator.swift in Sources */,
				11B351DE5E5B0A9AA3D1B063 /* BlockSaver.swift in Sources */,
				11B352D3CFB8A10D6640E93D /* BlockValidator.swift in Sources */,
				11B35009C92E53C838938CF9 /* DifficultyCalculator.swift in Sources */,
				11B354C7D3039D767739BCB2 /* DifficultyEncoder.swift in Sources */,
				11B351B9459725FD481444A5 /* TestNetBlockValidator.swift in Sources */,
				11B35037E0E47C5D6575A0E0 /* SyncManager.swift in Sources */,
				11B3543B9CDA61125C2B7D78 /* ApiManager.swift in Sources */,
				11B357EE50A55009995DD664 /* WalletKitManager.swift in Sources */,
				11B353B925855EC82CE0CFF1 /* ConfigurationManager.swift in Sources */,
				58AAA1702C9422A8EBA464D7 /* UnspentOutputsManager.swift in Sources */,
				2FA5D39FBC802B5EF03AD53A /* TransactionBuilder.swift in Sources */,
				58AAA3492A592C937473454F /* ScriptBuilder.swift in Sources */,
				2FA5D67384D58067F71CD6B2 /* InputSigner.swift in Sources */,
			);
			runOnlyForDeploymentPostprocessing = 0;
		};
/* End PBXSourcesBuildPhase section */

/* Begin PBXTargetDependency section */
		D380FD6220FCC04400276993 /* PBXTargetDependency */ = {
			isa = PBXTargetDependency;
			target = D3FD450420F354EF00F472B9 /* WalletKit */;
			targetProxy = D380FD6120FCC04400276993 /* PBXContainerItemProxy */;
		};
/* End PBXTargetDependency section */

/* Begin XCBuildConfiguration section */
		D380FD6320FCC04400276993 /* Debug */ = {
			isa = XCBuildConfiguration;
			baseConfigurationReference = 6B851FED93B7529C1E1B34B6 /* Pods-WalletKitTests.debug.xcconfig */;
			buildSettings = {
				CODE_SIGN_STYLE = Automatic;
				DEVELOPMENT_TEAM = 72234W6E3D;
				INFOPLIST_FILE = WalletKitTests/Info.plist;
				IPHONEOS_DEPLOYMENT_TARGET = 11.4;
				LD_RUNPATH_SEARCH_PATHS = (
					"$(inherited)",
					"@executable_path/Frameworks",
					"@loader_path/Frameworks",
				);
				PRODUCT_BUNDLE_IDENTIFIER = im.grouvi.WalletKitTests;
				PRODUCT_NAME = "$(TARGET_NAME)";
				SWIFT_VERSION = 4.0;
				TARGETED_DEVICE_FAMILY = "1,2";
			};
			name = Debug;
		};
		D380FD6420FCC04400276993 /* Release */ = {
			isa = XCBuildConfiguration;
			baseConfigurationReference = 7AC7B1938125A8B9E14B8BE0 /* Pods-WalletKitTests.release.xcconfig */;
			buildSettings = {
				CODE_SIGN_STYLE = Automatic;
				DEVELOPMENT_TEAM = 72234W6E3D;
				INFOPLIST_FILE = WalletKitTests/Info.plist;
				IPHONEOS_DEPLOYMENT_TARGET = 11.4;
				LD_RUNPATH_SEARCH_PATHS = (
					"$(inherited)",
					"@executable_path/Frameworks",
					"@loader_path/Frameworks",
				);
				PRODUCT_BUNDLE_IDENTIFIER = im.grouvi.WalletKitTests;
				PRODUCT_NAME = "$(TARGET_NAME)";
				SWIFT_VERSION = 4.0;
				TARGETED_DEVICE_FAMILY = "1,2";
			};
			name = Release;
		};
		D3FD450B20F354EF00F472B9 /* Debug */ = {
			isa = XCBuildConfiguration;
			buildSettings = {
				ALWAYS_SEARCH_USER_PATHS = NO;
				CLANG_ANALYZER_NONNULL = YES;
				CLANG_ANALYZER_NUMBER_OBJECT_CONVERSION = YES_AGGRESSIVE;
				CLANG_CXX_LANGUAGE_STANDARD = "gnu++14";
				CLANG_CXX_LIBRARY = "libc++";
				CLANG_ENABLE_MODULES = YES;
				CLANG_ENABLE_OBJC_ARC = YES;
				CLANG_ENABLE_OBJC_WEAK = YES;
				CLANG_WARN_BLOCK_CAPTURE_AUTORELEASING = YES;
				CLANG_WARN_BOOL_CONVERSION = YES;
				CLANG_WARN_COMMA = YES;
				CLANG_WARN_CONSTANT_CONVERSION = YES;
				CLANG_WARN_DEPRECATED_OBJC_IMPLEMENTATIONS = YES;
				CLANG_WARN_DIRECT_OBJC_ISA_USAGE = YES_ERROR;
				CLANG_WARN_DOCUMENTATION_COMMENTS = YES;
				CLANG_WARN_EMPTY_BODY = YES;
				CLANG_WARN_ENUM_CONVERSION = YES;
				CLANG_WARN_INFINITE_RECURSION = YES;
				CLANG_WARN_INT_CONVERSION = YES;
				CLANG_WARN_NON_LITERAL_NULL_CONVERSION = YES;
				CLANG_WARN_OBJC_IMPLICIT_RETAIN_SELF = YES;
				CLANG_WARN_OBJC_LITERAL_CONVERSION = YES;
				CLANG_WARN_OBJC_ROOT_CLASS = YES_ERROR;
				CLANG_WARN_RANGE_LOOP_ANALYSIS = YES;
				CLANG_WARN_STRICT_PROTOTYPES = YES;
				CLANG_WARN_SUSPICIOUS_MOVE = YES;
				CLANG_WARN_UNGUARDED_AVAILABILITY = YES_AGGRESSIVE;
				CLANG_WARN_UNREACHABLE_CODE = YES;
				CLANG_WARN__DUPLICATE_METHOD_MATCH = YES;
				CODE_SIGN_IDENTITY = "iPhone Developer";
				COPY_PHASE_STRIP = NO;
				CURRENT_PROJECT_VERSION = 1;
				DEBUG_INFORMATION_FORMAT = dwarf;
				ENABLE_STRICT_OBJC_MSGSEND = YES;
				ENABLE_TESTABILITY = YES;
				GCC_C_LANGUAGE_STANDARD = gnu11;
				GCC_DYNAMIC_NO_PIC = NO;
				GCC_NO_COMMON_BLOCKS = YES;
				GCC_OPTIMIZATION_LEVEL = 0;
				GCC_PREPROCESSOR_DEFINITIONS = (
					"DEBUG=1",
					"$(inherited)",
				);
				GCC_WARN_64_TO_32_BIT_CONVERSION = YES;
				GCC_WARN_ABOUT_RETURN_TYPE = YES_ERROR;
				GCC_WARN_UNDECLARED_SELECTOR = YES;
				GCC_WARN_UNINITIALIZED_AUTOS = YES_AGGRESSIVE;
				GCC_WARN_UNUSED_FUNCTION = YES;
				GCC_WARN_UNUSED_VARIABLE = YES;
				IPHONEOS_DEPLOYMENT_TARGET = 11.0;
				MTL_ENABLE_DEBUG_INFO = YES;
				ONLY_ACTIVE_ARCH = YES;
				SDKROOT = iphoneos;
				SWIFT_ACTIVE_COMPILATION_CONDITIONS = DEBUG;
				SWIFT_OPTIMIZATION_LEVEL = "-Onone";
				VERSIONING_SYSTEM = "apple-generic";
				VERSION_INFO_PREFIX = "";
			};
			name = Debug;
		};
		D3FD450C20F354EF00F472B9 /* Release */ = {
			isa = XCBuildConfiguration;
			buildSettings = {
				ALWAYS_SEARCH_USER_PATHS = NO;
				CLANG_ANALYZER_NONNULL = YES;
				CLANG_ANALYZER_NUMBER_OBJECT_CONVERSION = YES_AGGRESSIVE;
				CLANG_CXX_LANGUAGE_STANDARD = "gnu++14";
				CLANG_CXX_LIBRARY = "libc++";
				CLANG_ENABLE_MODULES = YES;
				CLANG_ENABLE_OBJC_ARC = YES;
				CLANG_ENABLE_OBJC_WEAK = YES;
				CLANG_WARN_BLOCK_CAPTURE_AUTORELEASING = YES;
				CLANG_WARN_BOOL_CONVERSION = YES;
				CLANG_WARN_COMMA = YES;
				CLANG_WARN_CONSTANT_CONVERSION = YES;
				CLANG_WARN_DEPRECATED_OBJC_IMPLEMENTATIONS = YES;
				CLANG_WARN_DIRECT_OBJC_ISA_USAGE = YES_ERROR;
				CLANG_WARN_DOCUMENTATION_COMMENTS = YES;
				CLANG_WARN_EMPTY_BODY = YES;
				CLANG_WARN_ENUM_CONVERSION = YES;
				CLANG_WARN_INFINITE_RECURSION = YES;
				CLANG_WARN_INT_CONVERSION = YES;
				CLANG_WARN_NON_LITERAL_NULL_CONVERSION = YES;
				CLANG_WARN_OBJC_IMPLICIT_RETAIN_SELF = YES;
				CLANG_WARN_OBJC_LITERAL_CONVERSION = YES;
				CLANG_WARN_OBJC_ROOT_CLASS = YES_ERROR;
				CLANG_WARN_RANGE_LOOP_ANALYSIS = YES;
				CLANG_WARN_STRICT_PROTOTYPES = YES;
				CLANG_WARN_SUSPICIOUS_MOVE = YES;
				CLANG_WARN_UNGUARDED_AVAILABILITY = YES_AGGRESSIVE;
				CLANG_WARN_UNREACHABLE_CODE = YES;
				CLANG_WARN__DUPLICATE_METHOD_MATCH = YES;
				CODE_SIGN_IDENTITY = "iPhone Developer";
				COPY_PHASE_STRIP = NO;
				CURRENT_PROJECT_VERSION = 1;
				DEBUG_INFORMATION_FORMAT = "dwarf-with-dsym";
				ENABLE_NS_ASSERTIONS = NO;
				ENABLE_STRICT_OBJC_MSGSEND = YES;
				GCC_C_LANGUAGE_STANDARD = gnu11;
				GCC_NO_COMMON_BLOCKS = YES;
				GCC_WARN_64_TO_32_BIT_CONVERSION = YES;
				GCC_WARN_ABOUT_RETURN_TYPE = YES_ERROR;
				GCC_WARN_UNDECLARED_SELECTOR = YES;
				GCC_WARN_UNINITIALIZED_AUTOS = YES_AGGRESSIVE;
				GCC_WARN_UNUSED_FUNCTION = YES;
				GCC_WARN_UNUSED_VARIABLE = YES;
				IPHONEOS_DEPLOYMENT_TARGET = 11.0;
				MTL_ENABLE_DEBUG_INFO = NO;
				SDKROOT = iphoneos;
				SWIFT_COMPILATION_MODE = wholemodule;
				SWIFT_OPTIMIZATION_LEVEL = "-O";
				VALIDATE_PRODUCT = YES;
				VERSIONING_SYSTEM = "apple-generic";
				VERSION_INFO_PREFIX = "";
			};
			name = Release;
		};
		D3FD450E20F354EF00F472B9 /* Debug */ = {
			isa = XCBuildConfiguration;
			baseConfigurationReference = 0DCE6AF072E80FCF78CC97A3 /* Pods-WalletKit.debug.xcconfig */;
			buildSettings = {
				APPLICATION_EXTENSION_API_ONLY = YES;
				CLANG_ENABLE_MODULES = YES;
				CODE_SIGN_IDENTITY = "";
				CODE_SIGN_STYLE = Automatic;
				DEFINES_MODULE = YES;
				DEVELOPMENT_TEAM = 72234W6E3D;
				DYLIB_COMPATIBILITY_VERSION = 1;
				DYLIB_CURRENT_VERSION = 1;
				DYLIB_INSTALL_NAME_BASE = "@rpath";
				HEADER_SEARCH_PATHS = (
					"$(inherited)",
					"$(SRCROOT)/Libraries/secp256k1/include",
					"$(SRCROOT)/Libraries/openssl/include",
				);
				INFOPLIST_FILE = WalletKit/Info.plist;
				INSTALL_PATH = "$(LOCAL_LIBRARY_DIR)/Frameworks";
				LD_RUNPATH_SEARCH_PATHS = (
					"$(inherited)",
					"@executable_path/Frameworks",
					"@loader_path/Frameworks",
				);
				LIBRARY_SEARCH_PATHS = (
					"$(inherited)",
					"$(SRCROOT)/Libraries/secp256k1/lib",
					"$(SRCROOT)/Libraries/openssl/lib",
					"$(PROJECT_DIR)/Libraries/openssl/lib",
				);
				MODULEMAP_FILE = "$(SRCROOT)/WalletKit/WalletKit.modulemap";
				PRODUCT_BUNDLE_IDENTIFIER = im.grouvi.WalletKit;
				PRODUCT_NAME = "$(TARGET_NAME:c99extidentifier)";
				SKIP_INSTALL = YES;
				SWIFT_INCLUDE_PATHS = "$(SRCROOT)/Libraries";
				SWIFT_OPTIMIZATION_LEVEL = "-Onone";
				SWIFT_VERSION = 4.0;
				TARGETED_DEVICE_FAMILY = "1,2";
			};
			name = Debug;
		};
		D3FD450F20F354EF00F472B9 /* Release */ = {
			isa = XCBuildConfiguration;
			baseConfigurationReference = A55FEE3EC60BF5F4516B2A22 /* Pods-WalletKit.release.xcconfig */;
			buildSettings = {
				APPLICATION_EXTENSION_API_ONLY = YES;
				CLANG_ENABLE_MODULES = YES;
				CODE_SIGN_IDENTITY = "";
				CODE_SIGN_STYLE = Automatic;
				DEFINES_MODULE = YES;
				DEVELOPMENT_TEAM = 72234W6E3D;
				DYLIB_COMPATIBILITY_VERSION = 1;
				DYLIB_CURRENT_VERSION = 1;
				DYLIB_INSTALL_NAME_BASE = "@rpath";
				HEADER_SEARCH_PATHS = (
					"$(inherited)",
					"$(SRCROOT)/Libraries/secp256k1/include",
					"$(SRCROOT)/Libraries/openssl/include",
				);
				INFOPLIST_FILE = WalletKit/Info.plist;
				INSTALL_PATH = "$(LOCAL_LIBRARY_DIR)/Frameworks";
				LD_RUNPATH_SEARCH_PATHS = (
					"$(inherited)",
					"@executable_path/Frameworks",
					"@loader_path/Frameworks",
				);
				LIBRARY_SEARCH_PATHS = (
					"$(inherited)",
					"$(SRCROOT)/Libraries/secp256k1/lib",
					"$(SRCROOT)/Libraries/openssl/lib",
					"$(PROJECT_DIR)/Libraries/openssl/lib",
				);
				MODULEMAP_FILE = "$(SRCROOT)/WalletKit/WalletKit.modulemap";
				PRODUCT_BUNDLE_IDENTIFIER = im.grouvi.WalletKit;
				PRODUCT_NAME = "$(TARGET_NAME:c99extidentifier)";
				SKIP_INSTALL = YES;
				SWIFT_INCLUDE_PATHS = "$(SRCROOT)/Libraries";
				SWIFT_VERSION = 4.0;
				TARGETED_DEVICE_FAMILY = "1,2";
			};
			name = Release;
		};
/* End XCBuildConfiguration section */

/* Begin XCConfigurationList section */
		D380FD6520FCC04400276993 /* Build configuration list for PBXNativeTarget "WalletKitTests" */ = {
			isa = XCConfigurationList;
			buildConfigurations = (
				D380FD6320FCC04400276993 /* Debug */,
				D380FD6420FCC04400276993 /* Release */,
			);
			defaultConfigurationIsVisible = 0;
			defaultConfigurationName = Release;
		};
		D3FD44FF20F354EF00F472B9 /* Build configuration list for PBXProject "WalletKit" */ = {
			isa = XCConfigurationList;
			buildConfigurations = (
				D3FD450B20F354EF00F472B9 /* Debug */,
				D3FD450C20F354EF00F472B9 /* Release */,
			);
			defaultConfigurationIsVisible = 0;
			defaultConfigurationName = Release;
		};
		D3FD450D20F354EF00F472B9 /* Build configuration list for PBXNativeTarget "WalletKit" */ = {
			isa = XCConfigurationList;
			buildConfigurations = (
				D3FD450E20F354EF00F472B9 /* Debug */,
				D3FD450F20F354EF00F472B9 /* Release */,
			);
			defaultConfigurationIsVisible = 0;
			defaultConfigurationName = Release;
		};
/* End XCConfigurationList section */
	};
	rootObject = D3FD44FC20F354EF00F472B9 /* Project object */;
}
