PODS:
  - ActionSheet.swift (1.1):
    - SnapKit (~> 5.0)
    - UIExtensions.swift (~> 1.1)
  - Alamofire (4.9.1)
  - AlamofireImage (3.6.0):
    - Alamofire (~> 4.9)
  - BigInt (5.0.0)
  - BinanceChainKit.swift (0.3.1):
    - Alamofire (~> 4.0)
    - GRDB.swift (~> 4.0)
    - HdWalletKit.swift (~> 1.4)
    - OpenSslKit.swift (~> 1.0)
    - RxSwift (~> 5.0)
    - Secp256k1Kit.swift (~> 1.0)
    - SwiftProtobuf (~> 1.6)
    - SwiftyJSON (~> 4.3)
  - BitcoinCashKit.swift (0.13.2):
    - Alamofire (~> 4.0)
    - BigInt (~> 5.0)
    - BitcoinCore.swift (~> 0.13.2)
    - GRDB.swift (~> 4.0)
    - HdWalletKit.swift (~> 1.4)
    - ObjectMapper (~> 3.0)
    - OpenSslKit.swift (~> 1.0)
    - RxSwift (~> 5.0)
    - Secp256k1Kit.swift (~> 1.0)
  - BitcoinCore.swift (0.13.6):
    - Alamofire (~> 4.0)
    - BigInt (~> 5.0)
    - GRDB.swift (~> 4.0)
    - HdWalletKit.swift (~> 1.4)
    - ObjectMapper (~> 3.0)
    - OpenSslKit.swift (~> 1.0)
    - RxSwift (~> 5.0)
    - Secp256k1Kit.swift (~> 1.0)
  - BitcoinKit.swift (0.13.2):
    - Alamofire (~> 4.0)
    - BigInt (~> 5.0)
    - BitcoinCore.swift (~> 0.13.2)
    - GRDB.swift (~> 4.0)
    - HdWalletKit.swift (~> 1.4)
    - Hodler.swift (~> 0.13.2)
    - ObjectMapper (~> 3.0)
    - OpenSslKit.swift (~> 1.0)
    - RxSwift (~> 5.0)
    - Secp256k1Kit.swift (~> 1.0)
  - BlsKit.swift (1.0)
  - BlueSocket (1.0.52)
  - Chart.swift (1.2):
    - SnapKit (~> 5.0)
  - Cuckoo (1.3.2):
    - Cuckoo/Swift (= 1.3.2)
  - Cuckoo/Swift (1.3.2)
  - CurrencyKit.swift (1.0):
    - LanguageKit.swift (~> 1.0)
    - RxSwift (~> 5.0)
    - SectionsTableView.swift (~> 1.1)
    - StorageKit.swift (~> 1.0)
    - ThemeKit.swift (~> 1.0)
  - DashKit.swift (0.13.3):
    - Alamofire (~> 4.0)
    - BigInt (~> 5.0)
    - BitcoinCore.swift (~> 0.13.2)
    - BlsKit.swift (~> 1.0)
    - GRDB.swift (~> 4.0)
    - HdWalletKit.swift (~> 1.4)
    - ObjectMapper (~> 3.0)
    - OpenSslKit.swift (~> 1.0)
    - RxSwift (~> 5.0)
    - Secp256k1Kit.swift (~> 1.0)
    - X11Kit.swift (~> 1.0)
  - DeepDiff (2.3.1)
  - EosioSwift (0.2.1):
    - BigInt (~> 5.0)
    - PromiseKit (~> 6.8)
  - EosioSwiftAbieosSerializationProvider (0.2.1):
    - EosioSwift (~> 0.2.1)
  - EosioSwiftEcc (0.2.1):
    - EosioSwift (~> 0.2.1)
    - GRKOpenSSLFramework (= 1.0.2.19)
  - EosioSwiftSoftkeySignatureProvider (0.2.1):
    - EosioSwift (~> 0.2.1)
    - EosioSwiftEcc (~> 0.2.1)
  - EosKit.swift (0.3.2):
    - Alamofire (~> 4.0)
    - EosioSwift (~> 0.2.1)
    - EosioSwiftAbieosSerializationProvider (~> 0.2.1)
    - EosioSwiftSoftkeySignatureProvider (~> 0.2.1)
    - GRDB.swift (~> 4.0)
    - RxSwift (~> 5.0)
  - Erc20Kit.swift (0.9):
    - BigInt (~> 5.0)
    - EthereumKit.swift (~> 0.9)
    - GRDB.swift (~> 4.0)
    - OpenSslKit.swift (~> 1.0)
    - RxSwift (~> 5.0)
    - Secp256k1Kit.swift (~> 1.0)
  - EthereumKit.swift (0.9):
    - Alamofire (~> 4.0)
    - BigInt (~> 5.0)
    - BlueSocket (~> 1.0)
    - GRDB.swift (~> 4.0)
    - HdWalletKit.swift (~> 1.4)
    - OpenSslKit.swift (~> 1.0)
    - RxSwift (~> 5.0)
    - Secp256k1Kit.swift (~> 1.0)
  - FeeRateKit.swift (0.4):
    - Alamofire (~> 4.0)
    - RxSwift (~> 5.0)
  - GRDB.swift (4.9.0):
    - GRDB.swift/standard (= 4.9.0)
  - GRDB.swift/standard (4.9.0)
  - GRKOpenSSLFramework (1.0.2.19)
  - HdWalletKit.swift (1.4):
    - OpenSslKit.swift (~> 1.0)
    - Secp256k1Kit.swift (~> 1.0)
  - Hodler.swift (0.13.2):
    - BitcoinCore.swift (~> 0.13.2)
    - OpenSslKit.swift (~> 1.0)
    - Secp256k1Kit.swift (~> 1.0)
  - HUD.swift (1.2):
    - SnapKit (~> 5.0)
    - UIExtensions.swift (~> 1.1)
  - KeychainAccess (4.1.0)
  - LanguageKit.swift (1.0):
    - SectionsTableView.swift (~> 1.1)
    - ThemeKit.swift (~> 1.0)
    - UIExtensions.swift (~> 1.1)
  - Nimble (8.0.5)
  - ObjectMapper (3.5.1)
  - OpenSslKit.swift (1.0)
  - PinKit.swift (1.0):
    - LanguageKit.swift (~> 1.0)
    - RxSwift
    - StorageKit.swift (~> 1.0)
    - ThemeKit.swift (~> 1.0)
    - UIExtensions.swift (~> 1.1)
  - PromiseKit (6.13.1):
    - PromiseKit/CorePromise (= 6.13.1)
    - PromiseKit/Foundation (= 6.13.1)
    - PromiseKit/UIKit (= 6.13.1)
  - PromiseKit/CorePromise (6.13.1)
  - PromiseKit/Foundation (6.13.1):
    - PromiseKit/CorePromise
  - PromiseKit/UIKit (6.13.1):
    - PromiseKit/CorePromise
  - Quick (2.2.0)
  - RxCocoa (5.0.1):
    - RxRelay (~> 5)
    - RxSwift (~> 5)
  - RxGRDB (0.18.0):
    - RxGRDB/default (= 0.18.0)
    - RxSwift (~> 5.0)
  - RxGRDB/default (0.18.0):
    - GRDB.swift (~> 4.1)
    - RxSwift (~> 5.0)
  - RxRelay (5.0.1):
    - RxSwift (~> 5)
  - RxSwift (5.0.1)
  - RxSwiftExt (5.2.0):
    - RxSwiftExt/Core (= 5.2.0)
    - RxSwiftExt/RxCocoa (= 5.2.0)
  - RxSwiftExt/Core (5.2.0):
    - RxSwift (~> 5.0)
  - RxSwiftExt/RxCocoa (5.2.0):
    - RxCocoa (~> 5.0)
    - RxSwiftExt/Core
  - Secp256k1Kit.swift (1.0)
  - SectionsTableView.swift (1.1):
    - SnapKit (~> 5.0)
    - UIExtensions.swift (~> 1.1)
  - SnapKit (5.0.1)
  - StorageKit.swift (1.0):
    - KeychainAccess (~> 4.1)
    - LanguageKit.swift (~> 1.0)
    - ThemeKit.swift (~> 1.0)
  - SwiftProtobuf (1.8.0)
  - SwiftyJSON (4.3.0)
  - ThemeKit.swift (1.0):
    - HUD.swift (~> 1.2)
    - SnapKit (~> 5.0)
    - UIExtensions.swift (~> 1.1)
  - UIExtensions.swift (1.1)
  - X11Kit.swift (1.0)
  - XRatesKit.swift (0.5):
    - Alamofire (~> 4.0)
    - GRDB.swift (~> 4.0)
    - ObjectMapper (~> 3.5)
    - RxSwift (~> 5.0)
    - RxSwiftExt (~> 5)

DEPENDENCIES:
  - ActionSheet.swift
  - Alamofire
  - AlamofireImage
  - BigInt
  - BinanceChainKit.swift
  - BitcoinCashKit.swift (from `https://github.com/horizontalsystems/bitcoin-kit-ios.git`)
  - BitcoinCore.swift (from `https://github.com/horizontalsystems/bitcoin-kit-ios.git`)
  - BitcoinKit.swift (from `https://github.com/horizontalsystems/bitcoin-kit-ios.git`)
  - Chart.swift (from `https://github.com/horizontalsystems/gui-kit/`)
  - Cuckoo
  - CurrencyKit.swift (from `https://github.com/horizontalsystems/component-kit-ios/`)
  - DashKit.swift (from `https://github.com/horizontalsystems/bitcoin-kit-ios.git`)
  - DeepDiff
  - EosioSwiftAbieosSerializationProvider (from `https://github.com/horizontalsystems/eosio-swift-abieos-serialization-provider.git`)
  - EosKit.swift
  - Erc20Kit.swift
  - EthereumKit.swift
  - FeeRateKit.swift (from `https://github.com/horizontalsystems/blockchain-fee-rate-kit-ios`)
  - GRDB.swift
  - HdWalletKit.swift
  - Hodler.swift (from `https://github.com/horizontalsystems/bitcoin-kit-ios.git`)
  - HUD.swift
  - KeychainAccess
  - LanguageKit.swift (from `https://github.com/horizontalsystems/component-kit-ios/`)
  - Nimble
  - ObjectMapper
  - PinKit.swift (from `https://github.com/horizontalsystems/component-kit-ios/`)
  - Quick
  - RxCocoa
  - RxGRDB
  - RxSwift
  - SectionsTableView.swift
  - SnapKit
  - StorageKit.swift (from `https://github.com/horizontalsystems/component-kit-ios/`)
  - ThemeKit.swift (from `https://github.com/horizontalsystems/component-kit-ios/`)
  - UIExtensions.swift (from `https://github.com/horizontalsystems/gui-kit/`)
  - XRatesKit.swift (from `https://github.com/horizontalsystems/xrates-kit-ios/`)

SPEC REPOS:
  trunk:
    - ActionSheet.swift
    - Alamofire
    - AlamofireImage
    - BigInt
    - BinanceChainKit.swift
    - BlsKit.swift
    - BlueSocket
    - Cuckoo
    - DeepDiff
    - EosioSwift
    - EosioSwiftEcc
    - EosioSwiftSoftkeySignatureProvider
    - EosKit.swift
    - Erc20Kit.swift
    - EthereumKit.swift
    - GRDB.swift
    - GRKOpenSSLFramework
    - HdWalletKit.swift
    - HUD.swift
    - KeychainAccess
    - Nimble
    - ObjectMapper
    - OpenSslKit.swift
    - PromiseKit
    - Quick
    - RxCocoa
    - RxGRDB
    - RxRelay
    - RxSwift
    - RxSwiftExt
    - Secp256k1Kit.swift
    - SectionsTableView.swift
    - SnapKit
    - SwiftProtobuf
    - SwiftyJSON
    - X11Kit.swift

EXTERNAL SOURCES:
  BitcoinCashKit.swift:
    :git: https://github.com/horizontalsystems/bitcoin-kit-ios.git
  BitcoinCore.swift:
    :git: https://github.com/horizontalsystems/bitcoin-kit-ios.git
  BitcoinKit.swift:
    :git: https://github.com/horizontalsystems/bitcoin-kit-ios.git
  Chart.swift:
    :git: https://github.com/horizontalsystems/gui-kit/
  CurrencyKit.swift:
    :git: https://github.com/horizontalsystems/component-kit-ios/
  DashKit.swift:
    :git: https://github.com/horizontalsystems/bitcoin-kit-ios.git
  EosioSwiftAbieosSerializationProvider:
    :git: https://github.com/horizontalsystems/eosio-swift-abieos-serialization-provider.git
  FeeRateKit.swift:
    :git: https://github.com/horizontalsystems/blockchain-fee-rate-kit-ios
  Hodler.swift:
    :git: https://github.com/horizontalsystems/bitcoin-kit-ios.git
  LanguageKit.swift:
    :git: https://github.com/horizontalsystems/component-kit-ios/
  PinKit.swift:
    :git: https://github.com/horizontalsystems/component-kit-ios/
  StorageKit.swift:
    :git: https://github.com/horizontalsystems/component-kit-ios/
  ThemeKit.swift:
    :git: https://github.com/horizontalsystems/component-kit-ios/
  UIExtensions.swift:
    :git: https://github.com/horizontalsystems/gui-kit/
  XRatesKit.swift:
    :git: https://github.com/horizontalsystems/xrates-kit-ios/

CHECKOUT OPTIONS:
  BitcoinCashKit.swift:
    :commit: 26f1cf8c56e367bfab05ebf6c8d44110e8c2d699
    :git: https://github.com/horizontalsystems/bitcoin-kit-ios.git
  BitcoinCore.swift:
    :commit: 26f1cf8c56e367bfab05ebf6c8d44110e8c2d699
    :git: https://github.com/horizontalsystems/bitcoin-kit-ios.git
  BitcoinKit.swift:
    :commit: 26f1cf8c56e367bfab05ebf6c8d44110e8c2d699
    :git: https://github.com/horizontalsystems/bitcoin-kit-ios.git
  Chart.swift:
    :commit: c91d33f17f74bb06d37186f2f843497ccbfb07ef
    :git: https://github.com/horizontalsystems/gui-kit/
  CurrencyKit.swift:
    :commit: 3485c5baceb1c14b7f3aa1db65e4642f7ab25c9e
    :git: https://github.com/horizontalsystems/component-kit-ios/
  DashKit.swift:
    :commit: 26f1cf8c56e367bfab05ebf6c8d44110e8c2d699
    :git: https://github.com/horizontalsystems/bitcoin-kit-ios.git
  EosioSwiftAbieosSerializationProvider:
    :commit: 7ac04899e62012e225e0ea48a96951de0b72ad08
    :git: https://github.com/horizontalsystems/eosio-swift-abieos-serialization-provider.git
  FeeRateKit.swift:
    :commit: 2f873d8801ddf9c8fbcb8660805f316c7b1b4b8c
    :git: https://github.com/horizontalsystems/blockchain-fee-rate-kit-ios
  Hodler.swift:
    :commit: 26f1cf8c56e367bfab05ebf6c8d44110e8c2d699
    :git: https://github.com/horizontalsystems/bitcoin-kit-ios.git
  LanguageKit.swift:
    :commit: 3485c5baceb1c14b7f3aa1db65e4642f7ab25c9e
    :git: https://github.com/horizontalsystems/component-kit-ios/
  PinKit.swift:
    :commit: 3485c5baceb1c14b7f3aa1db65e4642f7ab25c9e
    :git: https://github.com/horizontalsystems/component-kit-ios/
  StorageKit.swift:
    :commit: 3485c5baceb1c14b7f3aa1db65e4642f7ab25c9e
    :git: https://github.com/horizontalsystems/component-kit-ios/
  ThemeKit.swift:
    :commit: 3485c5baceb1c14b7f3aa1db65e4642f7ab25c9e
    :git: https://github.com/horizontalsystems/component-kit-ios/
  UIExtensions.swift:
    :commit: c91d33f17f74bb06d37186f2f843497ccbfb07ef
    :git: https://github.com/horizontalsystems/gui-kit/
  XRatesKit.swift:
    :commit: 1c49d0fc781ec7894b3969f2eed45d1800165a70
    :git: https://github.com/horizontalsystems/xrates-kit-ios/

SPEC CHECKSUMS:
  ActionSheet.swift: 5352dbbab9b2cf408341e85c15642a52495c7fd6
  Alamofire: 85e8a02c69d6020a0d734f6054870d7ecb75cf18
  AlamofireImage: be9963c6582d68b39e89191f64c82a7d7bf40fdd
  BigInt: 74b4d88367b0e819d9f77393549226d36faeb0d8
  BinanceChainKit.swift: 93284bbe850c76963bc984b8b344b6bcdf5d87c1
  BitcoinCashKit.swift: 91e981ddc6e663d598130c65a1e756393058a2e7
  BitcoinCore.swift: b2498d398bbf39b1d568980deaf1fe372df509dc
  BitcoinKit.swift: 1d216c95eed1a8fcfa997e4d86fe10559d84f56c
  BlsKit.swift: 533e494e0068f9ad2cf211a31fe9279f688af123
  BlueSocket: 1acd943acb07b55905291d608649fcfbf8cbd57d
  Chart.swift: 2634973317e2637347d160b99992b7b21cbf7644
  Cuckoo: 57f71c6616b6b08cd9fe27f803da056fb619ff3e
  CurrencyKit.swift: c1a37e0e43eac3828be95c8348693f192d67b376
  DashKit.swift: 6ee100d9c2f847c7564c5bf5cfbfbd738393c92b
  DeepDiff: e5ae6c50d0321568e4508cec5930b9f10bb293fc
  EosioSwift: 21ca0d61e7928a982a64c82b623e7342d7dd86dc
  EosioSwiftAbieosSerializationProvider: f5fc013dde26b49d037d9b827fc66c905c22de50
  EosioSwiftEcc: b0ba4fe71c70c377e30d2ce79fcf1b55864c7669
  EosioSwiftSoftkeySignatureProvider: dbf7a251a45bc51f1040bed93f2bec67a9620905
  EosKit.swift: f74e0444ecc9cc5104b76b4e50b410f02165fa7e
  Erc20Kit.swift: 6b2e531860457ace083f30762db0a6b9e76bfbd5
  EthereumKit.swift: 409a1beedd2e414e9f40f662668b0294b206c575
  FeeRateKit.swift: a2e4b9994cd67d321b32c5b99084bf7e664c4ebc
  GRDB.swift: 4a6aab0c6f492db0ed42c76efdd5733245516db4
  GRKOpenSSLFramework: 4abc733a8fcbc37060619a86a54202d2938dd70e
  HdWalletKit.swift: 45af883b0aa722a56ed9a0de82121ba6c43cce3f
  Hodler.swift: 19c22fbea5f44cc6479df18fbc8c29233e9a5c2d
  HUD.swift: 0b9d074f07f601891878f87ff10ad867eed3182b
  KeychainAccess: 445e28864fe6d3458b41fa211bcdc39890e8bd5a
  LanguageKit.swift: f1105c75fe9d04f482d2ab55e48eb91ed008abef
  Nimble: 4ab1aeb9b45553c75b9687196b0fa0713170a332
  ObjectMapper: 70187b8941977c62ccfb423caf6b50be405cabf0
  OpenSslKit.swift: 6e699e0d69fae6b306eaca0b8971c59bc45546ab
  PinKit.swift: 1acbf82ce5114972f1eb9a5a0c1b808dc08ad12e
  PromiseKit: 28fda91c973cc377875d8c0ea4f973013c05b6db
  Quick: 7fb19e13be07b5dfb3b90d4f9824c855a11af40e
  RxCocoa: e741b9749968e8a143e2b787f1dfbff2b63d0a5c
  RxGRDB: 41dfd8f987aad7a7bdd7c420319d3eb23ee383f3
  RxRelay: 89d54507f4fd4d969e6ec1d4bd7f3673640b4640
  RxSwift: e2dc62b366a3adf6a0be44ba9f405efd4c94e0c4
  RxSwiftExt: 4ca80336f43c28f11a2825cdd2fc61dd6c044697
  Secp256k1Kit.swift: 93b1bfbb8909c12605666cc3b1e59d1d1fde7322
  SectionsTableView.swift: 91f2235b63405f938621b7df040149d7c65b355d
  SnapKit: 97b92857e3df3a0c71833cce143274bf6ef8e5eb
  StorageKit.swift: 1b618d59978510ac2f32971a01f87e54cddbe0da
  SwiftProtobuf: 2cbd9409689b7df170d82a92a33443c8e3e14a70
  SwiftyJSON: 6faa0040f8b59dead0ee07436cbf76b73c08fd08
  ThemeKit.swift: ab5c081b10f6a80149d37751f3ee98f1292bf497
  UIExtensions.swift: b3852a339a81c730d98b3342ae0275e807703782
  X11Kit.swift: 6cfd05473e41c7b866c1a016300da02af63ad049
  XRatesKit.swift: 568660675ce881653095645bc9e30dbc1abc5578

PODFILE CHECKSUM: ff00b9a68f8cd0d2771c451de6126f22161511e4

COCOAPODS: 1.8.4
