// !$*UTF8*$!
{
	archiveVersion = 1;
	classes = {
	};
	objectVersion = 50;
	objects = {

/* Begin PBXBuildFile section */
		11B350021803A9BE10492F30 /* GuestRouter.swift in Sources */ = {isa = PBXBuildFile; fileRef = 11B35ADA6828A0EF11976938 /* GuestRouter.swift */; };
		11B350EBB160E6A0C679BD3C /* GuestPresenterTests.swift in Sources */ = {isa = PBXBuildFile; fileRef = 11B35FF2D2C084366AA66F32 /* GuestPresenterTests.swift */; };
		11B35199B905F813F626AD3C /* BackupPresenterTests.swift in Sources */ = {isa = PBXBuildFile; fileRef = 11B35E402C000B78E52BD5EE /* BackupPresenterTests.swift */; };
		11B3522E2CF47724A4ECD9CE /* UIColor.swift in Sources */ = {isa = PBXBuildFile; fileRef = 11B35D02A4639155F5453ABB /* UIColor.swift */; };
		11B352919DB96F08A6CD6885 /* SettingsModule.swift in Sources */ = {isa = PBXBuildFile; fileRef = 11B35FE128D9CEE89C9F0F6B /* SettingsModule.swift */; };
		11B352F241E85176E38286FF /* NetworkManager.swift in Sources */ = {isa = PBXBuildFile; fileRef = 11B3500BCB1B34AD75DC8624 /* NetworkManager.swift */; };
		11B35319892846CB42A23599 /* GuestViewController.xib in Resources */ = {isa = PBXBuildFile; fileRef = 11B35119CB772BB43AE8B1D5 /* GuestViewController.xib */; };
		11B3531C51A0413CE9E255F2 /* GuestPresenter.swift in Sources */ = {isa = PBXBuildFile; fileRef = 11B350896FD41EC360BF7C25 /* GuestPresenter.swift */; };
		11B353288472DE6900D80937 /* RestoreInteractor.swift in Sources */ = {isa = PBXBuildFile; fileRef = 11B35B73F0C6D8B024361AF0 /* RestoreInteractor.swift */; };
		11B3533BAE411BA1AD3C233C /* MnemonicManager.swift in Sources */ = {isa = PBXBuildFile; fileRef = 11B359347E497B609AC15319 /* MnemonicManager.swift */; };
		11B353814993068D6DD2E3D6 /* MainModule.swift in Sources */ = {isa = PBXBuildFile; fileRef = 11B35B96D2BC5994AC8EC794 /* MainModule.swift */; };
		11B3538285F6775A3BDA1B22 /* String.swift in Sources */ = {isa = PBXBuildFile; fileRef = 11B357CB2B48B51957A1275C /* String.swift */; };
		11B3538BCEB71A64DB75C141 /* TransactionsPresenter.swift in Sources */ = {isa = PBXBuildFile; fileRef = 11B3569AE7CDF7E217CAB4EE /* TransactionsPresenter.swift */; };
		11B353C572FF69AE6B444AA9 /* StubWalletDataProvider.swift in Sources */ = {isa = PBXBuildFile; fileRef = 11B35317EC3B04B578A23642 /* StubWalletDataProvider.swift */; };
		11B353DE19A64319CBE588D9 /* TransactionCell.swift in Sources */ = {isa = PBXBuildFile; fileRef = 11B35DA289721CFEFD099C7A /* TransactionCell.swift */; };
		11B3546128004E2E5F3CD23A /* RestorePresenter.swift in Sources */ = {isa = PBXBuildFile; fileRef = 11B35BAEE22C144B33661819 /* RestorePresenter.swift */; };
		11B354D04599199832DDAC94 /* Protocols.swift in Sources */ = {isa = PBXBuildFile; fileRef = 11B35A5DE20DD6DD486FAFC0 /* Protocols.swift */; };
		11B356949FB74ACE63ABB6E0 /* GuestViewController.swift in Sources */ = {isa = PBXBuildFile; fileRef = 11B353D57AB36A9CF4DEE090 /* GuestViewController.swift */; };
		11B356C850CF9D3ED8AB8F31 /* RestoreInteractorTests.swift in Sources */ = {isa = PBXBuildFile; fileRef = 11B351381CFD795B26A63D7E /* RestoreInteractorTests.swift */; };
		11B357613EB9379724943733 /* SettingsPresenter.swift in Sources */ = {isa = PBXBuildFile; fileRef = 11B358E99DF63240BDC45AC5 /* SettingsPresenter.swift */; };
		11B35799F8F13270FC63ADA5 /* Transaction.swift in Sources */ = {isa = PBXBuildFile; fileRef = 11B35FB8A495A565BAA856C9 /* Transaction.swift */; };
		11B3586C585791EA7ADD161E /* LocalizationHelper.swift in Sources */ = {isa = PBXBuildFile; fileRef = 11B35F871B19631695FB5EF5 /* LocalizationHelper.swift */; };
		11B358A760BD438603221A95 /* BackupInteractorTests.swift in Sources */ = {isa = PBXBuildFile; fileRef = 11B35D009B0B81FD2595D72B /* BackupInteractorTests.swift */; };
		11B358FC0506C474AED7C3AA /* SettingsRouter.swift in Sources */ = {isa = PBXBuildFile; fileRef = 11B35579A4D79791ACF1BC91 /* SettingsRouter.swift */; };
		11B3594A00EC93E25A74453C /* RandomGenerator.swift in Sources */ = {isa = PBXBuildFile; fileRef = 11B352AA010C205391095524 /* RandomGenerator.swift */; };
		11B3595FAD092F8BA57DC3D9 /* Factory.swift in Sources */ = {isa = PBXBuildFile; fileRef = 11B351CAAA3EB1437B492DD8 /* Factory.swift */; };
		11B35A9409FD0D29BCFF7CC6 /* MainRouter.swift in Sources */ = {isa = PBXBuildFile; fileRef = 11B35D163D12BE823AF54E97 /* MainRouter.swift */; };
		11B35B13C3F8532568AE83E5 /* WalletModule.swift in Sources */ = {isa = PBXBuildFile; fileRef = 11B35DC5A4019EA28C92B1E7 /* WalletModule.swift */; };
		11B35B3D57BC0A2E01C41F77 /* WalletData.swift in Sources */ = {isa = PBXBuildFile; fileRef = 11B35F0AFFE045953BD45808 /* WalletData.swift */; };
		11B35B69063AB2169EE50580 /* MainPresenter.swift in Sources */ = {isa = PBXBuildFile; fileRef = 11B359E7A75E6B92D1305F40 /* MainPresenter.swift */; };
		11B35B99F2CB665E76E66A91 /* TransactionsRouter.swift in Sources */ = {isa = PBXBuildFile; fileRef = 11B3520E9F70FFB8CC2D25A3 /* TransactionsRouter.swift */; };
		11B35BA21EAB383C3DE6FA5A /* WalletRouter.swift in Sources */ = {isa = PBXBuildFile; fileRef = 11B35DDABED90E97417092F5 /* WalletRouter.swift */; };
		11B35BBF5B172D88906E2605 /* UnspentOutputData.swift in Sources */ = {isa = PBXBuildFile; fileRef = 11B35CD9637FC4BCD0453C46 /* UnspentOutputData.swift */; };
		11B35BCBBF60CA8A041E97B0 /* BackupRouter.swift in Sources */ = {isa = PBXBuildFile; fileRef = 11B35D66E95B16C32E3796E8 /* BackupRouter.swift */; };
		11B35BCEC18400181DF64491 /* RestoreRouter.swift in Sources */ = {isa = PBXBuildFile; fileRef = 11B35142DB758C8B2397D115 /* RestoreRouter.swift */; };
		11B35BFADC930EF5007A177F /* RestoreModule.swift in Sources */ = {isa = PBXBuildFile; fileRef = 11B358586003E20B167B1442 /* RestoreModule.swift */; };
		11B35CBAB5F1BF7AAF6543A3 /* WalletPresenter.swift in Sources */ = {isa = PBXBuildFile; fileRef = 11B356A624E0982E0D90F9BB /* WalletPresenter.swift */; };
		11B35CCB29E73CAB6D26C949 /* TransactionsModule.swift in Sources */ = {isa = PBXBuildFile; fileRef = 11B35687F7521B1F22786638 /* TransactionsModule.swift */; };
		11B35DA379AE43A774D84246 /* BackupModule.swift in Sources */ = {isa = PBXBuildFile; fileRef = 11B356CEB7192CE21DD1BC8B /* BackupModule.swift */; };
		11B35DD6FFE1E112E9FCC63E /* GuestModule.swift in Sources */ = {isa = PBXBuildFile; fileRef = 11B35BC220F1D90BF6BF3AAF /* GuestModule.swift */; };
		11B35E0E5714E8A2F4B2D2E7 /* UnspentOutput.swift in Sources */ = {isa = PBXBuildFile; fileRef = 11B35A742770B11CA83B7BD0 /* UnspentOutput.swift */; };
		11B35E9C0E8F38C063A48367 /* BackupPresenter.swift in Sources */ = {isa = PBXBuildFile; fileRef = 11B355771A1D96DB96FBC975 /* BackupPresenter.swift */; };
		11B35F56DE01B03CCFB49E32 /* BackupInteractor.swift in Sources */ = {isa = PBXBuildFile; fileRef = 11B353A3B460BF1B24349F9F /* BackupInteractor.swift */; };
		4FFC912E7E11D506DC05EFA7 /* Pods_WalletTests.framework in Frameworks */ = {isa = PBXBuildFile; fileRef = D5F5D323E150F570A893EA81 /* Pods_WalletTests.framework */; };
		D3285F4620BD158E00644076 /* AppDelegate.swift in Sources */ = {isa = PBXBuildFile; fileRef = D3285F4520BD158E00644076 /* AppDelegate.swift */; };
		D3285F4820BD158E00644076 /* ViewController.swift in Sources */ = {isa = PBXBuildFile; fileRef = D3285F4720BD158E00644076 /* ViewController.swift */; };
		D3285F4D20BD158F00644076 /* Assets.xcassets in Resources */ = {isa = PBXBuildFile; fileRef = D3285F4C20BD158F00644076 /* Assets.xcassets */; };
		D3373D9520BEC7B30082BC4A /* AVFoundation.framework in Frameworks */ = {isa = PBXBuildFile; fileRef = D3373D9420BEC7B30082BC4A /* AVFoundation.framework */; };
		D3373DB220C52F640082BC4A /* LaunchScreen.xib in Resources */ = {isa = PBXBuildFile; fileRef = D3373DB120C52F640082BC4A /* LaunchScreen.xib */; };
		D3373DB920C564450082BC4A /* BackupWordsController.swift in Sources */ = {isa = PBXBuildFile; fileRef = D3373DB720C564450082BC4A /* BackupWordsController.swift */; };
		D3373DBA20C564450082BC4A /* BackupWordsController.xib in Resources */ = {isa = PBXBuildFile; fileRef = D3373DB820C564450082BC4A /* BackupWordsController.xib */; };
		D3373DCB20C67B5B0082BC4A /* GeneratedMocks.swift in Sources */ = {isa = PBXBuildFile; fileRef = D3373DCA20C67B5B0082BC4A /* GeneratedMocks.swift */; };
		D3373DCE20C6B21C0082BC4A /* RestoreViewController.swift in Sources */ = {isa = PBXBuildFile; fileRef = D3373DCC20C6B21C0082BC4A /* RestoreViewController.swift */; };
		D3373DCF20C6B21C0082BC4A /* RestoreViewController.xib in Resources */ = {isa = PBXBuildFile; fileRef = D3373DCD20C6B21C0082BC4A /* RestoreViewController.xib */; };
		D348A76E20C7C44500803B9E /* BackupNavigationController.swift in Sources */ = {isa = PBXBuildFile; fileRef = D348A76C20C7C44500803B9E /* BackupNavigationController.swift */; };
		D348A76F20C7C44500803B9E /* BackupNavigationController.xib in Resources */ = {isa = PBXBuildFile; fileRef = D348A76D20C7C44500803B9E /* BackupNavigationController.xib */; };
		D348A77220C7C58900803B9E /* BackupIntroController.swift in Sources */ = {isa = PBXBuildFile; fileRef = D348A77020C7C58900803B9E /* BackupIntroController.swift */; };
		D348A77320C7C58900803B9E /* BackupIntroController.xib in Resources */ = {isa = PBXBuildFile; fileRef = D348A77120C7C58900803B9E /* BackupIntroController.xib */; };
		D348A77620C7D34100803B9E /* BackupConfirmationController.swift in Sources */ = {isa = PBXBuildFile; fileRef = D348A77420C7D34100803B9E /* BackupConfirmationController.swift */; };
		D348A77720C7D34100803B9E /* BackupConfirmationController.xib in Resources */ = {isa = PBXBuildFile; fileRef = D348A77520C7D34100803B9E /* BackupConfirmationController.xib */; };
		D3B62A8320C9522A005A9F80 /* CoreBitcoin.framework in Frameworks */ = {isa = PBXBuildFile; fileRef = D3373DAF20BFB4FE0082BC4A /* CoreBitcoin.framework */; };
		D3B62A8A20CA40DC005A9F80 /* MainViewController.swift in Sources */ = {isa = PBXBuildFile; fileRef = D3B62A8820CA40DC005A9F80 /* MainViewController.swift */; };
		D3B62A8B20CA40DC005A9F80 /* MainViewController.xib in Resources */ = {isa = PBXBuildFile; fileRef = D3B62A8920CA40DC005A9F80 /* MainViewController.xib */; };
		D3B62A8E20CA436F005A9F80 /* WalletViewController.swift in Sources */ = {isa = PBXBuildFile; fileRef = D3B62A8C20CA436F005A9F80 /* WalletViewController.swift */; };
		D3B62A8F20CA436F005A9F80 /* WalletViewController.xib in Resources */ = {isa = PBXBuildFile; fileRef = D3B62A8D20CA436F005A9F80 /* WalletViewController.xib */; };
		D3B62A9220CA467E005A9F80 /* TransactionsViewController.swift in Sources */ = {isa = PBXBuildFile; fileRef = D3B62A9020CA467E005A9F80 /* TransactionsViewController.swift */; };
		D3B62A9320CA467E005A9F80 /* TransactionsViewController.xib in Resources */ = {isa = PBXBuildFile; fileRef = D3B62A9120CA467E005A9F80 /* TransactionsViewController.xib */; };
		D3B62A9620CA46EB005A9F80 /* SettingsViewController.swift in Sources */ = {isa = PBXBuildFile; fileRef = D3B62A9420CA46EB005A9F80 /* SettingsViewController.swift */; };
		D3B62A9720CA46EB005A9F80 /* SettingsViewController.xib in Resources */ = {isa = PBXBuildFile; fileRef = D3B62A9520CA46EB005A9F80 /* SettingsViewController.xib */; };
		D3B62A9A20CA73A0005A9F80 /* Localizable.strings in Resources */ = {isa = PBXBuildFile; fileRef = D3B62A9C20CA73A0005A9F80 /* Localizable.strings */; };
		D3B62A9E20CA88BF005A9F80 /* Theme.xcassets in Resources */ = {isa = PBXBuildFile; fileRef = D3B62A9D20CA88BF005A9F80 /* Theme.xcassets */; };
		ED00FF1BB226F7DD21685D86 /* Pods_Wallet.framework in Frameworks */ = {isa = PBXBuildFile; fileRef = B387EF06E93BBDBAEEFF66EE /* Pods_Wallet.framework */; };
/* End PBXBuildFile section */

/* Begin PBXContainerItemProxy section */
		D3373DC420C658660082BC4A /* PBXContainerItemProxy */ = {
			isa = PBXContainerItemProxy;
			containerPortal = D3285F3A20BD158E00644076 /* Project object */;
			proxyType = 1;
			remoteGlobalIDString = D3285F4120BD158E00644076;
			remoteInfo = Wallet;
		};
/* End PBXContainerItemProxy section */

/* Begin PBXFileReference section */
		0B2B5692D7E4046733FCEBF9 /* Pods-Wallet.release.xcconfig */ = {isa = PBXFileReference; includeInIndex = 1; lastKnownFileType = text.xcconfig; name = "Pods-Wallet.release.xcconfig"; path = "Pods/Target Support Files/Pods-Wallet/Pods-Wallet.release.xcconfig"; sourceTree = "<group>"; };
		11B3500BCB1B34AD75DC8624 /* NetworkManager.swift */ = {isa = PBXFileReference; fileEncoding = 4; lastKnownFileType = sourcecode.swift; path = NetworkManager.swift; sourceTree = "<group>"; };
		11B350896FD41EC360BF7C25 /* GuestPresenter.swift */ = {isa = PBXFileReference; fileEncoding = 4; lastKnownFileType = sourcecode.swift; path = GuestPresenter.swift; sourceTree = "<group>"; };
		11B35119CB772BB43AE8B1D5 /* GuestViewController.xib */ = {isa = PBXFileReference; lastKnownFileType = file.xib; path = GuestViewController.xib; sourceTree = "<group>"; };
		11B351381CFD795B26A63D7E /* RestoreInteractorTests.swift */ = {isa = PBXFileReference; fileEncoding = 4; lastKnownFileType = sourcecode.swift; path = RestoreInteractorTests.swift; sourceTree = "<group>"; };
		11B35142DB758C8B2397D115 /* RestoreRouter.swift */ = {isa = PBXFileReference; fileEncoding = 4; lastKnownFileType = sourcecode.swift; path = RestoreRouter.swift; sourceTree = "<group>"; };
		11B351CAAA3EB1437B492DD8 /* Factory.swift */ = {isa = PBXFileReference; fileEncoding = 4; lastKnownFileType = sourcecode.swift; path = Factory.swift; sourceTree = "<group>"; };
		11B3520E9F70FFB8CC2D25A3 /* TransactionsRouter.swift */ = {isa = PBXFileReference; fileEncoding = 4; lastKnownFileType = sourcecode.swift; path = TransactionsRouter.swift; sourceTree = "<group>"; };
		11B352AA010C205391095524 /* RandomGenerator.swift */ = {isa = PBXFileReference; fileEncoding = 4; lastKnownFileType = sourcecode.swift; path = RandomGenerator.swift; sourceTree = "<group>"; };
		11B35317EC3B04B578A23642 /* StubWalletDataProvider.swift */ = {isa = PBXFileReference; fileEncoding = 4; lastKnownFileType = sourcecode.swift; path = StubWalletDataProvider.swift; sourceTree = "<group>"; };
		11B353A3B460BF1B24349F9F /* BackupInteractor.swift */ = {isa = PBXFileReference; fileEncoding = 4; lastKnownFileType = sourcecode.swift; path = BackupInteractor.swift; sourceTree = "<group>"; };
		11B353D57AB36A9CF4DEE090 /* GuestViewController.swift */ = {isa = PBXFileReference; fileEncoding = 4; lastKnownFileType = sourcecode.swift; path = GuestViewController.swift; sourceTree = "<group>"; };
		11B355771A1D96DB96FBC975 /* BackupPresenter.swift */ = {isa = PBXFileReference; fileEncoding = 4; lastKnownFileType = sourcecode.swift; path = BackupPresenter.swift; sourceTree = "<group>"; };
		11B35579A4D79791ACF1BC91 /* SettingsRouter.swift */ = {isa = PBXFileReference; fileEncoding = 4; lastKnownFileType = sourcecode.swift; path = SettingsRouter.swift; sourceTree = "<group>"; };
		11B35687F7521B1F22786638 /* TransactionsModule.swift */ = {isa = PBXFileReference; fileEncoding = 4; lastKnownFileType = sourcecode.swift; path = TransactionsModule.swift; sourceTree = "<group>"; };
		11B3569AE7CDF7E217CAB4EE /* TransactionsPresenter.swift */ = {isa = PBXFileReference; fileEncoding = 4; lastKnownFileType = sourcecode.swift; path = TransactionsPresenter.swift; sourceTree = "<group>"; };
		11B356A624E0982E0D90F9BB /* WalletPresenter.swift */ = {isa = PBXFileReference; fileEncoding = 4; lastKnownFileType = sourcecode.swift; path = WalletPresenter.swift; sourceTree = "<group>"; };
		11B356CEB7192CE21DD1BC8B /* BackupModule.swift */ = {isa = PBXFileReference; fileEncoding = 4; lastKnownFileType = sourcecode.swift; path = BackupModule.swift; sourceTree = "<group>"; };
		11B357CB2B48B51957A1275C /* String.swift */ = {isa = PBXFileReference; fileEncoding = 4; lastKnownFileType = sourcecode.swift; path = String.swift; sourceTree = "<group>"; };
		11B358586003E20B167B1442 /* RestoreModule.swift */ = {isa = PBXFileReference; fileEncoding = 4; lastKnownFileType = sourcecode.swift; path = RestoreModule.swift; sourceTree = "<group>"; };
		11B358E99DF63240BDC45AC5 /* SettingsPresenter.swift */ = {isa = PBXFileReference; fileEncoding = 4; lastKnownFileType = sourcecode.swift; path = SettingsPresenter.swift; sourceTree = "<group>"; };
		11B359347E497B609AC15319 /* MnemonicManager.swift */ = {isa = PBXFileReference; fileEncoding = 4; lastKnownFileType = sourcecode.swift; path = MnemonicManager.swift; sourceTree = "<group>"; };
		11B359E7A75E6B92D1305F40 /* MainPresenter.swift */ = {isa = PBXFileReference; fileEncoding = 4; lastKnownFileType = sourcecode.swift; path = MainPresenter.swift; sourceTree = "<group>"; };
		11B35A5DE20DD6DD486FAFC0 /* Protocols.swift */ = {isa = PBXFileReference; fileEncoding = 4; lastKnownFileType = sourcecode.swift; path = Protocols.swift; sourceTree = "<group>"; };
		11B35A742770B11CA83B7BD0 /* UnspentOutput.swift */ = {isa = PBXFileReference; fileEncoding = 4; lastKnownFileType = sourcecode.swift; path = UnspentOutput.swift; sourceTree = "<group>"; };
		11B35ADA6828A0EF11976938 /* GuestRouter.swift */ = {isa = PBXFileReference; fileEncoding = 4; lastKnownFileType = sourcecode.swift; path = GuestRouter.swift; sourceTree = "<group>"; };
		11B35B73F0C6D8B024361AF0 /* RestoreInteractor.swift */ = {isa = PBXFileReference; fileEncoding = 4; lastKnownFileType = sourcecode.swift; path = RestoreInteractor.swift; sourceTree = "<group>"; };
		11B35B96D2BC5994AC8EC794 /* MainModule.swift */ = {isa = PBXFileReference; fileEncoding = 4; lastKnownFileType = sourcecode.swift; path = MainModule.swift; sourceTree = "<group>"; };
		11B35BAEE22C144B33661819 /* RestorePresenter.swift */ = {isa = PBXFileReference; fileEncoding = 4; lastKnownFileType = sourcecode.swift; path = RestorePresenter.swift; sourceTree = "<group>"; };
		11B35BC220F1D90BF6BF3AAF /* GuestModule.swift */ = {isa = PBXFileReference; fileEncoding = 4; lastKnownFileType = sourcecode.swift; path = GuestModule.swift; sourceTree = "<group>"; };
		11B35CD9637FC4BCD0453C46 /* UnspentOutputData.swift */ = {isa = PBXFileReference; fileEncoding = 4; lastKnownFileType = sourcecode.swift; path = UnspentOutputData.swift; sourceTree = "<group>"; };
		11B35D009B0B81FD2595D72B /* BackupInteractorTests.swift */ = {isa = PBXFileReference; fileEncoding = 4; lastKnownFileType = sourcecode.swift; path = BackupInteractorTests.swift; sourceTree = "<group>"; };
		11B35D02A4639155F5453ABB /* UIColor.swift */ = {isa = PBXFileReference; fileEncoding = 4; lastKnownFileType = sourcecode.swift; path = UIColor.swift; sourceTree = "<group>"; };
		11B35D163D12BE823AF54E97 /* MainRouter.swift */ = {isa = PBXFileReference; fileEncoding = 4; lastKnownFileType = sourcecode.swift; path = MainRouter.swift; sourceTree = "<group>"; };
		11B35D66E95B16C32E3796E8 /* BackupRouter.swift */ = {isa = PBXFileReference; fileEncoding = 4; lastKnownFileType = sourcecode.swift; path = BackupRouter.swift; sourceTree = "<group>"; };
		11B35DA289721CFEFD099C7A /* TransactionCell.swift */ = {isa = PBXFileReference; fileEncoding = 4; lastKnownFileType = sourcecode.swift; path = TransactionCell.swift; sourceTree = "<group>"; };
		11B35DC5A4019EA28C92B1E7 /* WalletModule.swift */ = {isa = PBXFileReference; fileEncoding = 4; lastKnownFileType = sourcecode.swift; path = WalletModule.swift; sourceTree = "<group>"; };
		11B35DDABED90E97417092F5 /* WalletRouter.swift */ = {isa = PBXFileReference; fileEncoding = 4; lastKnownFileType = sourcecode.swift; path = WalletRouter.swift; sourceTree = "<group>"; };
		11B35E402C000B78E52BD5EE /* BackupPresenterTests.swift */ = {isa = PBXFileReference; fileEncoding = 4; lastKnownFileType = sourcecode.swift; path = BackupPresenterTests.swift; sourceTree = "<group>"; };
		11B35F0AFFE045953BD45808 /* WalletData.swift */ = {isa = PBXFileReference; fileEncoding = 4; lastKnownFileType = sourcecode.swift; path = WalletData.swift; sourceTree = "<group>"; };
		11B35F871B19631695FB5EF5 /* LocalizationHelper.swift */ = {isa = PBXFileReference; fileEncoding = 4; lastKnownFileType = sourcecode.swift; path = LocalizationHelper.swift; sourceTree = "<group>"; };
		11B35FB8A495A565BAA856C9 /* Transaction.swift */ = {isa = PBXFileReference; fileEncoding = 4; lastKnownFileType = sourcecode.swift; path = Transaction.swift; sourceTree = "<group>"; };
		11B35FE128D9CEE89C9F0F6B /* SettingsModule.swift */ = {isa = PBXFileReference; fileEncoding = 4; lastKnownFileType = sourcecode.swift; path = SettingsModule.swift; sourceTree = "<group>"; };
		11B35FF2D2C084366AA66F32 /* GuestPresenterTests.swift */ = {isa = PBXFileReference; fileEncoding = 4; lastKnownFileType = sourcecode.swift; path = GuestPresenterTests.swift; sourceTree = "<group>"; };
		1B628DAA2C534A9B1242BE36 /* Pods-WalletTests.debug.xcconfig */ = {isa = PBXFileReference; includeInIndex = 1; lastKnownFileType = text.xcconfig; name = "Pods-WalletTests.debug.xcconfig"; path = "../Pods/Target Support Files/Pods-WalletTests/Pods-WalletTests.debug.xcconfig"; sourceTree = "<group>"; };
		44984157887C0BA41381ADE2 /* Pods-Wallet.debug.xcconfig */ = {isa = PBXFileReference; includeInIndex = 1; lastKnownFileType = text.xcconfig; name = "Pods-Wallet.debug.xcconfig"; path = "Pods/Target Support Files/Pods-Wallet/Pods-Wallet.debug.xcconfig"; sourceTree = "<group>"; };
		4F3A4A0A241140A2DC4D2F82 /* Pods-Wallet.release.xcconfig */ = {isa = PBXFileReference; includeInIndex = 1; lastKnownFileType = text.xcconfig; name = "Pods-Wallet.release.xcconfig"; path = "../Pods/Target Support Files/Pods-Wallet/Pods-Wallet.release.xcconfig"; sourceTree = "<group>"; };
		905F530FEA963E39761D928A /* Pods-WalletTests.release.xcconfig */ = {isa = PBXFileReference; includeInIndex = 1; lastKnownFileType = text.xcconfig; name = "Pods-WalletTests.release.xcconfig"; path = "Pods/Target Support Files/Pods-WalletTests/Pods-WalletTests.release.xcconfig"; sourceTree = "<group>"; };
		B387EF06E93BBDBAEEFF66EE /* Pods_Wallet.framework */ = {isa = PBXFileReference; explicitFileType = wrapper.framework; includeInIndex = 0; path = Pods_Wallet.framework; sourceTree = BUILT_PRODUCTS_DIR; };
		BD407AAEC19DAF24A643934E /* Pods-WalletTests.debug.xcconfig */ = {isa = PBXFileReference; includeInIndex = 1; lastKnownFileType = text.xcconfig; name = "Pods-WalletTests.debug.xcconfig"; path = "Pods/Target Support Files/Pods-WalletTests/Pods-WalletTests.debug.xcconfig"; sourceTree = "<group>"; };
		D3285F4220BD158E00644076 /* Wallet.app */ = {isa = PBXFileReference; explicitFileType = wrapper.application; includeInIndex = 0; path = Wallet.app; sourceTree = BUILT_PRODUCTS_DIR; };
		D3285F4520BD158E00644076 /* AppDelegate.swift */ = {isa = PBXFileReference; lastKnownFileType = sourcecode.swift; path = AppDelegate.swift; sourceTree = "<group>"; };
		D3285F4720BD158E00644076 /* ViewController.swift */ = {isa = PBXFileReference; lastKnownFileType = sourcecode.swift; path = ViewController.swift; sourceTree = "<group>"; };
		D3285F4C20BD158F00644076 /* Assets.xcassets */ = {isa = PBXFileReference; lastKnownFileType = folder.assetcatalog; path = Assets.xcassets; sourceTree = "<group>"; };
		D3285F5120BD158F00644076 /* Info.plist */ = {isa = PBXFileReference; lastKnownFileType = text.plist.xml; path = Info.plist; sourceTree = "<group>"; };
		D3373D9420BEC7B30082BC4A /* AVFoundation.framework */ = {isa = PBXFileReference; lastKnownFileType = wrapper.framework; name = AVFoundation.framework; path = System/Library/Frameworks/AVFoundation.framework; sourceTree = SDKROOT; };
		D3373DAA20BFB0260082BC4A /* Wallet-Bridging-Header.h */ = {isa = PBXFileReference; lastKnownFileType = sourcecode.c.h; path = "Wallet-Bridging-Header.h"; sourceTree = "<group>"; };
		D3373DAF20BFB4FE0082BC4A /* CoreBitcoin.framework */ = {isa = PBXFileReference; lastKnownFileType = wrapper.framework; path = CoreBitcoin.framework; sourceTree = "<group>"; };
		D3373DB120C52F640082BC4A /* LaunchScreen.xib */ = {isa = PBXFileReference; lastKnownFileType = file.xib; path = LaunchScreen.xib; sourceTree = "<group>"; };
		D3373DB720C564450082BC4A /* BackupWordsController.swift */ = {isa = PBXFileReference; lastKnownFileType = sourcecode.swift; path = BackupWordsController.swift; sourceTree = "<group>"; };
		D3373DB820C564450082BC4A /* BackupWordsController.xib */ = {isa = PBXFileReference; lastKnownFileType = file.xib; path = BackupWordsController.xib; sourceTree = "<group>"; };
		D3373DBF20C658660082BC4A /* WalletTests.xctest */ = {isa = PBXFileReference; explicitFileType = wrapper.cfbundle; includeInIndex = 0; path = WalletTests.xctest; sourceTree = BUILT_PRODUCTS_DIR; };
		D3373DC320C658660082BC4A /* Info.plist */ = {isa = PBXFileReference; lastKnownFileType = text.plist.xml; path = Info.plist; sourceTree = "<group>"; };
		D3373DCA20C67B5B0082BC4A /* GeneratedMocks.swift */ = {isa = PBXFileReference; fileEncoding = 4; lastKnownFileType = sourcecode.swift; path = GeneratedMocks.swift; sourceTree = "<group>"; };
		D3373DCC20C6B21C0082BC4A /* RestoreViewController.swift */ = {isa = PBXFileReference; lastKnownFileType = sourcecode.swift; path = RestoreViewController.swift; sourceTree = "<group>"; };
		D3373DCD20C6B21C0082BC4A /* RestoreViewController.xib */ = {isa = PBXFileReference; lastKnownFileType = file.xib; path = RestoreViewController.xib; sourceTree = "<group>"; };
		D348A76C20C7C44500803B9E /* BackupNavigationController.swift */ = {isa = PBXFileReference; lastKnownFileType = sourcecode.swift; path = BackupNavigationController.swift; sourceTree = "<group>"; };
		D348A76D20C7C44500803B9E /* BackupNavigationController.xib */ = {isa = PBXFileReference; lastKnownFileType = file.xib; path = BackupNavigationController.xib; sourceTree = "<group>"; };
		D348A77020C7C58900803B9E /* BackupIntroController.swift */ = {isa = PBXFileReference; lastKnownFileType = sourcecode.swift; path = BackupIntroController.swift; sourceTree = "<group>"; };
		D348A77120C7C58900803B9E /* BackupIntroController.xib */ = {isa = PBXFileReference; lastKnownFileType = file.xib; path = BackupIntroController.xib; sourceTree = "<group>"; };
		D348A77420C7D34100803B9E /* BackupConfirmationController.swift */ = {isa = PBXFileReference; lastKnownFileType = sourcecode.swift; path = BackupConfirmationController.swift; sourceTree = "<group>"; };
		D348A77520C7D34100803B9E /* BackupConfirmationController.xib */ = {isa = PBXFileReference; lastKnownFileType = file.xib; path = BackupConfirmationController.xib; sourceTree = "<group>"; };
		D3B62A8820CA40DC005A9F80 /* MainViewController.swift */ = {isa = PBXFileReference; lastKnownFileType = sourcecode.swift; path = MainViewController.swift; sourceTree = "<group>"; };
		D3B62A8920CA40DC005A9F80 /* MainViewController.xib */ = {isa = PBXFileReference; lastKnownFileType = file.xib; path = MainViewController.xib; sourceTree = "<group>"; };
		D3B62A8C20CA436F005A9F80 /* WalletViewController.swift */ = {isa = PBXFileReference; lastKnownFileType = sourcecode.swift; path = WalletViewController.swift; sourceTree = "<group>"; };
		D3B62A8D20CA436F005A9F80 /* WalletViewController.xib */ = {isa = PBXFileReference; lastKnownFileType = file.xib; path = WalletViewController.xib; sourceTree = "<group>"; };
		D3B62A9020CA467E005A9F80 /* TransactionsViewController.swift */ = {isa = PBXFileReference; lastKnownFileType = sourcecode.swift; path = TransactionsViewController.swift; sourceTree = "<group>"; };
		D3B62A9120CA467E005A9F80 /* TransactionsViewController.xib */ = {isa = PBXFileReference; lastKnownFileType = file.xib; path = TransactionsViewController.xib; sourceTree = "<group>"; };
		D3B62A9420CA46EB005A9F80 /* SettingsViewController.swift */ = {isa = PBXFileReference; lastKnownFileType = sourcecode.swift; path = SettingsViewController.swift; sourceTree = "<group>"; };
		D3B62A9520CA46EB005A9F80 /* SettingsViewController.xib */ = {isa = PBXFileReference; lastKnownFileType = file.xib; path = SettingsViewController.xib; sourceTree = "<group>"; };
		D3B62A9B20CA73A0005A9F80 /* en */ = {isa = PBXFileReference; lastKnownFileType = text.plist.strings; name = en; path = en.lproj/Localizable.strings; sourceTree = "<group>"; };
		D3B62A9D20CA88BF005A9F80 /* Theme.xcassets */ = {isa = PBXFileReference; lastKnownFileType = folder.assetcatalog; path = Theme.xcassets; sourceTree = "<group>"; };
		D5F5D323E150F570A893EA81 /* Pods_WalletTests.framework */ = {isa = PBXFileReference; explicitFileType = wrapper.framework; includeInIndex = 0; path = Pods_WalletTests.framework; sourceTree = BUILT_PRODUCTS_DIR; };
		E0167CDDDE72AD25821A2E28 /* Pods-Wallet.debug.xcconfig */ = {isa = PBXFileReference; includeInIndex = 1; lastKnownFileType = text.xcconfig; name = "Pods-Wallet.debug.xcconfig"; path = "../Pods/Target Support Files/Pods-Wallet/Pods-Wallet.debug.xcconfig"; sourceTree = "<group>"; };
		FBB4716F707E0CDB8833815B /* Pods-WalletTests.release.xcconfig */ = {isa = PBXFileReference; includeInIndex = 1; lastKnownFileType = text.xcconfig; name = "Pods-WalletTests.release.xcconfig"; path = "../Pods/Target Support Files/Pods-WalletTests/Pods-WalletTests.release.xcconfig"; sourceTree = "<group>"; };
/* End PBXFileReference section */

/* Begin PBXFrameworksBuildPhase section */
		D3285F3F20BD158E00644076 /* Frameworks */ = {
			isa = PBXFrameworksBuildPhase;
			buildActionMask = 2147483647;
			files = (
				D3B62A8320C9522A005A9F80 /* CoreBitcoin.framework in Frameworks */,
				D3373D9520BEC7B30082BC4A /* AVFoundation.framework in Frameworks */,
				ED00FF1BB226F7DD21685D86 /* Pods_Wallet.framework in Frameworks */,
			);
			runOnlyForDeploymentPostprocessing = 0;
		};
		D3373DBC20C658660082BC4A /* Frameworks */ = {
			isa = PBXFrameworksBuildPhase;
			buildActionMask = 2147483647;
			files = (
				4FFC912E7E11D506DC05EFA7 /* Pods_WalletTests.framework in Frameworks */,
			);
			runOnlyForDeploymentPostprocessing = 0;
		};
/* End PBXFrameworksBuildPhase section */

/* Begin PBXGroup section */
		06C12EBC5724C7F00AA4AF40 /* Pods */ = {
			isa = PBXGroup;
			children = (
				44984157887C0BA41381ADE2 /* Pods-Wallet.debug.xcconfig */,
				0B2B5692D7E4046733FCEBF9 /* Pods-Wallet.release.xcconfig */,
				BD407AAEC19DAF24A643934E /* Pods-WalletTests.debug.xcconfig */,
				905F530FEA963E39761D928A /* Pods-WalletTests.release.xcconfig */,
				E0167CDDDE72AD25821A2E28 /* Pods-Wallet.debug.xcconfig */,
				4F3A4A0A241140A2DC4D2F82 /* Pods-Wallet.release.xcconfig */,
				1B628DAA2C534A9B1242BE36 /* Pods-WalletTests.debug.xcconfig */,
				FBB4716F707E0CDB8833815B /* Pods-WalletTests.release.xcconfig */,
			);
			name = Pods;
			sourceTree = "<group>";
		};
		11B351A958188BFC3A37003F /* Wallet */ = {
			isa = PBXGroup;
			children = (
				11B35DC5A4019EA28C92B1E7 /* WalletModule.swift */,
				11B35DDABED90E97417092F5 /* WalletRouter.swift */,
				11B356A624E0982E0D90F9BB /* WalletPresenter.swift */,
				D3B62A8C20CA436F005A9F80 /* WalletViewController.swift */,
				D3B62A8D20CA436F005A9F80 /* WalletViewController.xib */,
			);
			path = Wallet;
			sourceTree = "<group>";
		};
		11B351DB654E3B13593BF465 /* Restore */ = {
			isa = PBXGroup;
			children = (
				11B358586003E20B167B1442 /* RestoreModule.swift */,
				11B35142DB758C8B2397D115 /* RestoreRouter.swift */,
				11B35B73F0C6D8B024361AF0 /* RestoreInteractor.swift */,
				11B35BAEE22C144B33661819 /* RestorePresenter.swift */,
				D3373DCC20C6B21C0082BC4A /* RestoreViewController.swift */,
				D3373DCD20C6B21C0082BC4A /* RestoreViewController.xib */,
			);
			path = Restore;
			sourceTree = "<group>";
		};
		11B351FA9EE5A867FC6760C5 /* Extensions */ = {
			isa = PBXGroup;
			children = (
				11B35D02A4639155F5453ABB /* UIColor.swift */,
				11B357CB2B48B51957A1275C /* String.swift */,
			);
			path = Extensions;
			sourceTree = "<group>";
		};
		11B3522E3A62CE13EB0C958B /* Backup */ = {
			isa = PBXGroup;
			children = (
				11B356CEB7192CE21DD1BC8B /* BackupModule.swift */,
				11B35D66E95B16C32E3796E8 /* BackupRouter.swift */,
				11B353A3B460BF1B24349F9F /* BackupInteractor.swift */,
				11B355771A1D96DB96FBC975 /* BackupPresenter.swift */,
				D348A76C20C7C44500803B9E /* BackupNavigationController.swift */,
				D348A76D20C7C44500803B9E /* BackupNavigationController.xib */,
				D348A77020C7C58900803B9E /* BackupIntroController.swift */,
				D348A77120C7C58900803B9E /* BackupIntroController.xib */,
				D3373DB720C564450082BC4A /* BackupWordsController.swift */,
				D3373DB820C564450082BC4A /* BackupWordsController.xib */,
				D348A77420C7D34100803B9E /* BackupConfirmationController.swift */,
				D348A77520C7D34100803B9E /* BackupConfirmationController.xib */,
			);
			path = Backup;
			sourceTree = "<group>";
		};
		11B3546BA60E06900F58BA94 /* Core */ = {
			isa = PBXGroup;
			children = (
				11B351FA9EE5A867FC6760C5 /* Extensions */,
				11B358A1A370E4E3F518241F /* Helpers */,
				11B35DE456745A4A5B7E3116 /* Wallet */,
				11B351CAAA3EB1437B492DD8 /* Factory.swift */,
				11B35A5DE20DD6DD486FAFC0 /* Protocols.swift */,
			);
			path = Core;
			sourceTree = "<group>";
		};
		11B354AB3C3435F2D5F39EE6 /* Modules */ = {
			isa = PBXGroup;
			children = (
				11B35E6ACAC42984FD7E8BA4 /* Guest */,
				11B3522E3A62CE13EB0C958B /* Backup */,
				11B351DB654E3B13593BF465 /* Restore */,
				11B35597F6C8570E3C7ABFBF /* Main */,
				11B351A958188BFC3A37003F /* Wallet */,
				11B3564BD80DA937DE5060DD /* Transactions */,
				11B358D87B2EDEB8BE8F133B /* Settings */,
			);
			path = Modules;
			sourceTree = "<group>";
		};
		11B35597F6C8570E3C7ABFBF /* Main */ = {
			isa = PBXGroup;
			children = (
				11B35B96D2BC5994AC8EC794 /* MainModule.swift */,
				11B35D163D12BE823AF54E97 /* MainRouter.swift */,
				11B359E7A75E6B92D1305F40 /* MainPresenter.swift */,
				D3B62A8820CA40DC005A9F80 /* MainViewController.swift */,
				D3B62A8920CA40DC005A9F80 /* MainViewController.xib */,
			);
			path = Main;
			sourceTree = "<group>";
		};
		11B3564BD80DA937DE5060DD /* Transactions */ = {
			isa = PBXGroup;
			children = (
				11B35687F7521B1F22786638 /* TransactionsModule.swift */,
				11B3520E9F70FFB8CC2D25A3 /* TransactionsRouter.swift */,
				11B3569AE7CDF7E217CAB4EE /* TransactionsPresenter.swift */,
				D3B62A9020CA467E005A9F80 /* TransactionsViewController.swift */,
				D3B62A9120CA467E005A9F80 /* TransactionsViewController.xib */,
			);
			path = Transactions;
			sourceTree = "<group>";
		};
		11B356605394189E9B5EBEE0 /* Models */ = {
			isa = PBXGroup;
			children = (
				11B35F0AFFE045953BD45808 /* WalletData.swift */,
			);
			path = Models;
			sourceTree = "<group>";
		};
		11B358A1A370E4E3F518241F /* Helpers */ = {
			isa = PBXGroup;
			children = (
				11B35F871B19631695FB5EF5 /* LocalizationHelper.swift */,
			);
			path = Helpers;
			sourceTree = "<group>";
		};
		11B358D87B2EDEB8BE8F133B /* Settings */ = {
			isa = PBXGroup;
			children = (
				11B35FE128D9CEE89C9F0F6B /* SettingsModule.swift */,
				11B35579A4D79791ACF1BC91 /* SettingsRouter.swift */,
				11B358E99DF63240BDC45AC5 /* SettingsPresenter.swift */,
				D3B62A9420CA46EB005A9F80 /* SettingsViewController.swift */,
				D3B62A9520CA46EB005A9F80 /* SettingsViewController.xib */,
			);
			path = Settings;
			sourceTree = "<group>";
		};
		11B35960726074449A17AAAB /* Restore */ = {
			isa = PBXGroup;
			children = (
				11B351381CFD795B26A63D7E /* RestoreInteractorTests.swift */,
			);
			path = Restore;
			sourceTree = "<group>";
		};
		11B35A1D12389D09984007C1 /* Modules */ = {
			isa = PBXGroup;
			children = (
				11B35EEFC20B3D7A4F474D3B /* Guest */,
				11B35FC86F7693583B779C58 /* Backup */,
				11B35960726074449A17AAAB /* Restore */,
			);
			path = Modules;
			sourceTree = "<group>";
		};
		11B35DE456745A4A5B7E3116 /* Wallet */ = {
			isa = PBXGroup;
			children = (
				11B352AA010C205391095524 /* RandomGenerator.swift */,
				11B359347E497B609AC15319 /* MnemonicManager.swift */,
				11B35317EC3B04B578A23642 /* StubWalletDataProvider.swift */,
			);
			path = Wallet;
			sourceTree = "<group>";
		};
		11B35E6ACAC42984FD7E8BA4 /* Guest */ = {
			isa = PBXGroup;
			children = (
				11B35BC220F1D90BF6BF3AAF /* GuestModule.swift */,
				11B35ADA6828A0EF11976938 /* GuestRouter.swift */,
				11B350896FD41EC360BF7C25 /* GuestPresenter.swift */,
				11B353D57AB36A9CF4DEE090 /* GuestViewController.swift */,
				11B35119CB772BB43AE8B1D5 /* GuestViewController.xib */,
			);
			path = Guest;
			sourceTree = "<group>";
		};
		11B35EEFC20B3D7A4F474D3B /* Guest */ = {
			isa = PBXGroup;
			children = (
				11B35FF2D2C084366AA66F32 /* GuestPresenterTests.swift */,
			);
			path = Guest;
			sourceTree = "<group>";
		};
		11B35FC86F7693583B779C58 /* Backup */ = {
			isa = PBXGroup;
			children = (
				11B35D009B0B81FD2595D72B /* BackupInteractorTests.swift */,
				11B35E402C000B78E52BD5EE /* BackupPresenterTests.swift */,
			);
			path = Backup;
			sourceTree = "<group>";
		};
		95AD93BB0A2D5F5C4A435252 /* Frameworks */ = {
			isa = PBXGroup;
			children = (
				D3373D9420BEC7B30082BC4A /* AVFoundation.framework */,
				B387EF06E93BBDBAEEFF66EE /* Pods_Wallet.framework */,
				D5F5D323E150F570A893EA81 /* Pods_WalletTests.framework */,
			);
			name = Frameworks;
			sourceTree = "<group>";
		};
		D3285F3920BD158E00644076 = {
			isa = PBXGroup;
			children = (
				D3285F4420BD158E00644076 /* Wallet */,
				D3373DC020C658660082BC4A /* WalletTests */,
				D3285F4320BD158E00644076 /* Products */,
				06C12EBC5724C7F00AA4AF40 /* Pods */,
				95AD93BB0A2D5F5C4A435252 /* Frameworks */,
				D3373DAF20BFB4FE0082BC4A /* CoreBitcoin.framework */,
			);
			sourceTree = "<group>";
		};
		D3285F4320BD158E00644076 /* Products */ = {
			isa = PBXGroup;
			children = (
				D3285F4220BD158E00644076 /* Wallet.app */,
				D3373DBF20C658660082BC4A /* WalletTests.xctest */,
			);
			name = Products;
			sourceTree = "<group>";
		};
		D3285F4420BD158E00644076 /* Wallet */ = {
			isa = PBXGroup;
			children = (
				D3285F4C20BD158F00644076 /* Assets.xcassets */,
				D3B62A9D20CA88BF005A9F80 /* Theme.xcassets */,
				11B354AB3C3435F2D5F39EE6 /* Modules */,
				11B356605394189E9B5EBEE0 /* Models */,
				11B3546BA60E06900F58BA94 /* Core */,
				D3285F4520BD158E00644076 /* AppDelegate.swift */,
				D3373DB120C52F640082BC4A /* LaunchScreen.xib */,
				D3285F5120BD158F00644076 /* Info.plist */,
				D3B62A9C20CA73A0005A9F80 /* Localizable.strings */,
				D3373DAA20BFB0260082BC4A /* Wallet-Bridging-Header.h */,
				D3285F4720BD158E00644076 /* ViewController.swift */,
				11B3500BCB1B34AD75DC8624 /* NetworkManager.swift */,
				11B35A742770B11CA83B7BD0 /* UnspentOutput.swift */,
				11B35CD9637FC4BCD0453C46 /* UnspentOutputData.swift */,
				11B35DA289721CFEFD099C7A /* TransactionCell.swift */,
				11B35FB8A495A565BAA856C9 /* Transaction.swift */,
			);
			path = Wallet;
			sourceTree = "<group>";
		};
		D3373DC020C658660082BC4A /* WalletTests */ = {
			isa = PBXGroup;
			children = (
				D3373DCA20C67B5B0082BC4A /* GeneratedMocks.swift */,
				D3373DC320C658660082BC4A /* Info.plist */,
				11B35A1D12389D09984007C1 /* Modules */,
			);
			path = WalletTests;
			sourceTree = "<group>";
		};
/* End PBXGroup section */

/* Begin PBXNativeTarget section */
		D3285F4120BD158E00644076 /* Wallet */ = {
			isa = PBXNativeTarget;
			buildConfigurationList = D3285F5420BD158F00644076 /* Build configuration list for PBXNativeTarget "Wallet" */;
			buildPhases = (
				A89085E76F2E2575C811CA7B /* [CP] Check Pods Manifest.lock */,
				D3285F3E20BD158E00644076 /* Sources */,
				D3285F3F20BD158E00644076 /* Frameworks */,
				D3285F4020BD158E00644076 /* Resources */,
				97CACEF21CC24CEAD019C46A /* [CP] Embed Pods Frameworks */,
			);
			buildRules = (
			);
			dependencies = (
			);
			name = Wallet;
			productName = Wallet;
			productReference = D3285F4220BD158E00644076 /* Wallet.app */;
			productType = "com.apple.product-type.application";
		};
		D3373DBE20C658660082BC4A /* WalletTests */ = {
			isa = PBXNativeTarget;
			buildConfigurationList = D3373DC620C658660082BC4A /* Build configuration list for PBXNativeTarget "WalletTests" */;
			buildPhases = (
				1E1B364F369B6840CFAA3840 /* [CP] Check Pods Manifest.lock */,
				D3373DC920C67A250082BC4A /* Cuckoo */,
				D3373DBB20C658660082BC4A /* Sources */,
				D3373DBC20C658660082BC4A /* Frameworks */,
				D3373DBD20C658660082BC4A /* Resources */,
				DCE6F9B7C8E4F220A38B8B4D /* [CP] Embed Pods Frameworks */,
			);
			buildRules = (
			);
			dependencies = (
				D3373DC520C658660082BC4A /* PBXTargetDependency */,
			);
			name = WalletTests;
			productName = WalletTests;
			productReference = D3373DBF20C658660082BC4A /* WalletTests.xctest */;
			productType = "com.apple.product-type.bundle.unit-test";
		};
/* End PBXNativeTarget section */

/* Begin PBXProject section */
		D3285F3A20BD158E00644076 /* Project object */ = {
			isa = PBXProject;
			attributes = {
				LastSwiftUpdateCheck = 0930;
				LastUpgradeCheck = 0930;
				ORGANIZATIONNAME = Grouvi;
				TargetAttributes = {
					D3285F4120BD158E00644076 = {
						CreatedOnToolsVersion = 9.3.1;
						LastSwiftMigration = 0930;
					};
					D3373DBE20C658660082BC4A = {
						CreatedOnToolsVersion = 9.3.1;
						TestTargetID = D3285F4120BD158E00644076;
					};
				};
			};
			buildConfigurationList = D3285F3D20BD158E00644076 /* Build configuration list for PBXProject "Wallet" */;
			compatibilityVersion = "Xcode 9.3";
			developmentRegion = en;
			hasScannedForEncodings = 0;
			knownRegions = (
				en,
				Base,
			);
			mainGroup = D3285F3920BD158E00644076;
			productRefGroup = D3285F4320BD158E00644076 /* Products */;
			projectDirPath = "";
			projectRoot = "";
			targets = (
				D3285F4120BD158E00644076 /* Wallet */,
				D3373DBE20C658660082BC4A /* WalletTests */,
			);
		};
/* End PBXProject section */

/* Begin PBXResourcesBuildPhase section */
		D3285F4020BD158E00644076 /* Resources */ = {
			isa = PBXResourcesBuildPhase;
			buildActionMask = 2147483647;
			files = (
				D3373DB220C52F640082BC4A /* LaunchScreen.xib in Resources */,
				D348A77720C7D34100803B9E /* BackupConfirmationController.xib in Resources */,
				D3373DCF20C6B21C0082BC4A /* RestoreViewController.xib in Resources */,
				D3B62A8F20CA436F005A9F80 /* WalletViewController.xib in Resources */,
				D348A76F20C7C44500803B9E /* BackupNavigationController.xib in Resources */,
				D3B62A9E20CA88BF005A9F80 /* Theme.xcassets in Resources */,
				D3B62A9320CA467E005A9F80 /* TransactionsViewController.xib in Resources */,
				D3B62A8B20CA40DC005A9F80 /* MainViewController.xib in Resources */,
				D3B62A9720CA46EB005A9F80 /* SettingsViewController.xib in Resources */,
				D348A77320C7C58900803B9E /* BackupIntroController.xib in Resources */,
				D3B62A9A20CA73A0005A9F80 /* Localizable.strings in Resources */,
				D3285F4D20BD158F00644076 /* Assets.xcassets in Resources */,
				11B35319892846CB42A23599 /* GuestViewController.xib in Resources */,
				D3373DBA20C564450082BC4A /* BackupWordsController.xib in Resources */,
			);
			runOnlyForDeploymentPostprocessing = 0;
		};
		D3373DBD20C658660082BC4A /* Resources */ = {
			isa = PBXResourcesBuildPhase;
			buildActionMask = 2147483647;
			files = (
			);
			runOnlyForDeploymentPostprocessing = 0;
		};
/* End PBXResourcesBuildPhase section */

/* Begin PBXShellScriptBuildPhase section */
		1E1B364F369B6840CFAA3840 /* [CP] Check Pods Manifest.lock */ = {
			isa = PBXShellScriptBuildPhase;
			buildActionMask = 2147483647;
			files = (
			);
			inputPaths = (
				"${PODS_PODFILE_DIR_PATH}/Podfile.lock",
				"${PODS_ROOT}/Manifest.lock",
			);
			name = "[CP] Check Pods Manifest.lock";
			outputPaths = (
				"$(DERIVED_FILE_DIR)/Pods-WalletTests-checkManifestLockResult.txt",
			);
			runOnlyForDeploymentPostprocessing = 0;
			shellPath = /bin/sh;
			shellScript = "diff \"${PODS_PODFILE_DIR_PATH}/Podfile.lock\" \"${PODS_ROOT}/Manifest.lock\" > /dev/null\nif [ $? != 0 ] ; then\n    # print error to STDERR\n    echo \"error: The sandbox is not in sync with the Podfile.lock. Run 'pod install' or update your CocoaPods installation.\" >&2\n    exit 1\nfi\n# This output is used by Xcode 'outputs' to avoid re-running this script phase.\necho \"SUCCESS\" > \"${SCRIPT_OUTPUT_FILE_0}\"\n";
			showEnvVarsInLog = 0;
		};
		97CACEF21CC24CEAD019C46A /* [CP] Embed Pods Frameworks */ = {
			isa = PBXShellScriptBuildPhase;
			buildActionMask = 2147483647;
			files = (
			);
			inputPaths = (
				"${SRCROOT}/../Pods/Target Support Files/Pods-Wallet/Pods-Wallet-frameworks.sh",
				"${BUILT_PRODUCTS_DIR}/Alamofire/Alamofire.framework",
				"${BUILT_PRODUCTS_DIR}/BitcoinKit/BitcoinKit.framework",
				"${BUILT_PRODUCTS_DIR}/ObjectMapper/ObjectMapper.framework",
				"${BUILT_PRODUCTS_DIR}/RxSwift/RxSwift.framework",
			);
			name = "[CP] Embed Pods Frameworks";
			outputPaths = (
				"${TARGET_BUILD_DIR}/${FRAMEWORKS_FOLDER_PATH}/Alamofire.framework",
				"${TARGET_BUILD_DIR}/${FRAMEWORKS_FOLDER_PATH}/BitcoinKit.framework",
				"${TARGET_BUILD_DIR}/${FRAMEWORKS_FOLDER_PATH}/ObjectMapper.framework",
				"${TARGET_BUILD_DIR}/${FRAMEWORKS_FOLDER_PATH}/RxSwift.framework",
			);
			runOnlyForDeploymentPostprocessing = 0;
			shellPath = /bin/sh;
			shellScript = "\"${SRCROOT}/../Pods/Target Support Files/Pods-Wallet/Pods-Wallet-frameworks.sh\"\n";
			showEnvVarsInLog = 0;
		};
		A89085E76F2E2575C811CA7B /* [CP] Check Pods Manifest.lock */ = {
			isa = PBXShellScriptBuildPhase;
			buildActionMask = 2147483647;
			files = (
			);
			inputPaths = (
				"${PODS_PODFILE_DIR_PATH}/Podfile.lock",
				"${PODS_ROOT}/Manifest.lock",
			);
			name = "[CP] Check Pods Manifest.lock";
			outputPaths = (
				"$(DERIVED_FILE_DIR)/Pods-Wallet-checkManifestLockResult.txt",
			);
			runOnlyForDeploymentPostprocessing = 0;
			shellPath = /bin/sh;
			shellScript = "diff \"${PODS_PODFILE_DIR_PATH}/Podfile.lock\" \"${PODS_ROOT}/Manifest.lock\" > /dev/null\nif [ $? != 0 ] ; then\n    # print error to STDERR\n    echo \"error: The sandbox is not in sync with the Podfile.lock. Run 'pod install' or update your CocoaPods installation.\" >&2\n    exit 1\nfi\n# This output is used by Xcode 'outputs' to avoid re-running this script phase.\necho \"SUCCESS\" > \"${SCRIPT_OUTPUT_FILE_0}\"\n";
			showEnvVarsInLog = 0;
		};
		D3373DC920C67A250082BC4A /* Cuckoo */ = {
			isa = PBXShellScriptBuildPhase;
			buildActionMask = 2147483647;
			files = (
			);
			inputPaths = (
				"$(SRCROOT)/Wallet/Modules/Guest/GuestModule.swift",
				"$(SRCROOT)/Wallet/Modules/Backup/BackupModule.swift",
				"$(SRCROOT)/Wallet/Modules/Restore/RestoreModule.swift",
				"$(SRCROOT)/Wallet/Core/Protocols.swift",
			);
			name = Cuckoo;
			outputPaths = (
			);
			runOnlyForDeploymentPostprocessing = 0;
			shellPath = /bin/sh;
			shellScript = "# Define output file. Change \"$PROJECT_DIR/${PROJECT_NAME}Tests\" to your test's root source folder, if it's not the default name.\nOUTPUT_FILE=\"$PROJECT_DIR/${PROJECT_NAME}Tests/GeneratedMocks.swift\"\necho \"Generated Mocks File = $OUTPUT_FILE\"\n\n# Define input directory. Change \"${PROJECT_DIR}/${PROJECT_NAME}\" to your project's root source folder, if it's not the default name.\nINPUT_DIR=\"${PROJECT_DIR}/${PROJECT_NAME}\"\necho \"Mocks Input Directory = $INPUT_DIR\"\n\n# Generate mock files, include as many input files as you'd like to create mocks for.\n\"${PODS_ROOT}/Cuckoo/run\" generate --testable \"$PROJECT_NAME\" \\\n--output \"${OUTPUT_FILE}\"";
		};
		DCE6F9B7C8E4F220A38B8B4D /* [CP] Embed Pods Frameworks */ = {
			isa = PBXShellScriptBuildPhase;
			buildActionMask = 2147483647;
			files = (
			);
			inputPaths = (
				"${SRCROOT}/../Pods/Target Support Files/Pods-WalletTests/Pods-WalletTests-frameworks.sh",
				"${BUILT_PRODUCTS_DIR}/Cuckoo/Cuckoo.framework",
			);
			name = "[CP] Embed Pods Frameworks";
			outputPaths = (
				"${TARGET_BUILD_DIR}/${FRAMEWORKS_FOLDER_PATH}/Cuckoo.framework",
			);
			runOnlyForDeploymentPostprocessing = 0;
			shellPath = /bin/sh;
			shellScript = "\"${SRCROOT}/../Pods/Target Support Files/Pods-WalletTests/Pods-WalletTests-frameworks.sh\"\n";
			showEnvVarsInLog = 0;
		};
/* End PBXShellScriptBuildPhase section */

/* Begin PBXSourcesBuildPhase section */
		D3285F3E20BD158E00644076 /* Sources */ = {
			isa = PBXSourcesBuildPhase;
			buildActionMask = 2147483647;
			files = (
				D3285F4820BD158E00644076 /* ViewController.swift in Sources */,
				D3285F4620BD158E00644076 /* AppDelegate.swift in Sources */,
				11B352F241E85176E38286FF /* NetworkManager.swift in Sources */,
				D348A77220C7C58900803B9E /* BackupIntroController.swift in Sources */,
				D3B62A9220CA467E005A9F80 /* TransactionsViewController.swift in Sources */,
				11B35E0E5714E8A2F4B2D2E7 /* UnspentOutput.swift in Sources */,
				11B35BBF5B172D88906E2605 /* UnspentOutputData.swift in Sources */,
				D3B62A9620CA46EB005A9F80 /* SettingsViewController.swift in Sources */,
				D348A76E20C7C44500803B9E /* BackupNavigationController.swift in Sources */,
				D3B62A8A20CA40DC005A9F80 /* MainViewController.swift in Sources */,
				11B353DE19A64319CBE588D9 /* TransactionCell.swift in Sources */,
				D3B62A8E20CA436F005A9F80 /* WalletViewController.swift in Sources */,
				D3373DB920C564450082BC4A /* BackupWordsController.swift in Sources */,
				11B35799F8F13270FC63ADA5 /* Transaction.swift in Sources */,
				11B356949FB74ACE63ABB6E0 /* GuestViewController.swift in Sources */,
				D348A77620C7D34100803B9E /* BackupConfirmationController.swift in Sources */,
				11B350021803A9BE10492F30 /* GuestRouter.swift in Sources */,
				D3373DCE20C6B21C0082BC4A /* RestoreViewController.swift in Sources */,
				11B3531C51A0413CE9E255F2 /* GuestPresenter.swift in Sources */,
				11B35BCBBF60CA8A041E97B0 /* BackupRouter.swift in Sources */,
				11B35E9C0E8F38C063A48367 /* BackupPresenter.swift in Sources */,
				11B35F56DE01B03CCFB49E32 /* BackupInteractor.swift in Sources */,
				11B35BCEC18400181DF64491 /* RestoreRouter.swift in Sources */,
				11B353288472DE6900D80937 /* RestoreInteractor.swift in Sources */,
				11B3546128004E2E5F3CD23A /* RestorePresenter.swift in Sources */,
				11B35DA379AE43A774D84246 /* BackupModule.swift in Sources */,
				11B35DD6FFE1E112E9FCC63E /* GuestModule.swift in Sources */,
				11B35BFADC930EF5007A177F /* RestoreModule.swift in Sources */,
				11B353814993068D6DD2E3D6 /* MainModule.swift in Sources */,
				11B35A9409FD0D29BCFF7CC6 /* MainRouter.swift in Sources */,
				11B35B69063AB2169EE50580 /* MainPresenter.swift in Sources */,
				11B35B13C3F8532568AE83E5 /* WalletModule.swift in Sources */,
				11B35BA21EAB383C3DE6FA5A /* WalletRouter.swift in Sources */,
				11B35CBAB5F1BF7AAF6543A3 /* WalletPresenter.swift in Sources */,
				11B35B99F2CB665E76E66A91 /* TransactionsRouter.swift in Sources */,
				11B3538BCEB71A64DB75C141 /* TransactionsPresenter.swift in Sources */,
				11B35CCB29E73CAB6D26C949 /* TransactionsModule.swift in Sources */,
				11B352919DB96F08A6CD6885 /* SettingsModule.swift in Sources */,
				11B357613EB9379724943733 /* SettingsPresenter.swift in Sources */,
				11B358FC0506C474AED7C3AA /* SettingsRouter.swift in Sources */,
				11B3522E2CF47724A4ECD9CE /* UIColor.swift in Sources */,
				11B3586C585791EA7ADD161E /* LocalizationHelper.swift in Sources */,
				11B3538285F6775A3BDA1B22 /* String.swift in Sources */,
				11B3595FAD092F8BA57DC3D9 /* Factory.swift in Sources */,
				11B3594A00EC93E25A74453C /* RandomGenerator.swift in Sources */,
				11B3533BAE411BA1AD3C233C /* MnemonicManager.swift in Sources */,
				11B354D04599199832DDAC94 /* Protocols.swift in Sources */,
				11B35B3D57BC0A2E01C41F77 /* WalletData.swift in Sources */,
				11B353C572FF69AE6B444AA9 /* StubWalletDataProvider.swift in Sources */,
			);
			runOnlyForDeploymentPostprocessing = 0;
		};
		D3373DBB20C658660082BC4A /* Sources */ = {
			isa = PBXSourcesBuildPhase;
			buildActionMask = 2147483647;
			files = (
				D3373DCB20C67B5B0082BC4A /* GeneratedMocks.swift in Sources */,
				11B350EBB160E6A0C679BD3C /* GuestPresenterTests.swift in Sources */,
				11B358A760BD438603221A95 /* BackupInteractorTests.swift in Sources */,
				11B35199B905F813F626AD3C /* BackupPresenterTests.swift in Sources */,
				11B356C850CF9D3ED8AB8F31 /* RestoreInteractorTests.swift in Sources */,
			);
			runOnlyForDeploymentPostprocessing = 0;
		};
/* End PBXSourcesBuildPhase section */

/* Begin PBXTargetDependency section */
		D3373DC520C658660082BC4A /* PBXTargetDependency */ = {
			isa = PBXTargetDependency;
			target = D3285F4120BD158E00644076 /* Wallet */;
			targetProxy = D3373DC420C658660082BC4A /* PBXContainerItemProxy */;
		};
/* End PBXTargetDependency section */

/* Begin PBXVariantGroup section */
		D3B62A9C20CA73A0005A9F80 /* Localizable.strings */ = {
			isa = PBXVariantGroup;
			children = (
				D3B62A9B20CA73A0005A9F80 /* en */,
			);
			name = Localizable.strings;
			sourceTree = "<group>";
		};
/* End PBXVariantGroup section */

/* Begin XCBuildConfiguration section */
		D3285F5220BD158F00644076 /* Debug */ = {
			isa = XCBuildConfiguration;
			buildSettings = {
				ALWAYS_SEARCH_USER_PATHS = NO;
				CLANG_ANALYZER_NONNULL = YES;
				CLANG_ANALYZER_NUMBER_OBJECT_CONVERSION = YES_AGGRESSIVE;
				CLANG_CXX_LANGUAGE_STANDARD = "gnu++14";
				CLANG_CXX_LIBRARY = "libc++";
				CLANG_ENABLE_MODULES = YES;
				CLANG_ENABLE_OBJC_ARC = YES;
				CLANG_ENABLE_OBJC_WEAK = YES;
				CLANG_WARN_BLOCK_CAPTURE_AUTORELEASING = YES;
				CLANG_WARN_BOOL_CONVERSION = YES;
				CLANG_WARN_COMMA = YES;
				CLANG_WARN_CONSTANT_CONVERSION = YES;
				CLANG_WARN_DEPRECATED_OBJC_IMPLEMENTATIONS = YES;
				CLANG_WARN_DIRECT_OBJC_ISA_USAGE = YES_ERROR;
				CLANG_WARN_DOCUMENTATION_COMMENTS = YES;
				CLANG_WARN_EMPTY_BODY = YES;
				CLANG_WARN_ENUM_CONVERSION = YES;
				CLANG_WARN_INFINITE_RECURSION = YES;
				CLANG_WARN_INT_CONVERSION = YES;
				CLANG_WARN_NON_LITERAL_NULL_CONVERSION = YES;
				CLANG_WARN_OBJC_IMPLICIT_RETAIN_SELF = YES;
				CLANG_WARN_OBJC_LITERAL_CONVERSION = YES;
				CLANG_WARN_OBJC_ROOT_CLASS = YES_ERROR;
				CLANG_WARN_RANGE_LOOP_ANALYSIS = YES;
				CLANG_WARN_STRICT_PROTOTYPES = YES;
				CLANG_WARN_SUSPICIOUS_MOVE = YES;
				CLANG_WARN_UNGUARDED_AVAILABILITY = YES_AGGRESSIVE;
				CLANG_WARN_UNREACHABLE_CODE = YES;
				CLANG_WARN__DUPLICATE_METHOD_MATCH = YES;
				CODE_SIGN_IDENTITY = "iPhone Developer";
				COPY_PHASE_STRIP = NO;
				DEBUG_INFORMATION_FORMAT = dwarf;
				ENABLE_BITCODE = NO;
				ENABLE_STRICT_OBJC_MSGSEND = YES;
				ENABLE_TESTABILITY = YES;
				GCC_C_LANGUAGE_STANDARD = gnu11;
				GCC_DYNAMIC_NO_PIC = NO;
				GCC_NO_COMMON_BLOCKS = YES;
				GCC_OPTIMIZATION_LEVEL = 0;
				GCC_PREPROCESSOR_DEFINITIONS = (
					"DEBUG=1",
					"$(inherited)",
				);
				GCC_WARN_64_TO_32_BIT_CONVERSION = YES;
				GCC_WARN_ABOUT_RETURN_TYPE = YES_ERROR;
				GCC_WARN_UNDECLARED_SELECTOR = YES;
				GCC_WARN_UNINITIALIZED_AUTOS = YES_AGGRESSIVE;
				GCC_WARN_UNUSED_FUNCTION = YES;
				GCC_WARN_UNUSED_VARIABLE = YES;
				IPHONEOS_DEPLOYMENT_TARGET = 11.0;
				MTL_ENABLE_DEBUG_INFO = YES;
				ONLY_ACTIVE_ARCH = YES;
				SDKROOT = iphoneos;
				SWIFT_ACTIVE_COMPILATION_CONDITIONS = DEBUG;
				SWIFT_OPTIMIZATION_LEVEL = "-Onone";
			};
			name = Debug;
		};
		D3285F5320BD158F00644076 /* Release */ = {
			isa = XCBuildConfiguration;
			buildSettings = {
				ALWAYS_SEARCH_USER_PATHS = NO;
				CLANG_ANALYZER_NONNULL = YES;
				CLANG_ANALYZER_NUMBER_OBJECT_CONVERSION = YES_AGGRESSIVE;
				CLANG_CXX_LANGUAGE_STANDARD = "gnu++14";
				CLANG_CXX_LIBRARY = "libc++";
				CLANG_ENABLE_MODULES = YES;
				CLANG_ENABLE_OBJC_ARC = YES;
				CLANG_ENABLE_OBJC_WEAK = YES;
				CLANG_WARN_BLOCK_CAPTURE_AUTORELEASING = YES;
				CLANG_WARN_BOOL_CONVERSION = YES;
				CLANG_WARN_COMMA = YES;
				CLANG_WARN_CONSTANT_CONVERSION = YES;
				CLANG_WARN_DEPRECATED_OBJC_IMPLEMENTATIONS = YES;
				CLANG_WARN_DIRECT_OBJC_ISA_USAGE = YES_ERROR;
				CLANG_WARN_DOCUMENTATION_COMMENTS = YES;
				CLANG_WARN_EMPTY_BODY = YES;
				CLANG_WARN_ENUM_CONVERSION = YES;
				CLANG_WARN_INFINITE_RECURSION = YES;
				CLANG_WARN_INT_CONVERSION = YES;
				CLANG_WARN_NON_LITERAL_NULL_CONVERSION = YES;
				CLANG_WARN_OBJC_IMPLICIT_RETAIN_SELF = YES;
				CLANG_WARN_OBJC_LITERAL_CONVERSION = YES;
				CLANG_WARN_OBJC_ROOT_CLASS = YES_ERROR;
				CLANG_WARN_RANGE_LOOP_ANALYSIS = YES;
				CLANG_WARN_STRICT_PROTOTYPES = YES;
				CLANG_WARN_SUSPICIOUS_MOVE = YES;
				CLANG_WARN_UNGUARDED_AVAILABILITY = YES_AGGRESSIVE;
				CLANG_WARN_UNREACHABLE_CODE = YES;
				CLANG_WARN__DUPLICATE_METHOD_MATCH = YES;
				CODE_SIGN_IDENTITY = "iPhone Developer";
				COPY_PHASE_STRIP = NO;
				DEBUG_INFORMATION_FORMAT = "dwarf-with-dsym";
				ENABLE_BITCODE = NO;
				ENABLE_NS_ASSERTIONS = NO;
				ENABLE_STRICT_OBJC_MSGSEND = YES;
				GCC_C_LANGUAGE_STANDARD = gnu11;
				GCC_NO_COMMON_BLOCKS = YES;
				GCC_WARN_64_TO_32_BIT_CONVERSION = YES;
				GCC_WARN_ABOUT_RETURN_TYPE = YES_ERROR;
				GCC_WARN_UNDECLARED_SELECTOR = YES;
				GCC_WARN_UNINITIALIZED_AUTOS = YES_AGGRESSIVE;
				GCC_WARN_UNUSED_FUNCTION = YES;
				GCC_WARN_UNUSED_VARIABLE = YES;
				IPHONEOS_DEPLOYMENT_TARGET = 11.0;
				MTL_ENABLE_DEBUG_INFO = NO;
				SDKROOT = iphoneos;
				SWIFT_COMPILATION_MODE = wholemodule;
				SWIFT_OPTIMIZATION_LEVEL = "-O";
				VALIDATE_PRODUCT = YES;
			};
			name = Release;
		};
		D3285F5520BD158F00644076 /* Debug */ = {
			isa = XCBuildConfiguration;
			baseConfigurationReference = E0167CDDDE72AD25821A2E28 /* Pods-Wallet.debug.xcconfig */;
			buildSettings = {
				ASSETCATALOG_COMPILER_APPICON_NAME = AppIcon;
				CLANG_ENABLE_MODULES = YES;
				CODE_SIGN_IDENTITY = "iPhone Developer";
				CODE_SIGN_STYLE = Manual;
				CURRENT_PROJECT_VERSION = 1;
				DEVELOPMENT_TEAM = 72234W6E3D;
				FRAMEWORK_SEARCH_PATHS = (
					"$(inherited)",
					"$(PROJECT_DIR)/Wallet",
					"$(PROJECT_DIR)",
				);
				INFOPLIST_FILE = Wallet/Info.plist;
				LD_RUNPATH_SEARCH_PATHS = (
					"$(inherited)",
					"@executable_path/Frameworks",
				);
				PRODUCT_BUNDLE_IDENTIFIER = bitcoin.wallet.dev;
				PRODUCT_NAME = "$(TARGET_NAME)";
				PROVISIONING_PROFILE_SPECIFIER = "bitcoin.wallet.dev Dev";
				SWIFT_OBJC_BRIDGING_HEADER = "Wallet/Wallet-Bridging-Header.h";
				SWIFT_OPTIMIZATION_LEVEL = "-Onone";
				SWIFT_VERSION = 4.0;
				TARGETED_DEVICE_FAMILY = 1;
				VERSIONING_SYSTEM = "apple-generic";
			};
			name = Debug;
		};
		D3285F5620BD158F00644076 /* Release */ = {
			isa = XCBuildConfiguration;
			baseConfigurationReference = 4F3A4A0A241140A2DC4D2F82 /* Pods-Wallet.release.xcconfig */;
			buildSettings = {
				ASSETCATALOG_COMPILER_APPICON_NAME = AppIcon;
				CLANG_ENABLE_MODULES = YES;
				CODE_SIGN_IDENTITY = "iPhone Distribution";
				CODE_SIGN_STYLE = Manual;
				CURRENT_PROJECT_VERSION = 1;
				DEVELOPMENT_TEAM = 72234W6E3D;
				FRAMEWORK_SEARCH_PATHS = (
					"$(inherited)",
					"$(PROJECT_DIR)/Wallet",
					"$(PROJECT_DIR)",
				);
				INFOPLIST_FILE = Wallet/Info.plist;
				LD_RUNPATH_SEARCH_PATHS = (
					"$(inherited)",
					"@executable_path/Frameworks",
				);
				PRODUCT_BUNDLE_IDENTIFIER = bitcoin.wallet.dev;
				PRODUCT_NAME = "$(TARGET_NAME)";
				PROVISIONING_PROFILE_SPECIFIER = "bitcoin.wallet.dev AdHoc";
				SWIFT_OBJC_BRIDGING_HEADER = "Wallet/Wallet-Bridging-Header.h";
				SWIFT_VERSION = 4.0;
				TARGETED_DEVICE_FAMILY = 1;
				VERSIONING_SYSTEM = "apple-generic";
			};
			name = Release;
		};
		D3373DC720C658660082BC4A /* Debug */ = {
			isa = XCBuildConfiguration;
			baseConfigurationReference = 1B628DAA2C534A9B1242BE36 /* Pods-WalletTests.debug.xcconfig */;
			buildSettings = {
				BUNDLE_LOADER = "$(TEST_HOST)";
				CODE_SIGN_IDENTITY = "iPhone Developer";
				CODE_SIGN_STYLE = Automatic;
				DEVELOPMENT_TEAM = 72234W6E3D;
				INFOPLIST_FILE = WalletTests/Info.plist;
				LD_RUNPATH_SEARCH_PATHS = (
					"$(inherited)",
					"@executable_path/Frameworks",
					"@loader_path/Frameworks",
				);
				PRODUCT_BUNDLE_IDENTIFIER = im.grouvi.WalletTests;
				PRODUCT_NAME = "$(TARGET_NAME)";
				PROVISIONING_PROFILE_SPECIFIER = "";
				SWIFT_VERSION = 4.0;
				TARGETED_DEVICE_FAMILY = "1,2";
				TEST_HOST = "$(BUILT_PRODUCTS_DIR)/Wallet.app/Wallet";
			};
			name = Debug;
		};
		D3373DC820C658660082BC4A /* Release */ = {
			isa = XCBuildConfiguration;
			baseConfigurationReference = FBB4716F707E0CDB8833815B /* Pods-WalletTests.release.xcconfig */;
			buildSettings = {
				BUNDLE_LOADER = "$(TEST_HOST)";
				CODE_SIGN_IDENTITY = "iPhone Developer";
				CODE_SIGN_STYLE = Automatic;
				DEVELOPMENT_TEAM = 72234W6E3D;
				INFOPLIST_FILE = WalletTests/Info.plist;
				LD_RUNPATH_SEARCH_PATHS = (
					"$(inherited)",
					"@executable_path/Frameworks",
					"@loader_path/Frameworks",
				);
				PRODUCT_BUNDLE_IDENTIFIER = im.grouvi.WalletTests;
				PRODUCT_NAME = "$(TARGET_NAME)";
				PROVISIONING_PROFILE_SPECIFIER = "";
				SWIFT_VERSION = 4.0;
				TARGETED_DEVICE_FAMILY = "1,2";
				TEST_HOST = "$(BUILT_PRODUCTS_DIR)/Wallet.app/Wallet";
			};
			name = Release;
		};
/* End XCBuildConfiguration section */

/* Begin XCConfigurationList section */
		D3285F3D20BD158E00644076 /* Build configuration list for PBXProject "Wallet" */ = {
			isa = XCConfigurationList;
			buildConfigurations = (
				D3285F5220BD158F00644076 /* Debug */,
				D3285F5320BD158F00644076 /* Release */,
			);
			defaultConfigurationIsVisible = 0;
			defaultConfigurationName = Release;
		};
		D3285F5420BD158F00644076 /* Build configuration list for PBXNativeTarget "Wallet" */ = {
			isa = XCConfigurationList;
			buildConfigurations = (
				D3285F5520BD158F00644076 /* Debug */,
				D3285F5620BD158F00644076 /* Release */,
			);
			defaultConfigurationIsVisible = 0;
			defaultConfigurationName = Release;
		};
		D3373DC620C658660082BC4A /* Build configuration list for PBXNativeTarget "WalletTests" */ = {
			isa = XCConfigurationList;
			buildConfigurations = (
				D3373DC720C658660082BC4A /* Debug */,
				D3373DC820C658660082BC4A /* Release */,
			);
			defaultConfigurationIsVisible = 0;
			defaultConfigurationName = Release;
		};
/* End XCConfigurationList section */
	};
	rootObject = D3285F3A20BD158E00644076 /* Project object */;
}
